// !$*UTF8*$!
{
	archiveVersion = 1;
	classes = {
	};
	objectVersion = 46;
	objects = {

/* Begin PBXBuildFile section */
		5A1FBB4A14D7673E00F46CEB /* SenTestingKit.framework in Frameworks */ = {isa = PBXBuildFile; fileRef = 5A4D2BF814D75F46006B7152 /* SenTestingKit.framework */; };
		5A1FBB4B14D7673E00F46CEB /* UIKit.framework in Frameworks */ = {isa = PBXBuildFile; fileRef = 5A3A727414C6949000ED25DE /* UIKit.framework */; };
		5A1FBB4C14D7673E00F46CEB /* Foundation.framework in Frameworks */ = {isa = PBXBuildFile; fileRef = 5A3A727614C6949000ED25DE /* Foundation.framework */; };
		5A1FBB5214D7673E00F46CEB /* InfoPlist.strings in Resources */ = {isa = PBXBuildFile; fileRef = 5A1FBB5014D7673E00F46CEB /* InfoPlist.strings */; };
		5A1FBB6214D768E400F46CEB /* ModelMapperSpec.m in Sources */ = {isa = PBXBuildFile; fileRef = 5A1FBB6114D768E400F46CEB /* ModelMapperSpec.m */; };
		5A1FBB6414D7699400F46CEB /* libKiwi.a in Frameworks */ = {isa = PBXBuildFile; fileRef = 5A1FBB6314D7699400F46CEB /* libKiwi.a */; };
		5A2E48B715106E1B003BEC1C /* UIImage+Alpha.m in Sources */ = {isa = PBXBuildFile; fileRef = 5A6EB3C314C8B1C7001A80E2 /* UIImage+Alpha.m */; };
		5A2E48B815106E1B003BEC1C /* UIImage+Resize.m in Sources */ = {isa = PBXBuildFile; fileRef = 5A6EB3C514C8B1C7001A80E2 /* UIImage+Resize.m */; };
		5A2E48B915106E1B003BEC1C /* UIImage+RoundedCorner.m in Sources */ = {isa = PBXBuildFile; fileRef = 5A6EB3C714C8B1C7001A80E2 /* UIImage+RoundedCorner.m */; };
		5A3743C414D75CCB00C95976 /* NSObject+SBJson.m in Sources */ = {isa = PBXBuildFile; fileRef = 5A3743AC14D75CCB00C95976 /* NSObject+SBJson.m */; };
		5A3743C514D75CCB00C95976 /* SBJsonParser.m in Sources */ = {isa = PBXBuildFile; fileRef = 5A3743AF14D75CCB00C95976 /* SBJsonParser.m */; };
		5A3743C614D75CCB00C95976 /* SBJsonStreamParser.m in Sources */ = {isa = PBXBuildFile; fileRef = 5A3743B114D75CCB00C95976 /* SBJsonStreamParser.m */; };
		5A3743C714D75CCB00C95976 /* SBJsonStreamParserAccumulator.m in Sources */ = {isa = PBXBuildFile; fileRef = 5A3743B314D75CCB00C95976 /* SBJsonStreamParserAccumulator.m */; };
		5A3743C814D75CCB00C95976 /* SBJsonStreamParserAdapter.m in Sources */ = {isa = PBXBuildFile; fileRef = 5A3743B514D75CCB00C95976 /* SBJsonStreamParserAdapter.m */; };
		5A3743C914D75CCB00C95976 /* SBJsonStreamParserState.m in Sources */ = {isa = PBXBuildFile; fileRef = 5A3743B714D75CCB00C95976 /* SBJsonStreamParserState.m */; };
		5A3743CA14D75CCB00C95976 /* SBJsonStreamWriter.m in Sources */ = {isa = PBXBuildFile; fileRef = 5A3743B914D75CCB00C95976 /* SBJsonStreamWriter.m */; };
		5A3743CB14D75CCB00C95976 /* SBJsonStreamWriterAccumulator.m in Sources */ = {isa = PBXBuildFile; fileRef = 5A3743BB14D75CCB00C95976 /* SBJsonStreamWriterAccumulator.m */; };
		5A3743CC14D75CCB00C95976 /* SBJsonStreamWriterState.m in Sources */ = {isa = PBXBuildFile; fileRef = 5A3743BD14D75CCB00C95976 /* SBJsonStreamWriterState.m */; };
		5A3743CD14D75CCB00C95976 /* SBJsonTokeniser.m in Sources */ = {isa = PBXBuildFile; fileRef = 5A3743BF14D75CCB00C95976 /* SBJsonTokeniser.m */; };
		5A3743CE14D75CCB00C95976 /* SBJsonUTF8Stream.m in Sources */ = {isa = PBXBuildFile; fileRef = 5A3743C114D75CCB00C95976 /* SBJsonUTF8Stream.m */; };
		5A3743CF14D75CCB00C95976 /* SBJsonWriter.m in Sources */ = {isa = PBXBuildFile; fileRef = 5A3743C314D75CCB00C95976 /* SBJsonWriter.m */; };
		5A3A727514C6949000ED25DE /* UIKit.framework in Frameworks */ = {isa = PBXBuildFile; fileRef = 5A3A727414C6949000ED25DE /* UIKit.framework */; };
		5A3A727714C6949000ED25DE /* Foundation.framework in Frameworks */ = {isa = PBXBuildFile; fileRef = 5A3A727614C6949000ED25DE /* Foundation.framework */; };
		5A3A727914C6949000ED25DE /* CoreGraphics.framework in Frameworks */ = {isa = PBXBuildFile; fileRef = 5A3A727814C6949000ED25DE /* CoreGraphics.framework */; };
		5A3A727B14C6949000ED25DE /* CoreData.framework in Frameworks */ = {isa = PBXBuildFile; fileRef = 5A3A727A14C6949000ED25DE /* CoreData.framework */; };
		5A3A728114C6949000ED25DE /* InfoPlist.strings in Resources */ = {isa = PBXBuildFile; fileRef = 5A3A727F14C6949000ED25DE /* InfoPlist.strings */; };
		5A3A728314C6949000ED25DE /* main.m in Sources */ = {isa = PBXBuildFile; fileRef = 5A3A728214C6949000ED25DE /* main.m */; };
		5A3A728714C6949000ED25DE /* USTAppDelegate.m in Sources */ = {isa = PBXBuildFile; fileRef = 5A3A728614C6949000ED25DE /* USTAppDelegate.m */; };
		5A3A728A14C6949000ED25DE /* MainStoryboard.storyboard in Resources */ = {isa = PBXBuildFile; fileRef = 5A3A728814C6949000ED25DE /* MainStoryboard.storyboard */; };
		5A3A728D14C6949000ED25DE /* uSnap.xcdatamodeld in Sources */ = {isa = PBXBuildFile; fileRef = 5A3A728B14C6949000ED25DE /* uSnap.xcdatamodeld */; };
		5A3A729E14C6954300ED25DE /* CameraViewController.m in Sources */ = {isa = PBXBuildFile; fileRef = 5A3A729D14C6954300ED25DE /* CameraViewController.m */; };
		5A3A72A114C6961300ED25DE /* SplashViewController.m in Sources */ = {isa = PBXBuildFile; fileRef = 5A3A72A014C6961300ED25DE /* SplashViewController.m */; };
		5A3A72B814C69C0100ED25DE /* CoreLocation.framework in Frameworks */ = {isa = PBXBuildFile; fileRef = 5A3A72B714C69C0100ED25DE /* CoreLocation.framework */; };
		5A3A72BC14C69C3C00ED25DE /* LocationHandler.m in Sources */ = {isa = PBXBuildFile; fileRef = 5A3A72BB14C69C3C00ED25DE /* LocationHandler.m */; };
		5A3A72BF14C69EA300ED25DE /* Picture.m in Sources */ = {isa = PBXBuildFile; fileRef = 5A3A72BE14C69EA300ED25DE /* Picture.m */; };
		5A60C30114D8A10F00B9B7E0 /* EventSpecs.m in Sources */ = {isa = PBXBuildFile; fileRef = 5A60C30014D8A10F00B9B7E0 /* EventSpecs.m */; };
		5A669E6114D9021400630FD6 /* UIImage+fixOrientation.m in Sources */ = {isa = PBXBuildFile; fileRef = 5A669E6014D9021400630FD6 /* UIImage+fixOrientation.m */; };
		5A6EB3C114C8AFE3001A80E2 /* QuartzCore.framework in Frameworks */ = {isa = PBXBuildFile; fileRef = 5A6EB3C014C8AFE3001A80E2 /* QuartzCore.framework */; };
		5A7EC6A114C7A71A00B39893 /* AVFoundation.framework in Frameworks */ = {isa = PBXBuildFile; fileRef = 5A7EC6A014C7A71A00B39893 /* AVFoundation.framework */; };
		5A8001EF14F38F1000C8D04A /* PhotoProgressView.m in Sources */ = {isa = PBXBuildFile; fileRef = 5A8001EE14F38F1000C8D04A /* PhotoProgressView.m */; };
		5A88829914D620AB00373FF0 /* EventPinView.m in Sources */ = {isa = PBXBuildFile; fileRef = 5A88829814D620AB00373FF0 /* EventPinView.m */; };
		5A88829C14D62EDC00373FF0 /* AddCodeViewController.m in Sources */ = {isa = PBXBuildFile; fileRef = 5A88829B14D62EDC00373FF0 /* AddCodeViewController.m */; };
		5A88829F14D640D000373FF0 /* YourDetailsViewController.m in Sources */ = {isa = PBXBuildFile; fileRef = 5A88829E14D640D000373FF0 /* YourDetailsViewController.m */; };
		5A8882AE14D6904400373FF0 /* ServerRegistrationManager.m in Sources */ = {isa = PBXBuildFile; fileRef = 5A8882AD14D6904400373FF0 /* ServerRegistrationManager.m */; };
		5A8882B614D693E700373FF0 /* KeychainItemWrapper.m in Sources */ = {isa = PBXBuildFile; fileRef = 5A8882B514D693E700373FF0 /* KeychainItemWrapper.m */; };
		5A8882B814D6965E00373FF0 /* Security.framework in Frameworks */ = {isa = PBXBuildFile; fileRef = 5A8882B714D6965E00373FF0 /* Security.framework */; };
		5A8882BB14D69FED00373FF0 /* NSString+UrlEncoding.m in Sources */ = {isa = PBXBuildFile; fileRef = 5A8882BA14D69FED00373FF0 /* NSString+UrlEncoding.m */; };
		5A8971AC14C9789C00AAB2B4 /* TimelineViewController.m in Sources */ = {isa = PBXBuildFile; fileRef = 5A8971AB14C9789C00AAB2B4 /* TimelineViewController.m */; };
		5A8971AF14C978F600AAB2B4 /* EventSettingsViewController.m in Sources */ = {isa = PBXBuildFile; fileRef = 5A8971AE14C978F600AAB2B4 /* EventSettingsViewController.m */; };
		5A8971B214C97A4400AAB2B4 /* SlideFromLeftSegue.m in Sources */ = {isa = PBXBuildFile; fileRef = 5A8971B114C97A4400AAB2B4 /* SlideFromLeftSegue.m */; };
		5A8F05C414E907E10004614F /* iphone_icon.png in Resources */ = {isa = PBXBuildFile; fileRef = 5A8F05C314E907E10004614F /* iphone_icon.png */; };
		5A8F05C614E907E50004614F /* iphone_retina_icon.png in Resources */ = {isa = PBXBuildFile; fileRef = 5A8F05C514E907E50004614F /* iphone_retina_icon.png */; };
		5AACD5F214F77F64008FB005 /* cancel-button.png in Resources */ = {isa = PBXBuildFile; fileRef = 5AACD5F014F77F64008FB005 /* cancel-button.png */; };
		5AACD5F314F77F64008FB005 /* error.png in Resources */ = {isa = PBXBuildFile; fileRef = 5AACD5F114F77F64008FB005 /* error.png */; };
		5AAE700B14E79F4900DF8D9D /* check_selected.png in Resources */ = {isa = PBXBuildFile; fileRef = 5AAE700714E79F4900DF8D9D /* check_selected.png */; };
		5AAE700C14E79F4900DF8D9D /* check_unselected.png in Resources */ = {isa = PBXBuildFile; fileRef = 5AAE700814E79F4900DF8D9D /* check_unselected.png */; };
		5AAE700D14E79F4900DF8D9D /* code_arrow.png in Resources */ = {isa = PBXBuildFile; fileRef = 5AAE700914E79F4900DF8D9D /* code_arrow.png */; };
		5AAE700E14E79F4900DF8D9D /* details_arrow.png in Resources */ = {isa = PBXBuildFile; fileRef = 5AAE700A14E79F4900DF8D9D /* details_arrow.png */; };
		5ABC018D14C96CA300292CA1 /* ASIAuthenticationDialog.m in Sources */ = {isa = PBXBuildFile; fileRef = 5ABC014614C96CA200292CA1 /* ASIAuthenticationDialog.m */; };
		5ABC018E14C96CA300292CA1 /* ASIInputStream.m in Sources */ = {isa = PBXBuildFile; fileRef = 5ABC014814C96CA200292CA1 /* ASIInputStream.m */; };
		5ABC018F14C96CA300292CA1 /* ASIFormDataRequest.m in Sources */ = {isa = PBXBuildFile; fileRef = 5ABC014A14C96CA200292CA1 /* ASIFormDataRequest.m */; };
		5ABC019014C96CA300292CA1 /* ASIHTTPRequest.m in Sources */ = {isa = PBXBuildFile; fileRef = 5ABC014C14C96CA200292CA1 /* ASIHTTPRequest.m */; };
		5ABC019114C96CA300292CA1 /* ASINetworkQueue.m in Sources */ = {isa = PBXBuildFile; fileRef = 5ABC014E14C96CA200292CA1 /* ASINetworkQueue.m */; };
		5ABC019214C96CA300292CA1 /* ASIDownloadCache.m in Sources */ = {isa = PBXBuildFile; fileRef = 5ABC015014C96CA200292CA1 /* ASIDownloadCache.m */; };
		5ABC019314C96CA300292CA1 /* ASIDataDecompressor.m in Sources */ = {isa = PBXBuildFile; fileRef = 5ABC015214C96CA200292CA1 /* ASIDataDecompressor.m */; };
		5ABC019414C96CA300292CA1 /* ASIDataCompressor.m in Sources */ = {isa = PBXBuildFile; fileRef = 5ABC015414C96CA200292CA1 /* ASIDataCompressor.m */; };
		5ABC019614C96CA300292CA1 /* ASIS3Bucket.m in Sources */ = {isa = PBXBuildFile; fileRef = 5ABC015C14C96CA200292CA1 /* ASIS3Bucket.m */; };
		5ABC019714C96CA300292CA1 /* ASIS3BucketRequest.m in Sources */ = {isa = PBXBuildFile; fileRef = 5ABC015E14C96CA200292CA1 /* ASIS3BucketRequest.m */; };
		5ABC019814C96CA300292CA1 /* ASIS3ObjectRequest.m in Sources */ = {isa = PBXBuildFile; fileRef = 5ABC016014C96CA200292CA1 /* ASIS3ObjectRequest.m */; };
		5ABC019914C96CA300292CA1 /* ASIS3ServiceRequest.m in Sources */ = {isa = PBXBuildFile; fileRef = 5ABC016214C96CA200292CA1 /* ASIS3ServiceRequest.m */; };
		5ABC019A14C96CA300292CA1 /* ASIS3BucketObject.m in Sources */ = {isa = PBXBuildFile; fileRef = 5ABC016414C96CA200292CA1 /* ASIS3BucketObject.m */; };
		5ABC019B14C96CA300292CA1 /* ASIS3Request.m in Sources */ = {isa = PBXBuildFile; fileRef = 5ABC016614C96CA200292CA1 /* ASIS3Request.m */; };
		5ABC019C14C96CA300292CA1 /* ASICloudFilesCDNRequest.m in Sources */ = {isa = PBXBuildFile; fileRef = 5ABC016814C96CA200292CA1 /* ASICloudFilesCDNRequest.m */; };
		5ABC019D14C96CA300292CA1 /* ASICloudFilesContainer.m in Sources */ = {isa = PBXBuildFile; fileRef = 5ABC016A14C96CA200292CA1 /* ASICloudFilesContainer.m */; };
		5ABC019E14C96CA300292CA1 /* ASICloudFilesContainerRequest.m in Sources */ = {isa = PBXBuildFile; fileRef = 5ABC016C14C96CA200292CA1 /* ASICloudFilesContainerRequest.m */; };
		5ABC019F14C96CA300292CA1 /* ASICloudFilesContainerXMLParserDelegate.m in Sources */ = {isa = PBXBuildFile; fileRef = 5ABC016E14C96CA200292CA1 /* ASICloudFilesContainerXMLParserDelegate.m */; };
		5ABC01A014C96CA300292CA1 /* ASICloudFilesObject.m in Sources */ = {isa = PBXBuildFile; fileRef = 5ABC017014C96CA200292CA1 /* ASICloudFilesObject.m */; };
		5ABC01A114C96CA300292CA1 /* ASICloudFilesObjectRequest.m in Sources */ = {isa = PBXBuildFile; fileRef = 5ABC017214C96CA200292CA1 /* ASICloudFilesObjectRequest.m */; };
		5ABC01A214C96CA300292CA1 /* ASICloudFilesRequest.m in Sources */ = {isa = PBXBuildFile; fileRef = 5ABC017414C96CA200292CA1 /* ASICloudFilesRequest.m */; };
		5ABC01B114C96CDC00292CA1 /* Reachability.m in Sources */ = {isa = PBXBuildFile; fileRef = 5ABC01B014C96CDC00292CA1 /* Reachability.m */; };
		5ABC01B314C96CEF00292CA1 /* libxml2.dylib in Frameworks */ = {isa = PBXBuildFile; fileRef = 5ABC01B214C96CEF00292CA1 /* libxml2.dylib */; };
		5ABC01B514C96D5400292CA1 /* CFNetwork.framework in Frameworks */ = {isa = PBXBuildFile; fileRef = 5ABC01B414C96D5400292CA1 /* CFNetwork.framework */; };
		5ABC01B714C96D5D00292CA1 /* SystemConfiguration.framework in Frameworks */ = {isa = PBXBuildFile; fileRef = 5ABC01B614C96D5D00292CA1 /* SystemConfiguration.framework */; };
		5ABC01B914C96D6700292CA1 /* MobileCoreServices.framework in Frameworks */ = {isa = PBXBuildFile; fileRef = 5ABC01B814C96D6700292CA1 /* MobileCoreServices.framework */; };
		5ABC01BB14C96D7100292CA1 /* libz.dylib in Frameworks */ = {isa = PBXBuildFile; fileRef = 5ABC01BA14C96D7100292CA1 /* libz.dylib */; };
		5ABF80C014E9BF31004789C0 /* stream-processing.png in Resources */ = {isa = PBXBuildFile; fileRef = 5ABF80BF14E9BF31004789C0 /* stream-processing.png */; };
		5AC7B8C114D54C3300ECA754 /* CoolButton.m in Sources */ = {isa = PBXBuildFile; fileRef = 5AC7B8C014D54C3300ECA754 /* CoolButton.m */; };
		5AC7B8C314D5565D00ECA754 /* stream-pen.png in Resources */ = {isa = PBXBuildFile; fileRef = 5AC7B8C214D5565D00ECA754 /* stream-pen.png */; };
		5ACB736714D6044C0042828B /* MapKit.framework in Frameworks */ = {isa = PBXBuildFile; fileRef = 5ACB736614D6044C0042828B /* MapKit.framework */; };
		5ACB736A14D609270042828B /* MKMapView+ZoomLevel.m in Sources */ = {isa = PBXBuildFile; fileRef = 5ACB736914D609270042828B /* MKMapView+ZoomLevel.m */; };
		5ACB737114D60F760042828B /* Event.m in Sources */ = {isa = PBXBuildFile; fileRef = 5ACB737014D60F760042828B /* Event.m */; };
		5AD0A28614D144280052B43F /* camera-back.png in Resources */ = {isa = PBXBuildFile; fileRef = 5AD0A27D14D144280052B43F /* camera-back.png */; };
		5AD0A28714D144280052B43F /* camera-cameraroll.png in Resources */ = {isa = PBXBuildFile; fileRef = 5AD0A27E14D144280052B43F /* camera-cameraroll.png */; };
		5AD0A28814D144280052B43F /* camera-flash.png in Resources */ = {isa = PBXBuildFile; fileRef = 5AD0A27F14D144280052B43F /* camera-flash.png */; };
		5AD0A28914D144280052B43F /* camera-location.png in Resources */ = {isa = PBXBuildFile; fileRef = 5AD0A28014D144280052B43F /* camera-location.png */; };
		5AD0A28A14D144280052B43F /* camera-rotate.png in Resources */ = {isa = PBXBuildFile; fileRef = 5AD0A28114D144280052B43F /* camera-rotate.png */; };
		5AD0A28B14D144280052B43F /* camera-shutter.png in Resources */ = {isa = PBXBuildFile; fileRef = 5AD0A28214D144280052B43F /* camera-shutter.png */; };
		5AD0A28C14D144280052B43F /* stream-bar.png in Resources */ = {isa = PBXBuildFile; fileRef = 5AD0A28314D144280052B43F /* stream-bar.png */; };
		5AD0A28D14D144280052B43F /* stream-camera.png in Resources */ = {isa = PBXBuildFile; fileRef = 5AD0A28414D144280052B43F /* stream-camera.png */; };
		5AD0A28E14D144280052B43F /* stream-location.png in Resources */ = {isa = PBXBuildFile; fileRef = 5AD0A28514D144280052B43F /* stream-location.png */; };
		5AD0A2A014D15C9D0052B43F /* PhotoStreamCell.m in Sources */ = {isa = PBXBuildFile; fileRef = 5AD0A29F14D15C9D0052B43F /* PhotoStreamCell.m */; };
		5AD3AC1D14D2A8A000C2B8A9 /* stream-location-middle.png in Resources */ = {isa = PBXBuildFile; fileRef = 5AD3AC1C14D2A8A000C2B8A9 /* stream-location-middle.png */; };
		5ADD340514D7E03600952C03 /* libOCMock.a in Frameworks */ = {isa = PBXBuildFile; fileRef = 5ADD340414D7E03600952C03 /* libOCMock.a */; };
		5ADD340914D7E58400952C03 /* ModelMapper.m in Sources */ = {isa = PBXBuildFile; fileRef = 5ADD340714D7E1CC00952C03 /* ModelMapper.m */; };
		5ADD346014D7EA6D00952C03 /* CoreData.framework in Frameworks */ = {isa = PBXBuildFile; fileRef = 5A3A727A14C6949000ED25DE /* CoreData.framework */; };
		5ADD346514D7ECAA00952C03 /* NSDate-Utilities.m in Sources */ = {isa = PBXBuildFile; fileRef = 5ADD346214D7ECAA00952C03 /* NSDate-Utilities.m */; };
		5ADD346614D7ECAA00952C03 /* TimeFormatters.m in Sources */ = {isa = PBXBuildFile; fileRef = 5ADD346414D7ECAA00952C03 /* TimeFormatters.m */; };
		5AE2E22214E27BFC00F83DDF /* image_placeholder.png in Resources */ = {isa = PBXBuildFile; fileRef = 5AE2E22114E27BFC00F83DDF /* image_placeholder.png */; };
		5AE2E22D14E2808600F83DDF /* libTestFlight.a in Frameworks */ = {isa = PBXBuildFile; fileRef = 5AE2E22B14E2808600F83DDF /* libTestFlight.a */; };
		5AE87DE914C80A9C00E16CCD /* Bello-Script.ttf in Resources */ = {isa = PBXBuildFile; fileRef = 5AE87DE514C80A9C00E16CCD /* Bello-Script.ttf */; };
		5AE87DEA14C80A9C00E16CCD /* Bello-ScriptLigatures.ttf in Resources */ = {isa = PBXBuildFile; fileRef = 5AE87DE614C80A9C00E16CCD /* Bello-ScriptLigatures.ttf */; };
		5AE87DEB14C80A9C00E16CCD /* Bello-SmCp.ttf in Resources */ = {isa = PBXBuildFile; fileRef = 5AE87DE714C80A9C00E16CCD /* Bello-SmCp.ttf */; };
		5AE87DEC14C80A9C00E16CCD /* Bello-WordsBody.ttf in Resources */ = {isa = PBXBuildFile; fileRef = 5AE87DE814C80A9C00E16CCD /* Bello-WordsBody.ttf */; };
		5AE87E9314C8174200E16CCD /* AssetsLibrary.framework in Frameworks */ = {isa = PBXBuildFile; fileRef = 5AE87E9214C8174200E16CCD /* AssetsLibrary.framework */; };
		5AE87E9514C818E300E16CCD /* CoreMedia.framework in Frameworks */ = {isa = PBXBuildFile; fileRef = 5AE87E9414C818E300E16CCD /* CoreMedia.framework */; };
		5AF77F0814CF4EF6000733E7 /* SlideFromRightSegue.m in Sources */ = {isa = PBXBuildFile; fileRef = 5AF77F0714CF4EF6000733E7 /* SlideFromRightSegue.m */; };
		5AF77F6814CFF38E000733E7 /* FileUploadHandler.m in Sources */ = {isa = PBXBuildFile; fileRef = 5AF77F6714CFF38E000733E7 /* FileUploadHandler.m */; };
		5AF77F6B14CFF3A6000733E7 /* PictureUpload.m in Sources */ = {isa = PBXBuildFile; fileRef = 5AF77F6A14CFF3A6000733E7 /* PictureUpload.m */; };
/* End PBXBuildFile section */

/* Begin PBXContainerItemProxy section */
		5A1FBB5A14D7676400F46CEB /* PBXContainerItemProxy */ = {
			isa = PBXContainerItemProxy;
			containerPortal = 5A3A726714C6949000ED25DE /* Project object */;
			proxyType = 1;
			remoteGlobalIDString = 5A3A726F14C6949000ED25DE;
			remoteInfo = uSnap.us;
		};
/* End PBXContainerItemProxy section */

/* Begin PBXFileReference section */
		5A1FBB4914D7673E00F46CEB /* uSnap.us-Tests.octest */ = {isa = PBXFileReference; explicitFileType = wrapper.cfbundle; includeInIndex = 0; path = "uSnap.us-Tests.octest"; sourceTree = BUILT_PRODUCTS_DIR; };
		5A1FBB4F14D7673E00F46CEB /* uSnap.us-Tests-Info.plist */ = {isa = PBXFileReference; lastKnownFileType = text.plist.xml; path = "uSnap.us-Tests-Info.plist"; sourceTree = "<group>"; };
		5A1FBB5114D7673E00F46CEB /* en */ = {isa = PBXFileReference; lastKnownFileType = text.plist.strings; name = en; path = en.lproj/InfoPlist.strings; sourceTree = "<group>"; };
		5A1FBB5614D7673E00F46CEB /* uSnap.us-Tests-Prefix.pch */ = {isa = PBXFileReference; lastKnownFileType = sourcecode.c.h; path = "uSnap.us-Tests-Prefix.pch"; sourceTree = "<group>"; };
		5A1FBB6114D768E400F46CEB /* ModelMapperSpec.m */ = {isa = PBXFileReference; fileEncoding = 4; lastKnownFileType = sourcecode.c.objc; path = ModelMapperSpec.m; sourceTree = "<group>"; };
		5A1FBB6314D7699400F46CEB /* libKiwi.a */ = {isa = PBXFileReference; lastKnownFileType = archive.ar; name = libKiwi.a; path = "Kiwi/build/Release-iphoneos/libKiwi.a"; sourceTree = "<group>"; };
		5A3743AB14D75CCB00C95976 /* NSObject+SBJson.h */ = {isa = PBXFileReference; fileEncoding = 4; lastKnownFileType = sourcecode.c.h; path = "NSObject+SBJson.h"; sourceTree = "<group>"; };
		5A3743AC14D75CCB00C95976 /* NSObject+SBJson.m */ = {isa = PBXFileReference; fileEncoding = 4; lastKnownFileType = sourcecode.c.objc; path = "NSObject+SBJson.m"; sourceTree = "<group>"; };
		5A3743AD14D75CCB00C95976 /* SBJson.h */ = {isa = PBXFileReference; fileEncoding = 4; lastKnownFileType = sourcecode.c.h; path = SBJson.h; sourceTree = "<group>"; };
		5A3743AE14D75CCB00C95976 /* SBJsonParser.h */ = {isa = PBXFileReference; fileEncoding = 4; lastKnownFileType = sourcecode.c.h; path = SBJsonParser.h; sourceTree = "<group>"; };
		5A3743AF14D75CCB00C95976 /* SBJsonParser.m */ = {isa = PBXFileReference; fileEncoding = 4; lastKnownFileType = sourcecode.c.objc; path = SBJsonParser.m; sourceTree = "<group>"; };
		5A3743B014D75CCB00C95976 /* SBJsonStreamParser.h */ = {isa = PBXFileReference; fileEncoding = 4; lastKnownFileType = sourcecode.c.h; path = SBJsonStreamParser.h; sourceTree = "<group>"; };
		5A3743B114D75CCB00C95976 /* SBJsonStreamParser.m */ = {isa = PBXFileReference; fileEncoding = 4; lastKnownFileType = sourcecode.c.objc; path = SBJsonStreamParser.m; sourceTree = "<group>"; };
		5A3743B214D75CCB00C95976 /* SBJsonStreamParserAccumulator.h */ = {isa = PBXFileReference; fileEncoding = 4; lastKnownFileType = sourcecode.c.h; path = SBJsonStreamParserAccumulator.h; sourceTree = "<group>"; };
		5A3743B314D75CCB00C95976 /* SBJsonStreamParserAccumulator.m */ = {isa = PBXFileReference; fileEncoding = 4; lastKnownFileType = sourcecode.c.objc; path = SBJsonStreamParserAccumulator.m; sourceTree = "<group>"; };
		5A3743B414D75CCB00C95976 /* SBJsonStreamParserAdapter.h */ = {isa = PBXFileReference; fileEncoding = 4; lastKnownFileType = sourcecode.c.h; path = SBJsonStreamParserAdapter.h; sourceTree = "<group>"; };
		5A3743B514D75CCB00C95976 /* SBJsonStreamParserAdapter.m */ = {isa = PBXFileReference; fileEncoding = 4; lastKnownFileType = sourcecode.c.objc; path = SBJsonStreamParserAdapter.m; sourceTree = "<group>"; };
		5A3743B614D75CCB00C95976 /* SBJsonStreamParserState.h */ = {isa = PBXFileReference; fileEncoding = 4; lastKnownFileType = sourcecode.c.h; path = SBJsonStreamParserState.h; sourceTree = "<group>"; };
		5A3743B714D75CCB00C95976 /* SBJsonStreamParserState.m */ = {isa = PBXFileReference; fileEncoding = 4; lastKnownFileType = sourcecode.c.objc; path = SBJsonStreamParserState.m; sourceTree = "<group>"; };
		5A3743B814D75CCB00C95976 /* SBJsonStreamWriter.h */ = {isa = PBXFileReference; fileEncoding = 4; lastKnownFileType = sourcecode.c.h; path = SBJsonStreamWriter.h; sourceTree = "<group>"; };
		5A3743B914D75CCB00C95976 /* SBJsonStreamWriter.m */ = {isa = PBXFileReference; fileEncoding = 4; lastKnownFileType = sourcecode.c.objc; path = SBJsonStreamWriter.m; sourceTree = "<group>"; };
		5A3743BA14D75CCB00C95976 /* SBJsonStreamWriterAccumulator.h */ = {isa = PBXFileReference; fileEncoding = 4; lastKnownFileType = sourcecode.c.h; path = SBJsonStreamWriterAccumulator.h; sourceTree = "<group>"; };
		5A3743BB14D75CCB00C95976 /* SBJsonStreamWriterAccumulator.m */ = {isa = PBXFileReference; fileEncoding = 4; lastKnownFileType = sourcecode.c.objc; path = SBJsonStreamWriterAccumulator.m; sourceTree = "<group>"; };
		5A3743BC14D75CCB00C95976 /* SBJsonStreamWriterState.h */ = {isa = PBXFileReference; fileEncoding = 4; lastKnownFileType = sourcecode.c.h; path = SBJsonStreamWriterState.h; sourceTree = "<group>"; };
		5A3743BD14D75CCB00C95976 /* SBJsonStreamWriterState.m */ = {isa = PBXFileReference; fileEncoding = 4; lastKnownFileType = sourcecode.c.objc; path = SBJsonStreamWriterState.m; sourceTree = "<group>"; };
		5A3743BE14D75CCB00C95976 /* SBJsonTokeniser.h */ = {isa = PBXFileReference; fileEncoding = 4; lastKnownFileType = sourcecode.c.h; path = SBJsonTokeniser.h; sourceTree = "<group>"; };
		5A3743BF14D75CCB00C95976 /* SBJsonTokeniser.m */ = {isa = PBXFileReference; fileEncoding = 4; lastKnownFileType = sourcecode.c.objc; path = SBJsonTokeniser.m; sourceTree = "<group>"; };
		5A3743C014D75CCB00C95976 /* SBJsonUTF8Stream.h */ = {isa = PBXFileReference; fileEncoding = 4; lastKnownFileType = sourcecode.c.h; path = SBJsonUTF8Stream.h; sourceTree = "<group>"; };
		5A3743C114D75CCB00C95976 /* SBJsonUTF8Stream.m */ = {isa = PBXFileReference; fileEncoding = 4; lastKnownFileType = sourcecode.c.objc; path = SBJsonUTF8Stream.m; sourceTree = "<group>"; };
		5A3743C214D75CCB00C95976 /* SBJsonWriter.h */ = {isa = PBXFileReference; fileEncoding = 4; lastKnownFileType = sourcecode.c.h; path = SBJsonWriter.h; sourceTree = "<group>"; };
		5A3743C314D75CCB00C95976 /* SBJsonWriter.m */ = {isa = PBXFileReference; fileEncoding = 4; lastKnownFileType = sourcecode.c.objc; path = SBJsonWriter.m; sourceTree = "<group>"; };
		5A3A727014C6949000ED25DE /* uSnap.us.app */ = {isa = PBXFileReference; explicitFileType = wrapper.application; includeInIndex = 0; path = uSnap.us.app; sourceTree = BUILT_PRODUCTS_DIR; };
		5A3A727414C6949000ED25DE /* UIKit.framework */ = {isa = PBXFileReference; lastKnownFileType = wrapper.framework; name = UIKit.framework; path = System/Library/Frameworks/UIKit.framework; sourceTree = SDKROOT; };
		5A3A727614C6949000ED25DE /* Foundation.framework */ = {isa = PBXFileReference; lastKnownFileType = wrapper.framework; name = Foundation.framework; path = System/Library/Frameworks/Foundation.framework; sourceTree = SDKROOT; };
		5A3A727814C6949000ED25DE /* CoreGraphics.framework */ = {isa = PBXFileReference; lastKnownFileType = wrapper.framework; name = CoreGraphics.framework; path = System/Library/Frameworks/CoreGraphics.framework; sourceTree = SDKROOT; };
		5A3A727A14C6949000ED25DE /* CoreData.framework */ = {isa = PBXFileReference; lastKnownFileType = wrapper.framework; name = CoreData.framework; path = System/Library/Frameworks/CoreData.framework; sourceTree = SDKROOT; };
		5A3A727E14C6949000ED25DE /* uSnap.us-Info.plist */ = {isa = PBXFileReference; lastKnownFileType = text.plist.xml; path = "uSnap.us-Info.plist"; sourceTree = "<group>"; };
		5A3A728014C6949000ED25DE /* en */ = {isa = PBXFileReference; lastKnownFileType = text.plist.strings; name = en; path = en.lproj/InfoPlist.strings; sourceTree = "<group>"; };
		5A3A728214C6949000ED25DE /* main.m */ = {isa = PBXFileReference; lastKnownFileType = sourcecode.c.objc; path = main.m; sourceTree = "<group>"; };
		5A3A728414C6949000ED25DE /* uSnap.us-Prefix.pch */ = {isa = PBXFileReference; lastKnownFileType = sourcecode.c.h; path = "uSnap.us-Prefix.pch"; sourceTree = "<group>"; };
		5A3A728514C6949000ED25DE /* USTAppDelegate.h */ = {isa = PBXFileReference; lastKnownFileType = sourcecode.c.h; path = USTAppDelegate.h; sourceTree = "<group>"; };
		5A3A728614C6949000ED25DE /* USTAppDelegate.m */ = {isa = PBXFileReference; lastKnownFileType = sourcecode.c.objc; path = USTAppDelegate.m; sourceTree = "<group>"; };
		5A3A728914C6949000ED25DE /* en */ = {isa = PBXFileReference; lastKnownFileType = file.storyboard; name = en; path = en.lproj/MainStoryboard.storyboard; sourceTree = "<group>"; };
		5A3A728C14C6949000ED25DE /* uSnap.xcdatamodel */ = {isa = PBXFileReference; lastKnownFileType = wrapper.xcdatamodel; path = uSnap.xcdatamodel; sourceTree = "<group>"; };
		5A3A729C14C6954300ED25DE /* CameraViewController.h */ = {isa = PBXFileReference; fileEncoding = 4; lastKnownFileType = sourcecode.c.h; name = CameraViewController.h; path = Controllers/CameraViewController.h; sourceTree = "<group>"; };
		5A3A729D14C6954300ED25DE /* CameraViewController.m */ = {isa = PBXFileReference; fileEncoding = 4; lastKnownFileType = sourcecode.c.objc; name = CameraViewController.m; path = Controllers/CameraViewController.m; sourceTree = "<group>"; };
		5A3A729F14C6961300ED25DE /* SplashViewController.h */ = {isa = PBXFileReference; fileEncoding = 4; lastKnownFileType = sourcecode.c.h; name = SplashViewController.h; path = Controllers/SplashViewController.h; sourceTree = "<group>"; };
		5A3A72A014C6961300ED25DE /* SplashViewController.m */ = {isa = PBXFileReference; fileEncoding = 4; lastKnownFileType = sourcecode.c.objc; name = SplashViewController.m; path = Controllers/SplashViewController.m; sourceTree = "<group>"; };
		5A3A72B714C69C0100ED25DE /* CoreLocation.framework */ = {isa = PBXFileReference; lastKnownFileType = wrapper.framework; name = CoreLocation.framework; path = System/Library/Frameworks/CoreLocation.framework; sourceTree = SDKROOT; };
		5A3A72BA14C69C3C00ED25DE /* LocationHandler.h */ = {isa = PBXFileReference; fileEncoding = 4; lastKnownFileType = sourcecode.c.h; name = LocationHandler.h; path = Classes/LocationHandler.h; sourceTree = "<group>"; };
		5A3A72BB14C69C3C00ED25DE /* LocationHandler.m */ = {isa = PBXFileReference; fileEncoding = 4; lastKnownFileType = sourcecode.c.objc; name = LocationHandler.m; path = Classes/LocationHandler.m; sourceTree = "<group>"; };
		5A3A72BD14C69EA300ED25DE /* Picture.h */ = {isa = PBXFileReference; fileEncoding = 4; lastKnownFileType = sourcecode.c.h; name = Picture.h; path = Model/Picture.h; sourceTree = "<group>"; };
		5A3A72BE14C69EA300ED25DE /* Picture.m */ = {isa = PBXFileReference; fileEncoding = 4; lastKnownFileType = sourcecode.c.objc; name = Picture.m; path = Model/Picture.m; sourceTree = "<group>"; };
		5A4D2BF814D75F46006B7152 /* SenTestingKit.framework */ = {isa = PBXFileReference; lastKnownFileType = wrapper.framework; name = SenTestingKit.framework; path = Library/Frameworks/SenTestingKit.framework; sourceTree = DEVELOPER_DIR; };
		5A60C30014D8A10F00B9B7E0 /* EventSpecs.m */ = {isa = PBXFileReference; fileEncoding = 4; lastKnownFileType = sourcecode.c.objc; name = EventSpecs.m; path = ModelSpecs/EventSpecs.m; sourceTree = "<group>"; };
		5A669E5F14D9021400630FD6 /* UIImage+fixOrientation.h */ = {isa = PBXFileReference; fileEncoding = 4; lastKnownFileType = sourcecode.c.h; name = "UIImage+fixOrientation.h"; path = "Classes/UIImage+fixOrientation.h"; sourceTree = "<group>"; };
		5A669E6014D9021400630FD6 /* UIImage+fixOrientation.m */ = {isa = PBXFileReference; fileEncoding = 4; lastKnownFileType = sourcecode.c.objc; name = "UIImage+fixOrientation.m"; path = "Classes/UIImage+fixOrientation.m"; sourceTree = "<group>"; };
		5A6EB3C014C8AFE3001A80E2 /* QuartzCore.framework */ = {isa = PBXFileReference; lastKnownFileType = wrapper.framework; name = QuartzCore.framework; path = System/Library/Frameworks/QuartzCore.framework; sourceTree = SDKROOT; };
		5A6EB3C214C8B1C7001A80E2 /* UIImage+Alpha.h */ = {isa = PBXFileReference; fileEncoding = 4; lastKnownFileType = sourcecode.c.h; name = "UIImage+Alpha.h"; path = "Classes/UIImage+Alpha.h"; sourceTree = "<group>"; };
		5A6EB3C314C8B1C7001A80E2 /* UIImage+Alpha.m */ = {isa = PBXFileReference; fileEncoding = 4; lastKnownFileType = sourcecode.c.objc; name = "UIImage+Alpha.m"; path = "Classes/UIImage+Alpha.m"; sourceTree = "<group>"; };
		5A6EB3C414C8B1C7001A80E2 /* UIImage+Resize.h */ = {isa = PBXFileReference; fileEncoding = 4; lastKnownFileType = sourcecode.c.h; name = "UIImage+Resize.h"; path = "Classes/UIImage+Resize.h"; sourceTree = "<group>"; };
		5A6EB3C514C8B1C7001A80E2 /* UIImage+Resize.m */ = {isa = PBXFileReference; fileEncoding = 4; lastKnownFileType = sourcecode.c.objc; name = "UIImage+Resize.m"; path = "Classes/UIImage+Resize.m"; sourceTree = "<group>"; };
		5A6EB3C614C8B1C7001A80E2 /* UIImage+RoundedCorner.h */ = {isa = PBXFileReference; fileEncoding = 4; lastKnownFileType = sourcecode.c.h; name = "UIImage+RoundedCorner.h"; path = "Classes/UIImage+RoundedCorner.h"; sourceTree = "<group>"; };
		5A6EB3C714C8B1C7001A80E2 /* UIImage+RoundedCorner.m */ = {isa = PBXFileReference; fileEncoding = 4; lastKnownFileType = sourcecode.c.objc; name = "UIImage+RoundedCorner.m"; path = "Classes/UIImage+RoundedCorner.m"; sourceTree = "<group>"; };
		5A7EC6A014C7A71A00B39893 /* AVFoundation.framework */ = {isa = PBXFileReference; lastKnownFileType = wrapper.framework; name = AVFoundation.framework; path = System/Library/Frameworks/AVFoundation.framework; sourceTree = SDKROOT; };
		5A8001ED14F38F1000C8D04A /* PhotoProgressView.h */ = {isa = PBXFileReference; fileEncoding = 4; lastKnownFileType = sourcecode.c.h; name = PhotoProgressView.h; path = Classes/PhotoProgressView.h; sourceTree = "<group>"; };
		5A8001EE14F38F1000C8D04A /* PhotoProgressView.m */ = {isa = PBXFileReference; fileEncoding = 4; lastKnownFileType = sourcecode.c.objc; name = PhotoProgressView.m; path = Classes/PhotoProgressView.m; sourceTree = "<group>"; };
		5A88829714D620AB00373FF0 /* EventPinView.h */ = {isa = PBXFileReference; fileEncoding = 4; lastKnownFileType = sourcecode.c.h; name = EventPinView.h; path = Classes/EventPinView.h; sourceTree = "<group>"; };
		5A88829814D620AB00373FF0 /* EventPinView.m */ = {isa = PBXFileReference; fileEncoding = 4; lastKnownFileType = sourcecode.c.objc; name = EventPinView.m; path = Classes/EventPinView.m; sourceTree = "<group>"; };
		5A88829A14D62EDC00373FF0 /* AddCodeViewController.h */ = {isa = PBXFileReference; fileEncoding = 4; lastKnownFileType = sourcecode.c.h; name = AddCodeViewController.h; path = Controllers/AddCodeViewController.h; sourceTree = "<group>"; };
		5A88829B14D62EDC00373FF0 /* AddCodeViewController.m */ = {isa = PBXFileReference; fileEncoding = 4; lastKnownFileType = sourcecode.c.objc; name = AddCodeViewController.m; path = Controllers/AddCodeViewController.m; sourceTree = "<group>"; };
		5A88829D14D640D000373FF0 /* YourDetailsViewController.h */ = {isa = PBXFileReference; fileEncoding = 4; lastKnownFileType = sourcecode.c.h; name = YourDetailsViewController.h; path = Controllers/YourDetailsViewController.h; sourceTree = "<group>"; };
		5A88829E14D640D000373FF0 /* YourDetailsViewController.m */ = {isa = PBXFileReference; fileEncoding = 4; lastKnownFileType = sourcecode.c.objc; name = YourDetailsViewController.m; path = Controllers/YourDetailsViewController.m; sourceTree = "<group>"; };
		5A8882AC14D6904400373FF0 /* ServerRegistrationManager.h */ = {isa = PBXFileReference; fileEncoding = 4; lastKnownFileType = sourcecode.c.h; name = ServerRegistrationManager.h; path = Classes/ServerRegistrationManager.h; sourceTree = "<group>"; };
		5A8882AD14D6904400373FF0 /* ServerRegistrationManager.m */ = {isa = PBXFileReference; fileEncoding = 4; lastKnownFileType = sourcecode.c.objc; name = ServerRegistrationManager.m; path = Classes/ServerRegistrationManager.m; sourceTree = "<group>"; };
		5A8882B414D693E700373FF0 /* KeychainItemWrapper.h */ = {isa = PBXFileReference; fileEncoding = 4; lastKnownFileType = sourcecode.c.h; path = KeychainItemWrapper.h; sourceTree = "<group>"; };
		5A8882B514D693E700373FF0 /* KeychainItemWrapper.m */ = {isa = PBXFileReference; fileEncoding = 4; lastKnownFileType = sourcecode.c.objc; path = KeychainItemWrapper.m; sourceTree = "<group>"; };
		5A8882B714D6965E00373FF0 /* Security.framework */ = {isa = PBXFileReference; lastKnownFileType = wrapper.framework; name = Security.framework; path = System/Library/Frameworks/Security.framework; sourceTree = SDKROOT; };
		5A8882B914D69FED00373FF0 /* NSString+UrlEncoding.h */ = {isa = PBXFileReference; fileEncoding = 4; lastKnownFileType = sourcecode.c.h; name = "NSString+UrlEncoding.h"; path = "Classes/NSString+UrlEncoding.h"; sourceTree = "<group>"; };
		5A8882BA14D69FED00373FF0 /* NSString+UrlEncoding.m */ = {isa = PBXFileReference; fileEncoding = 4; lastKnownFileType = sourcecode.c.objc; name = "NSString+UrlEncoding.m"; path = "Classes/NSString+UrlEncoding.m"; sourceTree = "<group>"; };
		5A8971AA14C9789C00AAB2B4 /* TimelineViewController.h */ = {isa = PBXFileReference; fileEncoding = 4; lastKnownFileType = sourcecode.c.h; name = TimelineViewController.h; path = Controllers/TimelineViewController.h; sourceTree = "<group>"; };
		5A8971AB14C9789C00AAB2B4 /* TimelineViewController.m */ = {isa = PBXFileReference; fileEncoding = 4; lastKnownFileType = sourcecode.c.objc; name = TimelineViewController.m; path = Controllers/TimelineViewController.m; sourceTree = "<group>"; };
		5A8971AD14C978F600AAB2B4 /* EventSettingsViewController.h */ = {isa = PBXFileReference; fileEncoding = 4; lastKnownFileType = sourcecode.c.h; name = EventSettingsViewController.h; path = Controllers/EventSettingsViewController.h; sourceTree = "<group>"; };
		5A8971AE14C978F600AAB2B4 /* EventSettingsViewController.m */ = {isa = PBXFileReference; fileEncoding = 4; lastKnownFileType = sourcecode.c.objc; name = EventSettingsViewController.m; path = Controllers/EventSettingsViewController.m; sourceTree = "<group>"; };
		5A8971B014C97A4400AAB2B4 /* SlideFromLeftSegue.h */ = {isa = PBXFileReference; fileEncoding = 4; lastKnownFileType = sourcecode.c.h; name = SlideFromLeftSegue.h; path = Segues/SlideFromLeftSegue.h; sourceTree = "<group>"; };
		5A8971B114C97A4400AAB2B4 /* SlideFromLeftSegue.m */ = {isa = PBXFileReference; fileEncoding = 4; lastKnownFileType = sourcecode.c.objc; name = SlideFromLeftSegue.m; path = Segues/SlideFromLeftSegue.m; sourceTree = "<group>"; };
		5A8F05C314E907E10004614F /* iphone_icon.png */ = {isa = PBXFileReference; lastKnownFileType = image.png; path = iphone_icon.png; sourceTree = "<group>"; };
		5A8F05C514E907E50004614F /* iphone_retina_icon.png */ = {isa = PBXFileReference; lastKnownFileType = image.png; path = iphone_retina_icon.png; sourceTree = "<group>"; };
		5AACD5F014F77F64008FB005 /* cancel-button.png */ = {isa = PBXFileReference; lastKnownFileType = image.png; path = "cancel-button.png"; sourceTree = "<group>"; };
		5AACD5F114F77F64008FB005 /* error.png */ = {isa = PBXFileReference; lastKnownFileType = image.png; path = error.png; sourceTree = "<group>"; };
		5AAE700714E79F4900DF8D9D /* check_selected.png */ = {isa = PBXFileReference; lastKnownFileType = image.png; name = check_selected.png; path = Resources/check_selected.png; sourceTree = "<group>"; };
		5AAE700814E79F4900DF8D9D /* check_unselected.png */ = {isa = PBXFileReference; lastKnownFileType = image.png; name = check_unselected.png; path = Resources/check_unselected.png; sourceTree = "<group>"; };
		5AAE700914E79F4900DF8D9D /* code_arrow.png */ = {isa = PBXFileReference; lastKnownFileType = image.png; name = code_arrow.png; path = Resources/code_arrow.png; sourceTree = "<group>"; };
		5AAE700A14E79F4900DF8D9D /* details_arrow.png */ = {isa = PBXFileReference; lastKnownFileType = image.png; name = details_arrow.png; path = Resources/details_arrow.png; sourceTree = "<group>"; };
		5ABC014114C96CA200292CA1 /* ASIHTTPRequestConfig.h */ = {isa = PBXFileReference; fileEncoding = 4; lastKnownFileType = sourcecode.c.h; name = ASIHTTPRequestConfig.h; path = "../pokeb-asi-http-request-4f95498/Classes/ASIHTTPRequestConfig.h"; sourceTree = "<group>"; };
		5ABC014214C96CA200292CA1 /* ASICacheDelegate.h */ = {isa = PBXFileReference; fileEncoding = 4; lastKnownFileType = sourcecode.c.h; name = ASICacheDelegate.h; path = "../pokeb-asi-http-request-4f95498/Classes/ASICacheDelegate.h"; sourceTree = "<group>"; };
		5ABC014314C96CA200292CA1 /* ASIHTTPRequestDelegate.h */ = {isa = PBXFileReference; fileEncoding = 4; lastKnownFileType = sourcecode.c.h; name = ASIHTTPRequestDelegate.h; path = "../pokeb-asi-http-request-4f95498/Classes/ASIHTTPRequestDelegate.h"; sourceTree = "<group>"; };
		5ABC014414C96CA200292CA1 /* ASIProgressDelegate.h */ = {isa = PBXFileReference; fileEncoding = 4; lastKnownFileType = sourcecode.c.h; name = ASIProgressDelegate.h; path = "../pokeb-asi-http-request-4f95498/Classes/ASIProgressDelegate.h"; sourceTree = "<group>"; };
		5ABC014514C96CA200292CA1 /* ASIAuthenticationDialog.h */ = {isa = PBXFileReference; fileEncoding = 4; lastKnownFileType = sourcecode.c.h; name = ASIAuthenticationDialog.h; path = "../pokeb-asi-http-request-4f95498/Classes/ASIAuthenticationDialog.h"; sourceTree = "<group>"; };
		5ABC014614C96CA200292CA1 /* ASIAuthenticationDialog.m */ = {isa = PBXFileReference; fileEncoding = 4; lastKnownFileType = sourcecode.c.objc; name = ASIAuthenticationDialog.m; path = "../pokeb-asi-http-request-4f95498/Classes/ASIAuthenticationDialog.m"; sourceTree = "<group>"; };
		5ABC014714C96CA200292CA1 /* ASIInputStream.h */ = {isa = PBXFileReference; fileEncoding = 4; lastKnownFileType = sourcecode.c.h; name = ASIInputStream.h; path = "../pokeb-asi-http-request-4f95498/Classes/ASIInputStream.h"; sourceTree = "<group>"; };
		5ABC014814C96CA200292CA1 /* ASIInputStream.m */ = {isa = PBXFileReference; fileEncoding = 4; lastKnownFileType = sourcecode.c.objc; name = ASIInputStream.m; path = "../pokeb-asi-http-request-4f95498/Classes/ASIInputStream.m"; sourceTree = "<group>"; };
		5ABC014914C96CA200292CA1 /* ASIFormDataRequest.h */ = {isa = PBXFileReference; fileEncoding = 4; lastKnownFileType = sourcecode.c.h; name = ASIFormDataRequest.h; path = "../pokeb-asi-http-request-4f95498/Classes/ASIFormDataRequest.h"; sourceTree = "<group>"; };
		5ABC014A14C96CA200292CA1 /* ASIFormDataRequest.m */ = {isa = PBXFileReference; fileEncoding = 4; lastKnownFileType = sourcecode.c.objc; name = ASIFormDataRequest.m; path = "../pokeb-asi-http-request-4f95498/Classes/ASIFormDataRequest.m"; sourceTree = "<group>"; };
		5ABC014B14C96CA200292CA1 /* ASIHTTPRequest.h */ = {isa = PBXFileReference; fileEncoding = 4; lastKnownFileType = sourcecode.c.h; name = ASIHTTPRequest.h; path = "../pokeb-asi-http-request-4f95498/Classes/ASIHTTPRequest.h"; sourceTree = "<group>"; };
		5ABC014C14C96CA200292CA1 /* ASIHTTPRequest.m */ = {isa = PBXFileReference; fileEncoding = 4; lastKnownFileType = sourcecode.c.objc; name = ASIHTTPRequest.m; path = "../pokeb-asi-http-request-4f95498/Classes/ASIHTTPRequest.m"; sourceTree = "<group>"; };
		5ABC014D14C96CA200292CA1 /* ASINetworkQueue.h */ = {isa = PBXFileReference; fileEncoding = 4; lastKnownFileType = sourcecode.c.h; name = ASINetworkQueue.h; path = "../pokeb-asi-http-request-4f95498/Classes/ASINetworkQueue.h"; sourceTree = "<group>"; };
		5ABC014E14C96CA200292CA1 /* ASINetworkQueue.m */ = {isa = PBXFileReference; fileEncoding = 4; lastKnownFileType = sourcecode.c.objc; name = ASINetworkQueue.m; path = "../pokeb-asi-http-request-4f95498/Classes/ASINetworkQueue.m"; sourceTree = "<group>"; };
		5ABC014F14C96CA200292CA1 /* ASIDownloadCache.h */ = {isa = PBXFileReference; fileEncoding = 4; lastKnownFileType = sourcecode.c.h; name = ASIDownloadCache.h; path = "../pokeb-asi-http-request-4f95498/Classes/ASIDownloadCache.h"; sourceTree = "<group>"; };
		5ABC015014C96CA200292CA1 /* ASIDownloadCache.m */ = {isa = PBXFileReference; fileEncoding = 4; lastKnownFileType = sourcecode.c.objc; name = ASIDownloadCache.m; path = "../pokeb-asi-http-request-4f95498/Classes/ASIDownloadCache.m"; sourceTree = "<group>"; };
		5ABC015114C96CA200292CA1 /* ASIDataDecompressor.h */ = {isa = PBXFileReference; fileEncoding = 4; lastKnownFileType = sourcecode.c.h; name = ASIDataDecompressor.h; path = "../pokeb-asi-http-request-4f95498/Classes/ASIDataDecompressor.h"; sourceTree = "<group>"; };
		5ABC015214C96CA200292CA1 /* ASIDataDecompressor.m */ = {isa = PBXFileReference; fileEncoding = 4; lastKnownFileType = sourcecode.c.objc; name = ASIDataDecompressor.m; path = "../pokeb-asi-http-request-4f95498/Classes/ASIDataDecompressor.m"; sourceTree = "<group>"; };
		5ABC015314C96CA200292CA1 /* ASIDataCompressor.h */ = {isa = PBXFileReference; fileEncoding = 4; lastKnownFileType = sourcecode.c.h; name = ASIDataCompressor.h; path = "../pokeb-asi-http-request-4f95498/Classes/ASIDataCompressor.h"; sourceTree = "<group>"; };
		5ABC015414C96CA200292CA1 /* ASIDataCompressor.m */ = {isa = PBXFileReference; fileEncoding = 4; lastKnownFileType = sourcecode.c.objc; name = ASIDataCompressor.m; path = "../pokeb-asi-http-request-4f95498/Classes/ASIDataCompressor.m"; sourceTree = "<group>"; };
		5ABC015B14C96CA200292CA1 /* ASIS3Bucket.h */ = {isa = PBXFileReference; fileEncoding = 4; lastKnownFileType = sourcecode.c.h; path = ASIS3Bucket.h; sourceTree = "<group>"; };
		5ABC015C14C96CA200292CA1 /* ASIS3Bucket.m */ = {isa = PBXFileReference; fileEncoding = 4; lastKnownFileType = sourcecode.c.objc; path = ASIS3Bucket.m; sourceTree = "<group>"; };
		5ABC015D14C96CA200292CA1 /* ASIS3BucketRequest.h */ = {isa = PBXFileReference; fileEncoding = 4; lastKnownFileType = sourcecode.c.h; path = ASIS3BucketRequest.h; sourceTree = "<group>"; };
		5ABC015E14C96CA200292CA1 /* ASIS3BucketRequest.m */ = {isa = PBXFileReference; fileEncoding = 4; lastKnownFileType = sourcecode.c.objc; path = ASIS3BucketRequest.m; sourceTree = "<group>"; };
		5ABC015F14C96CA200292CA1 /* ASIS3ObjectRequest.h */ = {isa = PBXFileReference; fileEncoding = 4; lastKnownFileType = sourcecode.c.h; path = ASIS3ObjectRequest.h; sourceTree = "<group>"; };
		5ABC016014C96CA200292CA1 /* ASIS3ObjectRequest.m */ = {isa = PBXFileReference; fileEncoding = 4; lastKnownFileType = sourcecode.c.objc; path = ASIS3ObjectRequest.m; sourceTree = "<group>"; };
		5ABC016114C96CA200292CA1 /* ASIS3ServiceRequest.h */ = {isa = PBXFileReference; fileEncoding = 4; lastKnownFileType = sourcecode.c.h; path = ASIS3ServiceRequest.h; sourceTree = "<group>"; };
		5ABC016214C96CA200292CA1 /* ASIS3ServiceRequest.m */ = {isa = PBXFileReference; fileEncoding = 4; lastKnownFileType = sourcecode.c.objc; path = ASIS3ServiceRequest.m; sourceTree = "<group>"; };
		5ABC016314C96CA200292CA1 /* ASIS3BucketObject.h */ = {isa = PBXFileReference; fileEncoding = 4; lastKnownFileType = sourcecode.c.h; path = ASIS3BucketObject.h; sourceTree = "<group>"; };
		5ABC016414C96CA200292CA1 /* ASIS3BucketObject.m */ = {isa = PBXFileReference; fileEncoding = 4; lastKnownFileType = sourcecode.c.objc; path = ASIS3BucketObject.m; sourceTree = "<group>"; };
		5ABC016514C96CA200292CA1 /* ASIS3Request.h */ = {isa = PBXFileReference; fileEncoding = 4; lastKnownFileType = sourcecode.c.h; path = ASIS3Request.h; sourceTree = "<group>"; };
		5ABC016614C96CA200292CA1 /* ASIS3Request.m */ = {isa = PBXFileReference; fileEncoding = 4; lastKnownFileType = sourcecode.c.objc; path = ASIS3Request.m; sourceTree = "<group>"; };
		5ABC016714C96CA200292CA1 /* ASICloudFilesCDNRequest.h */ = {isa = PBXFileReference; fileEncoding = 4; lastKnownFileType = sourcecode.c.h; path = ASICloudFilesCDNRequest.h; sourceTree = "<group>"; };
		5ABC016814C96CA200292CA1 /* ASICloudFilesCDNRequest.m */ = {isa = PBXFileReference; fileEncoding = 4; lastKnownFileType = sourcecode.c.objc; path = ASICloudFilesCDNRequest.m; sourceTree = "<group>"; };
		5ABC016914C96CA200292CA1 /* ASICloudFilesContainer.h */ = {isa = PBXFileReference; fileEncoding = 4; lastKnownFileType = sourcecode.c.h; path = ASICloudFilesContainer.h; sourceTree = "<group>"; };
		5ABC016A14C96CA200292CA1 /* ASICloudFilesContainer.m */ = {isa = PBXFileReference; fileEncoding = 4; lastKnownFileType = sourcecode.c.objc; path = ASICloudFilesContainer.m; sourceTree = "<group>"; };
		5ABC016B14C96CA200292CA1 /* ASICloudFilesContainerRequest.h */ = {isa = PBXFileReference; fileEncoding = 4; lastKnownFileType = sourcecode.c.h; path = ASICloudFilesContainerRequest.h; sourceTree = "<group>"; };
		5ABC016C14C96CA200292CA1 /* ASICloudFilesContainerRequest.m */ = {isa = PBXFileReference; fileEncoding = 4; lastKnownFileType = sourcecode.c.objc; path = ASICloudFilesContainerRequest.m; sourceTree = "<group>"; };
		5ABC016D14C96CA200292CA1 /* ASICloudFilesContainerXMLParserDelegate.h */ = {isa = PBXFileReference; fileEncoding = 4; lastKnownFileType = sourcecode.c.h; path = ASICloudFilesContainerXMLParserDelegate.h; sourceTree = "<group>"; };
		5ABC016E14C96CA200292CA1 /* ASICloudFilesContainerXMLParserDelegate.m */ = {isa = PBXFileReference; fileEncoding = 4; lastKnownFileType = sourcecode.c.objc; path = ASICloudFilesContainerXMLParserDelegate.m; sourceTree = "<group>"; };
		5ABC016F14C96CA200292CA1 /* ASICloudFilesObject.h */ = {isa = PBXFileReference; fileEncoding = 4; lastKnownFileType = sourcecode.c.h; path = ASICloudFilesObject.h; sourceTree = "<group>"; };
		5ABC017014C96CA200292CA1 /* ASICloudFilesObject.m */ = {isa = PBXFileReference; fileEncoding = 4; lastKnownFileType = sourcecode.c.objc; path = ASICloudFilesObject.m; sourceTree = "<group>"; };
		5ABC017114C96CA200292CA1 /* ASICloudFilesObjectRequest.h */ = {isa = PBXFileReference; fileEncoding = 4; lastKnownFileType = sourcecode.c.h; path = ASICloudFilesObjectRequest.h; sourceTree = "<group>"; };
		5ABC017214C96CA200292CA1 /* ASICloudFilesObjectRequest.m */ = {isa = PBXFileReference; fileEncoding = 4; lastKnownFileType = sourcecode.c.objc; path = ASICloudFilesObjectRequest.m; sourceTree = "<group>"; };
		5ABC017314C96CA200292CA1 /* ASICloudFilesRequest.h */ = {isa = PBXFileReference; fileEncoding = 4; lastKnownFileType = sourcecode.c.h; path = ASICloudFilesRequest.h; sourceTree = "<group>"; };
		5ABC017414C96CA200292CA1 /* ASICloudFilesRequest.m */ = {isa = PBXFileReference; fileEncoding = 4; lastKnownFileType = sourcecode.c.objc; path = ASICloudFilesRequest.m; sourceTree = "<group>"; };
		5ABC01AF14C96CDC00292CA1 /* Reachability.h */ = {isa = PBXFileReference; fileEncoding = 4; lastKnownFileType = sourcecode.c.h; path = Reachability.h; sourceTree = "<group>"; };
		5ABC01B014C96CDC00292CA1 /* Reachability.m */ = {isa = PBXFileReference; fileEncoding = 4; lastKnownFileType = sourcecode.c.objc; path = Reachability.m; sourceTree = "<group>"; };
		5ABC01B214C96CEF00292CA1 /* libxml2.dylib */ = {isa = PBXFileReference; lastKnownFileType = "compiled.mach-o.dylib"; name = libxml2.dylib; path = usr/lib/libxml2.dylib; sourceTree = SDKROOT; };
		5ABC01B414C96D5400292CA1 /* CFNetwork.framework */ = {isa = PBXFileReference; lastKnownFileType = wrapper.framework; name = CFNetwork.framework; path = System/Library/Frameworks/CFNetwork.framework; sourceTree = SDKROOT; };
		5ABC01B614C96D5D00292CA1 /* SystemConfiguration.framework */ = {isa = PBXFileReference; lastKnownFileType = wrapper.framework; name = SystemConfiguration.framework; path = System/Library/Frameworks/SystemConfiguration.framework; sourceTree = SDKROOT; };
		5ABC01B814C96D6700292CA1 /* MobileCoreServices.framework */ = {isa = PBXFileReference; lastKnownFileType = wrapper.framework; name = MobileCoreServices.framework; path = System/Library/Frameworks/MobileCoreServices.framework; sourceTree = SDKROOT; };
		5ABC01BA14C96D7100292CA1 /* libz.dylib */ = {isa = PBXFileReference; lastKnownFileType = "compiled.mach-o.dylib"; name = libz.dylib; path = usr/lib/libz.dylib; sourceTree = SDKROOT; };
		5ABF80BF14E9BF31004789C0 /* stream-processing.png */ = {isa = PBXFileReference; lastKnownFileType = image.png; path = "stream-processing.png"; sourceTree = "<group>"; };
		5AC7B8BF14D54C3300ECA754 /* CoolButton.h */ = {isa = PBXFileReference; fileEncoding = 4; lastKnownFileType = sourcecode.c.h; name = CoolButton.h; path = Classes/CoolButton.h; sourceTree = "<group>"; };
		5AC7B8C014D54C3300ECA754 /* CoolButton.m */ = {isa = PBXFileReference; fileEncoding = 4; lastKnownFileType = sourcecode.c.objc; name = CoolButton.m; path = Classes/CoolButton.m; sourceTree = "<group>"; };
		5AC7B8C214D5565D00ECA754 /* stream-pen.png */ = {isa = PBXFileReference; lastKnownFileType = image.png; name = "stream-pen.png"; path = "Resources/stream-pen.png"; sourceTree = "<group>"; };
		5ACB736614D6044C0042828B /* MapKit.framework */ = {isa = PBXFileReference; lastKnownFileType = wrapper.framework; name = MapKit.framework; path = System/Library/Frameworks/MapKit.framework; sourceTree = SDKROOT; };
		5ACB736814D609270042828B /* MKMapView+ZoomLevel.h */ = {isa = PBXFileReference; fileEncoding = 4; lastKnownFileType = sourcecode.c.h; name = "MKMapView+ZoomLevel.h"; path = "Classes/MKMapView+ZoomLevel.h"; sourceTree = "<group>"; };
		5ACB736914D609270042828B /* MKMapView+ZoomLevel.m */ = {isa = PBXFileReference; fileEncoding = 4; lastKnownFileType = sourcecode.c.objc; name = "MKMapView+ZoomLevel.m"; path = "Classes/MKMapView+ZoomLevel.m"; sourceTree = "<group>"; };
		5ACB736F14D60F760042828B /* Event.h */ = {isa = PBXFileReference; fileEncoding = 4; lastKnownFileType = sourcecode.c.h; name = Event.h; path = Model/Event.h; sourceTree = "<group>"; };
		5ACB737014D60F760042828B /* Event.m */ = {isa = PBXFileReference; fileEncoding = 4; lastKnownFileType = sourcecode.c.objc; name = Event.m; path = Model/Event.m; sourceTree = "<group>"; };
		5AD0A27D14D144280052B43F /* camera-back.png */ = {isa = PBXFileReference; lastKnownFileType = image.png; path = "camera-back.png"; sourceTree = "<group>"; };
		5AD0A27E14D144280052B43F /* camera-cameraroll.png */ = {isa = PBXFileReference; lastKnownFileType = image.png; path = "camera-cameraroll.png"; sourceTree = "<group>"; };
		5AD0A27F14D144280052B43F /* camera-flash.png */ = {isa = PBXFileReference; lastKnownFileType = image.png; path = "camera-flash.png"; sourceTree = "<group>"; };
		5AD0A28014D144280052B43F /* camera-location.png */ = {isa = PBXFileReference; lastKnownFileType = image.png; path = "camera-location.png"; sourceTree = "<group>"; };
		5AD0A28114D144280052B43F /* camera-rotate.png */ = {isa = PBXFileReference; lastKnownFileType = image.png; path = "camera-rotate.png"; sourceTree = "<group>"; };
		5AD0A28214D144280052B43F /* camera-shutter.png */ = {isa = PBXFileReference; lastKnownFileType = image.png; path = "camera-shutter.png"; sourceTree = "<group>"; };
		5AD0A28314D144280052B43F /* stream-bar.png */ = {isa = PBXFileReference; lastKnownFileType = image.png; path = "stream-bar.png"; sourceTree = "<group>"; };
		5AD0A28414D144280052B43F /* stream-camera.png */ = {isa = PBXFileReference; lastKnownFileType = image.png; path = "stream-camera.png"; sourceTree = "<group>"; };
		5AD0A28514D144280052B43F /* stream-location.png */ = {isa = PBXFileReference; lastKnownFileType = image.png; path = "stream-location.png"; sourceTree = "<group>"; };
		5AD0A29E14D15C9D0052B43F /* PhotoStreamCell.h */ = {isa = PBXFileReference; fileEncoding = 4; lastKnownFileType = sourcecode.c.h; name = PhotoStreamCell.h; path = Classes/PhotoStreamCell.h; sourceTree = "<group>"; };
		5AD0A29F14D15C9D0052B43F /* PhotoStreamCell.m */ = {isa = PBXFileReference; fileEncoding = 4; lastKnownFileType = sourcecode.c.objc; name = PhotoStreamCell.m; path = Classes/PhotoStreamCell.m; sourceTree = "<group>"; };
		5AD1B29A14D096C900AC08F2 /* constants.h */ = {isa = PBXFileReference; fileEncoding = 4; lastKnownFileType = sourcecode.c.h; path = constants.h; sourceTree = "<group>"; };
		5AD3AC1C14D2A8A000C2B8A9 /* stream-location-middle.png */ = {isa = PBXFileReference; lastKnownFileType = image.png; name = "stream-location-middle.png"; path = "Resources/stream-location-middle.png"; sourceTree = "<group>"; };
		5ADD33FE14D7E03600952C03 /* NSNotificationCenter+OCMAdditions.h */ = {isa = PBXFileReference; fileEncoding = 4; lastKnownFileType = sourcecode.c.h; path = "NSNotificationCenter+OCMAdditions.h"; sourceTree = "<group>"; };
		5ADD33FF14D7E03600952C03 /* OCMArg.h */ = {isa = PBXFileReference; fileEncoding = 4; lastKnownFileType = sourcecode.c.h; path = OCMArg.h; sourceTree = "<group>"; };
		5ADD340014D7E03600952C03 /* OCMConstraint.h */ = {isa = PBXFileReference; fileEncoding = 4; lastKnownFileType = sourcecode.c.h; path = OCMConstraint.h; sourceTree = "<group>"; };
		5ADD340114D7E03600952C03 /* OCMock.h */ = {isa = PBXFileReference; fileEncoding = 4; lastKnownFileType = sourcecode.c.h; path = OCMock.h; sourceTree = "<group>"; };
		5ADD340214D7E03600952C03 /* OCMockObject.h */ = {isa = PBXFileReference; fileEncoding = 4; lastKnownFileType = sourcecode.c.h; path = OCMockObject.h; sourceTree = "<group>"; };
		5ADD340314D7E03600952C03 /* OCMockRecorder.h */ = {isa = PBXFileReference; fileEncoding = 4; lastKnownFileType = sourcecode.c.h; path = OCMockRecorder.h; sourceTree = "<group>"; };
		5ADD340414D7E03600952C03 /* libOCMock.a */ = {isa = PBXFileReference; lastKnownFileType = archive.ar; path = libOCMock.a; sourceTree = "<group>"; };
		5ADD340614D7E1CC00952C03 /* ModelMapper.h */ = {isa = PBXFileReference; fileEncoding = 4; lastKnownFileType = sourcecode.c.h; name = ModelMapper.h; path = Classes/ModelMapper.h; sourceTree = "<group>"; };
		5ADD340714D7E1CC00952C03 /* ModelMapper.m */ = {isa = PBXFileReference; fileEncoding = 4; lastKnownFileType = sourcecode.c.objc; name = ModelMapper.m; path = Classes/ModelMapper.m; sourceTree = "<group>"; };
		5ADD346114D7ECAA00952C03 /* NSDate-Utilities.h */ = {isa = PBXFileReference; fileEncoding = 4; lastKnownFileType = sourcecode.c.h; path = "NSDate-Utilities.h"; sourceTree = "<group>"; };
		5ADD346214D7ECAA00952C03 /* NSDate-Utilities.m */ = {isa = PBXFileReference; fileEncoding = 4; lastKnownFileType = sourcecode.c.objc; path = "NSDate-Utilities.m"; sourceTree = "<group>"; };
		5ADD346314D7ECAA00952C03 /* TimeFormatters.h */ = {isa = PBXFileReference; fileEncoding = 4; lastKnownFileType = sourcecode.c.h; path = TimeFormatters.h; sourceTree = "<group>"; };
		5ADD346414D7ECAA00952C03 /* TimeFormatters.m */ = {isa = PBXFileReference; fileEncoding = 4; lastKnownFileType = sourcecode.c.objc; path = TimeFormatters.m; sourceTree = "<group>"; };
		5AE2E22114E27BFC00F83DDF /* image_placeholder.png */ = {isa = PBXFileReference; lastKnownFileType = image.png; name = image_placeholder.png; path = Resources/image_placeholder.png; sourceTree = "<group>"; };
		5AE2E22B14E2808600F83DDF /* libTestFlight.a */ = {isa = PBXFileReference; lastKnownFileType = archive.ar; path = libTestFlight.a; sourceTree = "<group>"; };
		5AE2E22C14E2808600F83DDF /* TestFlight.h */ = {isa = PBXFileReference; fileEncoding = 4; lastKnownFileType = sourcecode.c.h; path = TestFlight.h; sourceTree = "<group>"; };
		5AE87DE514C80A9C00E16CCD /* Bello-Script.ttf */ = {isa = PBXFileReference; lastKnownFileType = file; name = "Bello-Script.ttf"; path = "Resources/Fonts/Bello-Script.ttf"; sourceTree = "<group>"; };
		5AE87DE614C80A9C00E16CCD /* Bello-ScriptLigatures.ttf */ = {isa = PBXFileReference; lastKnownFileType = file; name = "Bello-ScriptLigatures.ttf"; path = "Resources/Fonts/Bello-ScriptLigatures.ttf"; sourceTree = "<group>"; };
		5AE87DE714C80A9C00E16CCD /* Bello-SmCp.ttf */ = {isa = PBXFileReference; lastKnownFileType = file; name = "Bello-SmCp.ttf"; path = "Resources/Fonts/Bello-SmCp.ttf"; sourceTree = "<group>"; };
		5AE87DE814C80A9C00E16CCD /* Bello-WordsBody.ttf */ = {isa = PBXFileReference; lastKnownFileType = file; name = "Bello-WordsBody.ttf"; path = "Resources/Fonts/Bello-WordsBody.ttf"; sourceTree = "<group>"; };
		5AE87E9214C8174200E16CCD /* AssetsLibrary.framework */ = {isa = PBXFileReference; lastKnownFileType = wrapper.framework; name = AssetsLibrary.framework; path = System/Library/Frameworks/AssetsLibrary.framework; sourceTree = SDKROOT; };
		5AE87E9414C818E300E16CCD /* CoreMedia.framework */ = {isa = PBXFileReference; lastKnownFileType = wrapper.framework; name = CoreMedia.framework; path = System/Library/Frameworks/CoreMedia.framework; sourceTree = SDKROOT; };
		5AF77F0614CF4EF6000733E7 /* SlideFromRightSegue.h */ = {isa = PBXFileReference; fileEncoding = 4; lastKnownFileType = sourcecode.c.h; name = SlideFromRightSegue.h; path = Segues/SlideFromRightSegue.h; sourceTree = "<group>"; };
		5AF77F0714CF4EF6000733E7 /* SlideFromRightSegue.m */ = {isa = PBXFileReference; fileEncoding = 4; lastKnownFileType = sourcecode.c.objc; name = SlideFromRightSegue.m; path = Segues/SlideFromRightSegue.m; sourceTree = "<group>"; };
		5AF77F6614CFF38E000733E7 /* FileUploadHandler.h */ = {isa = PBXFileReference; fileEncoding = 4; lastKnownFileType = sourcecode.c.h; name = FileUploadHandler.h; path = Classes/FileUploadHandler.h; sourceTree = "<group>"; };
		5AF77F6714CFF38E000733E7 /* FileUploadHandler.m */ = {isa = PBXFileReference; fileEncoding = 4; lastKnownFileType = sourcecode.c.objc; name = FileUploadHandler.m; path = Classes/FileUploadHandler.m; sourceTree = "<group>"; };
		5AF77F6914CFF3A6000733E7 /* PictureUpload.h */ = {isa = PBXFileReference; fileEncoding = 4; lastKnownFileType = sourcecode.c.h; name = PictureUpload.h; path = Classes/PictureUpload.h; sourceTree = "<group>"; };
		5AF77F6A14CFF3A6000733E7 /* PictureUpload.m */ = {isa = PBXFileReference; fileEncoding = 4; lastKnownFileType = sourcecode.c.objc; name = PictureUpload.m; path = Classes/PictureUpload.m; sourceTree = "<group>"; };
/* End PBXFileReference section */

/* Begin PBXFrameworksBuildPhase section */
		5A1FBB4514D7673E00F46CEB /* Frameworks */ = {
			isa = PBXFrameworksBuildPhase;
			buildActionMask = 2147483647;
			files = (
				5ADD346014D7EA6D00952C03 /* CoreData.framework in Frameworks */,
				5A1FBB6414D7699400F46CEB /* libKiwi.a in Frameworks */,
				5A1FBB4A14D7673E00F46CEB /* SenTestingKit.framework in Frameworks */,
				5A1FBB4B14D7673E00F46CEB /* UIKit.framework in Frameworks */,
				5A1FBB4C14D7673E00F46CEB /* Foundation.framework in Frameworks */,
				5ADD340514D7E03600952C03 /* libOCMock.a in Frameworks */,
			);
			runOnlyForDeploymentPostprocessing = 0;
		};
		5A3A726D14C6949000ED25DE /* Frameworks */ = {
			isa = PBXFrameworksBuildPhase;
			buildActionMask = 2147483647;
			files = (
				5A8882B814D6965E00373FF0 /* Security.framework in Frameworks */,
				5ACB736714D6044C0042828B /* MapKit.framework in Frameworks */,
				5ABC01BB14C96D7100292CA1 /* libz.dylib in Frameworks */,
				5ABC01B914C96D6700292CA1 /* MobileCoreServices.framework in Frameworks */,
				5ABC01B714C96D5D00292CA1 /* SystemConfiguration.framework in Frameworks */,
				5ABC01B514C96D5400292CA1 /* CFNetwork.framework in Frameworks */,
				5ABC01B314C96CEF00292CA1 /* libxml2.dylib in Frameworks */,
				5A6EB3C114C8AFE3001A80E2 /* QuartzCore.framework in Frameworks */,
				5AE87E9514C818E300E16CCD /* CoreMedia.framework in Frameworks */,
				5AE87E9314C8174200E16CCD /* AssetsLibrary.framework in Frameworks */,
				5A7EC6A114C7A71A00B39893 /* AVFoundation.framework in Frameworks */,
				5A3A72B814C69C0100ED25DE /* CoreLocation.framework in Frameworks */,
				5A3A727514C6949000ED25DE /* UIKit.framework in Frameworks */,
				5A3A727714C6949000ED25DE /* Foundation.framework in Frameworks */,
				5A3A727914C6949000ED25DE /* CoreGraphics.framework in Frameworks */,
				5A3A727B14C6949000ED25DE /* CoreData.framework in Frameworks */,
				5AE2E22D14E2808600F83DDF /* libTestFlight.a in Frameworks */,
			);
			runOnlyForDeploymentPostprocessing = 0;
		};
/* End PBXFrameworksBuildPhase section */

/* Begin PBXGroup section */
		5A1FBB4D14D7673E00F46CEB /* uSnap.us-Tests */ = {
			isa = PBXGroup;
			children = (
				5ADD346814D7F3B600952C03 /* ModelSpecs */,
				5ADD346714D7F3A700952C03 /* HelperSpecs */,
				5ADD33FB14D7E00200952C03 /* libraries */,
				5A1FBB4E14D7673E00F46CEB /* Supporting Files */,
			);
			path = "uSnap.us-Tests";
			sourceTree = "<group>";
		};
		5A1FBB4E14D7673E00F46CEB /* Supporting Files */ = {
			isa = PBXGroup;
			children = (
				5A1FBB4F14D7673E00F46CEB /* uSnap.us-Tests-Info.plist */,
				5A1FBB5014D7673E00F46CEB /* InfoPlist.strings */,
				5A1FBB5614D7673E00F46CEB /* uSnap.us-Tests-Prefix.pch */,
			);
			name = "Supporting Files";
			sourceTree = "<group>";
		};
		5A3743A914D75C8900C95976 /* SBJson */ = {
			isa = PBXGroup;
			children = (
				5A3743AA14D75CCB00C95976 /* Classes */,
			);
			name = SBJson;
			sourceTree = "<group>";
		};
		5A3743AA14D75CCB00C95976 /* Classes */ = {
			isa = PBXGroup;
			children = (
				5A3743AB14D75CCB00C95976 /* NSObject+SBJson.h */,
				5A3743AC14D75CCB00C95976 /* NSObject+SBJson.m */,
				5A3743AD14D75CCB00C95976 /* SBJson.h */,
				5A3743AE14D75CCB00C95976 /* SBJsonParser.h */,
				5A3743AF14D75CCB00C95976 /* SBJsonParser.m */,
				5A3743B014D75CCB00C95976 /* SBJsonStreamParser.h */,
				5A3743B114D75CCB00C95976 /* SBJsonStreamParser.m */,
				5A3743B214D75CCB00C95976 /* SBJsonStreamParserAccumulator.h */,
				5A3743B314D75CCB00C95976 /* SBJsonStreamParserAccumulator.m */,
				5A3743B414D75CCB00C95976 /* SBJsonStreamParserAdapter.h */,
				5A3743B514D75CCB00C95976 /* SBJsonStreamParserAdapter.m */,
				5A3743B614D75CCB00C95976 /* SBJsonStreamParserState.h */,
				5A3743B714D75CCB00C95976 /* SBJsonStreamParserState.m */,
				5A3743B814D75CCB00C95976 /* SBJsonStreamWriter.h */,
				5A3743B914D75CCB00C95976 /* SBJsonStreamWriter.m */,
				5A3743BA14D75CCB00C95976 /* SBJsonStreamWriterAccumulator.h */,
				5A3743BB14D75CCB00C95976 /* SBJsonStreamWriterAccumulator.m */,
				5A3743BC14D75CCB00C95976 /* SBJsonStreamWriterState.h */,
				5A3743BD14D75CCB00C95976 /* SBJsonStreamWriterState.m */,
				5A3743BE14D75CCB00C95976 /* SBJsonTokeniser.h */,
				5A3743BF14D75CCB00C95976 /* SBJsonTokeniser.m */,
				5A3743C014D75CCB00C95976 /* SBJsonUTF8Stream.h */,
				5A3743C114D75CCB00C95976 /* SBJsonUTF8Stream.m */,
				5A3743C214D75CCB00C95976 /* SBJsonWriter.h */,
				5A3743C314D75CCB00C95976 /* SBJsonWriter.m */,
			);
			name = Classes;
			path = "json-framework/Classes";
			sourceTree = SOURCE_ROOT;
		};
		5A3A726514C6949000ED25DE = {
			isa = PBXGroup;
			children = (
				5A8F05C514E907E50004614F /* iphone_retina_icon.png */,
				5A8F05C314E907E10004614F /* iphone_icon.png */,
				5A3A727C14C6949000ED25DE /* uSnap */,
				5A1FBB4D14D7673E00F46CEB /* uSnap.us-Tests */,
				5A3A727314C6949000ED25DE /* Frameworks */,
				5A3A727114C6949000ED25DE /* Products */,
			);
			sourceTree = "<group>";
		};
		5A3A727114C6949000ED25DE /* Products */ = {
			isa = PBXGroup;
			children = (
				5A3A727014C6949000ED25DE /* uSnap.us.app */,
				5A1FBB4914D7673E00F46CEB /* uSnap.us-Tests.octest */,
			);
			name = Products;
			sourceTree = "<group>";
		};
		5A3A727314C6949000ED25DE /* Frameworks */ = {
			isa = PBXGroup;
			children = (
				5A1FBB6314D7699400F46CEB /* libKiwi.a */,
				5A8882B714D6965E00373FF0 /* Security.framework */,
				5ACB736614D6044C0042828B /* MapKit.framework */,
				5ABC01BA14C96D7100292CA1 /* libz.dylib */,
				5ABC01B814C96D6700292CA1 /* MobileCoreServices.framework */,
				5ABC01B614C96D5D00292CA1 /* SystemConfiguration.framework */,
				5ABC01B414C96D5400292CA1 /* CFNetwork.framework */,
				5ABC01B214C96CEF00292CA1 /* libxml2.dylib */,
				5A6EB3C014C8AFE3001A80E2 /* QuartzCore.framework */,
				5AE87E9414C818E300E16CCD /* CoreMedia.framework */,
				5AE87E9214C8174200E16CCD /* AssetsLibrary.framework */,
				5A7EC6A014C7A71A00B39893 /* AVFoundation.framework */,
				5A3A72B714C69C0100ED25DE /* CoreLocation.framework */,
				5A3A727414C6949000ED25DE /* UIKit.framework */,
				5A3A727614C6949000ED25DE /* Foundation.framework */,
				5A3A727814C6949000ED25DE /* CoreGraphics.framework */,
				5A3A727A14C6949000ED25DE /* CoreData.framework */,
				5A4D2BF814D75F46006B7152 /* SenTestingKit.framework */,
			);
			name = Frameworks;
			sourceTree = "<group>";
		};
		5A3A727C14C6949000ED25DE /* uSnap */ = {
			isa = PBXGroup;
			children = (
				5A3743A914D75C8900C95976 /* SBJson */,
				5A3A72B914C69C2000ED25DE /* Classes */,
				5A3A72AD14C6998F00ED25DE /* Resources */,
				5A3A729B14C694B600ED25DE /* Models */,
				5A3A729A14C694AE00ED25DE /* Views */,
				5A3A728514C6949000ED25DE /* USTAppDelegate.h */,
				5A3A728614C6949000ED25DE /* USTAppDelegate.m */,
				5A3A729914C6949800ED25DE /* Controllers */,
				5A3A727D14C6949000ED25DE /* Supporting Files */,
				5A8971B314C97A4B00AAB2B4 /* Segues */,
			);
			path = uSnap;
			sourceTree = "<group>";
		};
		5A3A727D14C6949000ED25DE /* Supporting Files */ = {
			isa = PBXGroup;
			children = (
				5A3A727E14C6949000ED25DE /* uSnap.us-Info.plist */,
				5A3A727F14C6949000ED25DE /* InfoPlist.strings */,
				5A3A728214C6949000ED25DE /* main.m */,
				5A3A728414C6949000ED25DE /* uSnap.us-Prefix.pch */,
			);
			name = "Supporting Files";
			sourceTree = "<group>";
		};
		5A3A729914C6949800ED25DE /* Controllers */ = {
			isa = PBXGroup;
			children = (
				5A3A729C14C6954300ED25DE /* CameraViewController.h */,
				5A3A729D14C6954300ED25DE /* CameraViewController.m */,
				5A3A729F14C6961300ED25DE /* SplashViewController.h */,
				5A3A72A014C6961300ED25DE /* SplashViewController.m */,
				5A8971AA14C9789C00AAB2B4 /* TimelineViewController.h */,
				5A8971AB14C9789C00AAB2B4 /* TimelineViewController.m */,
				5A8971AD14C978F600AAB2B4 /* EventSettingsViewController.h */,
				5A8971AE14C978F600AAB2B4 /* EventSettingsViewController.m */,
				5A88829A14D62EDC00373FF0 /* AddCodeViewController.h */,
				5A88829B14D62EDC00373FF0 /* AddCodeViewController.m */,
				5A88829D14D640D000373FF0 /* YourDetailsViewController.h */,
				5A88829E14D640D000373FF0 /* YourDetailsViewController.m */,
			);
			name = Controllers;
			sourceTree = "<group>";
		};
		5A3A729A14C694AE00ED25DE /* Views */ = {
			isa = PBXGroup;
			children = (
				5A3A728814C6949000ED25DE /* MainStoryboard.storyboard */,
			);
			name = Views;
			sourceTree = "<group>";
		};
		5A3A729B14C694B600ED25DE /* Models */ = {
			isa = PBXGroup;
			children = (
				5A3A728B14C6949000ED25DE /* uSnap.xcdatamodeld */,
				5ACB736F14D60F760042828B /* Event.h */,
				5ACB737014D60F760042828B /* Event.m */,
				5A3A72BD14C69EA300ED25DE /* Picture.h */,
				5A3A72BE14C69EA300ED25DE /* Picture.m */,
			);
			name = Models;
			sourceTree = "<group>";
		};
		5A3A72AD14C6998F00ED25DE /* Resources */ = {
			isa = PBXGroup;
			children = (
				5AF77F4914CFD98E000733E7 /* Images */,
				5A3A72AE14C6999B00ED25DE /* Fonts */,
			);
			name = Resources;
			sourceTree = "<group>";
		};
		5A3A72AE14C6999B00ED25DE /* Fonts */ = {
			isa = PBXGroup;
			children = (
				5AE87DE514C80A9C00E16CCD /* Bello-Script.ttf */,
				5AE87DE614C80A9C00E16CCD /* Bello-ScriptLigatures.ttf */,
				5AE87DE714C80A9C00E16CCD /* Bello-SmCp.ttf */,
				5AE87DE814C80A9C00E16CCD /* Bello-WordsBody.ttf */,
			);
			name = Fonts;
			sourceTree = "<group>";
		};
		5A3A72B914C69C2000ED25DE /* Classes */ = {
			isa = PBXGroup;
			children = (
				5AE2E22B14E2808600F83DDF /* libTestFlight.a */,
				5AE2E22C14E2808600F83DDF /* TestFlight.h */,
				5ADD346114D7ECAA00952C03 /* NSDate-Utilities.h */,
				5ADD346214D7ECAA00952C03 /* NSDate-Utilities.m */,
				5ADD346314D7ECAA00952C03 /* TimeFormatters.h */,
				5ADD346414D7ECAA00952C03 /* TimeFormatters.m */,
				5A8882B414D693E700373FF0 /* KeychainItemWrapper.h */,
				5A8882B514D693E700373FF0 /* KeychainItemWrapper.m */,
				5AD0A29E14D15C9D0052B43F /* PhotoStreamCell.h */,
				5AD0A29F14D15C9D0052B43F /* PhotoStreamCell.m */,
				5AD1B29A14D096C900AC08F2 /* constants.h */,
				5ABC014014C96C8E00292CA1 /* ASIHttpRequest */,
				5A6EB3C214C8B1C7001A80E2 /* UIImage+Alpha.h */,
				5A6EB3C314C8B1C7001A80E2 /* UIImage+Alpha.m */,
				5A6EB3C414C8B1C7001A80E2 /* UIImage+Resize.h */,
				5A6EB3C514C8B1C7001A80E2 /* UIImage+Resize.m */,
				5A6EB3C614C8B1C7001A80E2 /* UIImage+RoundedCorner.h */,
				5A6EB3C714C8B1C7001A80E2 /* UIImage+RoundedCorner.m */,
				5A3A72BA14C69C3C00ED25DE /* LocationHandler.h */,
				5A3A72BB14C69C3C00ED25DE /* LocationHandler.m */,
				5AF77F6614CFF38E000733E7 /* FileUploadHandler.h */,
				5AF77F6714CFF38E000733E7 /* FileUploadHandler.m */,
				5AF77F6914CFF3A6000733E7 /* PictureUpload.h */,
				5AF77F6A14CFF3A6000733E7 /* PictureUpload.m */,
				5AC7B8BF14D54C3300ECA754 /* CoolButton.h */,
				5AC7B8C014D54C3300ECA754 /* CoolButton.m */,
				5ACB736814D609270042828B /* MKMapView+ZoomLevel.h */,
				5ACB736914D609270042828B /* MKMapView+ZoomLevel.m */,
				5A88829714D620AB00373FF0 /* EventPinView.h */,
				5A88829814D620AB00373FF0 /* EventPinView.m */,
				5A8882AC14D6904400373FF0 /* ServerRegistrationManager.h */,
				5A8882AD14D6904400373FF0 /* ServerRegistrationManager.m */,
				5A8882B914D69FED00373FF0 /* NSString+UrlEncoding.h */,
				5A8882BA14D69FED00373FF0 /* NSString+UrlEncoding.m */,
				5ADD340614D7E1CC00952C03 /* ModelMapper.h */,
				5ADD340714D7E1CC00952C03 /* ModelMapper.m */,
				5A669E5F14D9021400630FD6 /* UIImage+fixOrientation.h */,
				5A669E6014D9021400630FD6 /* UIImage+fixOrientation.m */,
				5A8001ED14F38F1000C8D04A /* PhotoProgressView.h */,
				5A8001EE14F38F1000C8D04A /* PhotoProgressView.m */,
			);
			name = Classes;
			sourceTree = "<group>";
		};
		5A8971B314C97A4B00AAB2B4 /* Segues */ = {
			isa = PBXGroup;
			children = (
				5A8971B014C97A4400AAB2B4 /* SlideFromLeftSegue.h */,
				5A8971B114C97A4400AAB2B4 /* SlideFromLeftSegue.m */,
				5AF77F0614CF4EF6000733E7 /* SlideFromRightSegue.h */,
				5AF77F0714CF4EF6000733E7 /* SlideFromRightSegue.m */,
			);
			name = Segues;
			sourceTree = "<group>";
		};
		5ABC014014C96C8E00292CA1 /* ASIHttpRequest */ = {
			isa = PBXGroup;
			children = (
				5ABC01AF14C96CDC00292CA1 /* Reachability.h */,
				5ABC01B014C96CDC00292CA1 /* Reachability.m */,
				5ABC014114C96CA200292CA1 /* ASIHTTPRequestConfig.h */,
				5ABC014214C96CA200292CA1 /* ASICacheDelegate.h */,
				5ABC014314C96CA200292CA1 /* ASIHTTPRequestDelegate.h */,
				5ABC014414C96CA200292CA1 /* ASIProgressDelegate.h */,
				5ABC014514C96CA200292CA1 /* ASIAuthenticationDialog.h */,
				5ABC014614C96CA200292CA1 /* ASIAuthenticationDialog.m */,
				5ABC014714C96CA200292CA1 /* ASIInputStream.h */,
				5ABC014814C96CA200292CA1 /* ASIInputStream.m */,
				5ABC014914C96CA200292CA1 /* ASIFormDataRequest.h */,
				5ABC014A14C96CA200292CA1 /* ASIFormDataRequest.m */,
				5ABC014B14C96CA200292CA1 /* ASIHTTPRequest.h */,
				5ABC014C14C96CA200292CA1 /* ASIHTTPRequest.m */,
				5ABC014D14C96CA200292CA1 /* ASINetworkQueue.h */,
				5ABC014E14C96CA200292CA1 /* ASINetworkQueue.m */,
				5ABC014F14C96CA200292CA1 /* ASIDownloadCache.h */,
				5ABC015014C96CA200292CA1 /* ASIDownloadCache.m */,
				5ABC015114C96CA200292CA1 /* ASIDataDecompressor.h */,
				5ABC015214C96CA200292CA1 /* ASIDataDecompressor.m */,
				5ABC015314C96CA200292CA1 /* ASIDataCompressor.h */,
				5ABC015414C96CA200292CA1 /* ASIDataCompressor.m */,
				5ABC015614C96CA200292CA1 /* S3 */,
				5ABC015714C96CA200292CA1 /* CloudFiles */,
			);
			name = ASIHttpRequest;
			sourceTree = "<group>";
		};
		5ABC015614C96CA200292CA1 /* S3 */ = {
			isa = PBXGroup;
			children = (
				5ABC015B14C96CA200292CA1 /* ASIS3Bucket.h */,
				5ABC015C14C96CA200292CA1 /* ASIS3Bucket.m */,
				5ABC015D14C96CA200292CA1 /* ASIS3BucketRequest.h */,
				5ABC015E14C96CA200292CA1 /* ASIS3BucketRequest.m */,
				5ABC015F14C96CA200292CA1 /* ASIS3ObjectRequest.h */,
				5ABC016014C96CA200292CA1 /* ASIS3ObjectRequest.m */,
				5ABC016114C96CA200292CA1 /* ASIS3ServiceRequest.h */,
				5ABC016214C96CA200292CA1 /* ASIS3ServiceRequest.m */,
				5ABC016314C96CA200292CA1 /* ASIS3BucketObject.h */,
				5ABC016414C96CA200292CA1 /* ASIS3BucketObject.m */,
				5ABC016514C96CA200292CA1 /* ASIS3Request.h */,
				5ABC016614C96CA200292CA1 /* ASIS3Request.m */,
			);
			name = S3;
			path = "../pokeb-asi-http-request-4f95498/Classes/S3";
			sourceTree = "<group>";
		};
		5ABC015714C96CA200292CA1 /* CloudFiles */ = {
			isa = PBXGroup;
			children = (
				5ABC016714C96CA200292CA1 /* ASICloudFilesCDNRequest.h */,
				5ABC016814C96CA200292CA1 /* ASICloudFilesCDNRequest.m */,
				5ABC016914C96CA200292CA1 /* ASICloudFilesContainer.h */,
				5ABC016A14C96CA200292CA1 /* ASICloudFilesContainer.m */,
				5ABC016B14C96CA200292CA1 /* ASICloudFilesContainerRequest.h */,
				5ABC016C14C96CA200292CA1 /* ASICloudFilesContainerRequest.m */,
				5ABC016D14C96CA200292CA1 /* ASICloudFilesContainerXMLParserDelegate.h */,
				5ABC016E14C96CA200292CA1 /* ASICloudFilesContainerXMLParserDelegate.m */,
				5ABC016F14C96CA200292CA1 /* ASICloudFilesObject.h */,
				5ABC017014C96CA200292CA1 /* ASICloudFilesObject.m */,
				5ABC017114C96CA200292CA1 /* ASICloudFilesObjectRequest.h */,
				5ABC017214C96CA200292CA1 /* ASICloudFilesObjectRequest.m */,
				5ABC017314C96CA200292CA1 /* ASICloudFilesRequest.h */,
				5ABC017414C96CA200292CA1 /* ASICloudFilesRequest.m */,
			);
			name = CloudFiles;
			path = "../pokeb-asi-http-request-4f95498/Classes/CloudFiles";
			sourceTree = "<group>";
		};
		5ADD33FB14D7E00200952C03 /* libraries */ = {
			isa = PBXGroup;
			children = (
				5ADD33FC14D7E03600952C03 /* Headers */,
				5ADD340414D7E03600952C03 /* libOCMock.a */,
			);
			path = libraries;
			sourceTree = "<group>";
		};
		5ADD33FC14D7E03600952C03 /* Headers */ = {
			isa = PBXGroup;
			children = (
				5ADD33FD14D7E03600952C03 /* OCMock */,
			);
			path = Headers;
			sourceTree = "<group>";
		};
		5ADD33FD14D7E03600952C03 /* OCMock */ = {
			isa = PBXGroup;
			children = (
				5ADD33FE14D7E03600952C03 /* NSNotificationCenter+OCMAdditions.h */,
				5ADD33FF14D7E03600952C03 /* OCMArg.h */,
				5ADD340014D7E03600952C03 /* OCMConstraint.h */,
				5ADD340114D7E03600952C03 /* OCMock.h */,
				5ADD340214D7E03600952C03 /* OCMockObject.h */,
				5ADD340314D7E03600952C03 /* OCMockRecorder.h */,
			);
			path = OCMock;
			sourceTree = "<group>";
		};
		5ADD346714D7F3A700952C03 /* HelperSpecs */ = {
			isa = PBXGroup;
			children = (
				5A1FBB6114D768E400F46CEB /* ModelMapperSpec.m */,
			);
			name = HelperSpecs;
			sourceTree = "<group>";
		};
		5ADD346814D7F3B600952C03 /* ModelSpecs */ = {
			isa = PBXGroup;
			children = (
				5A60C30014D8A10F00B9B7E0 /* EventSpecs.m */,
			);
			name = ModelSpecs;
			sourceTree = "<group>";
		};
		5AF77F4914CFD98E000733E7 /* Images */ = {
			isa = PBXGroup;
			children = (
				5AACD5F014F77F64008FB005 /* cancel-button.png */,
				5AACD5F114F77F64008FB005 /* error.png */,
				5ABF80BF14E9BF31004789C0 /* stream-processing.png */,
				5AAE700714E79F4900DF8D9D /* check_selected.png */,
				5AAE700814E79F4900DF8D9D /* check_unselected.png */,
				5AAE700914E79F4900DF8D9D /* code_arrow.png */,
				5AAE700A14E79F4900DF8D9D /* details_arrow.png */,
				5AE2E22114E27BFC00F83DDF /* image_placeholder.png */,
				5AC7B8C214D5565D00ECA754 /* stream-pen.png */,
				5AD3AC1C14D2A8A000C2B8A9 /* stream-location-middle.png */,
				5AD0A27D14D144280052B43F /* camera-back.png */,
				5AD0A27E14D144280052B43F /* camera-cameraroll.png */,
				5AD0A27F14D144280052B43F /* camera-flash.png */,
				5AD0A28014D144280052B43F /* camera-location.png */,
				5AD0A28114D144280052B43F /* camera-rotate.png */,
				5AD0A28214D144280052B43F /* camera-shutter.png */,
				5AD0A28314D144280052B43F /* stream-bar.png */,
				5AD0A28414D144280052B43F /* stream-camera.png */,
				5AD0A28514D144280052B43F /* stream-location.png */,
			);
			name = Images;
			sourceTree = "<group>";
		};
/* End PBXGroup section */

/* Begin PBXNativeTarget section */
		5A1FBB4814D7673E00F46CEB /* uSnap.us-Tests */ = {
			isa = PBXNativeTarget;
			buildConfigurationList = 5A1FBB5714D7673E00F46CEB /* Build configuration list for PBXNativeTarget "uSnap.us-Tests" */;
			buildPhases = (
				5A1FBB4414D7673E00F46CEB /* Sources */,
				5A1FBB4514D7673E00F46CEB /* Frameworks */,
				5A1FBB4614D7673E00F46CEB /* Resources */,
				5A1FBB4714D7673E00F46CEB /* ShellScript */,
			);
			buildRules = (
			);
			dependencies = (
				5A1FBB5B14D7676400F46CEB /* PBXTargetDependency */,
			);
			name = "uSnap.us-Tests";
			productName = "uSnap.us-Tests";
			productReference = 5A1FBB4914D7673E00F46CEB /* uSnap.us-Tests.octest */;
			productType = "com.apple.product-type.bundle";
		};
		5A3A726F14C6949000ED25DE /* uSnap.us */ = {
			isa = PBXNativeTarget;
			buildConfigurationList = 5A3A729614C6949100ED25DE /* Build configuration list for PBXNativeTarget "uSnap.us" */;
			buildPhases = (
				5A3A726C14C6949000ED25DE /* Sources */,
				5A3A726D14C6949000ED25DE /* Frameworks */,
				5A3A726E14C6949000ED25DE /* Resources */,
			);
			buildRules = (
			);
			dependencies = (
			);
			name = uSnap.us;
			productName = uSnap;
			productReference = 5A3A727014C6949000ED25DE /* uSnap.us.app */;
			productType = "com.apple.product-type.application";
		};
/* End PBXNativeTarget section */

/* Begin PBXProject section */
		5A3A726714C6949000ED25DE /* Project object */ = {
			isa = PBXProject;
			attributes = {
				LastUpgradeCheck = 0430;
				ORGANIZATIONNAME = "uSnap.us Limited";
			};
			buildConfigurationList = 5A3A726A14C6949000ED25DE /* Build configuration list for PBXProject "uSnap.us" */;
			compatibilityVersion = "Xcode 3.2";
			developmentRegion = English;
			hasScannedForEncodings = 0;
			knownRegions = (
				en,
			);
			mainGroup = 5A3A726514C6949000ED25DE;
			productRefGroup = 5A3A727114C6949000ED25DE /* Products */;
			projectDirPath = "";
			projectRoot = "";
			targets = (
				5A3A726F14C6949000ED25DE /* uSnap.us */,
				5A1FBB4814D7673E00F46CEB /* uSnap.us-Tests */,
			);
		};
/* End PBXProject section */

/* Begin PBXResourcesBuildPhase section */
		5A1FBB4614D7673E00F46CEB /* Resources */ = {
			isa = PBXResourcesBuildPhase;
			buildActionMask = 2147483647;
			files = (
				5A1FBB5214D7673E00F46CEB /* InfoPlist.strings in Resources */,
			);
			runOnlyForDeploymentPostprocessing = 0;
		};
		5A3A726E14C6949000ED25DE /* Resources */ = {
			isa = PBXResourcesBuildPhase;
			buildActionMask = 2147483647;
			files = (
				5A3A728114C6949000ED25DE /* InfoPlist.strings in Resources */,
				5A3A728A14C6949000ED25DE /* MainStoryboard.storyboard in Resources */,
				5AE87DE914C80A9C00E16CCD /* Bello-Script.ttf in Resources */,
				5AE87DEA14C80A9C00E16CCD /* Bello-ScriptLigatures.ttf in Resources */,
				5AE87DEB14C80A9C00E16CCD /* Bello-SmCp.ttf in Resources */,
				5AE87DEC14C80A9C00E16CCD /* Bello-WordsBody.ttf in Resources */,
				5AD0A28614D144280052B43F /* camera-back.png in Resources */,
				5AD0A28714D144280052B43F /* camera-cameraroll.png in Resources */,
				5AD0A28814D144280052B43F /* camera-flash.png in Resources */,
				5AD0A28914D144280052B43F /* camera-location.png in Resources */,
				5AD0A28A14D144280052B43F /* camera-rotate.png in Resources */,
				5AD0A28B14D144280052B43F /* camera-shutter.png in Resources */,
				5AD0A28C14D144280052B43F /* stream-bar.png in Resources */,
				5AD0A28D14D144280052B43F /* stream-camera.png in Resources */,
				5AD0A28E14D144280052B43F /* stream-location.png in Resources */,
				5AD3AC1D14D2A8A000C2B8A9 /* stream-location-middle.png in Resources */,
				5AC7B8C314D5565D00ECA754 /* stream-pen.png in Resources */,
				5AE2E22214E27BFC00F83DDF /* image_placeholder.png in Resources */,
				5AAE700B14E79F4900DF8D9D /* check_selected.png in Resources */,
				5AAE700C14E79F4900DF8D9D /* check_unselected.png in Resources */,
				5AAE700D14E79F4900DF8D9D /* code_arrow.png in Resources */,
				5AAE700E14E79F4900DF8D9D /* details_arrow.png in Resources */,
				5A8F05C414E907E10004614F /* iphone_icon.png in Resources */,
				5A8F05C614E907E50004614F /* iphone_retina_icon.png in Resources */,
				5ABF80C014E9BF31004789C0 /* stream-processing.png in Resources */,
				5AACD5F214F77F64008FB005 /* cancel-button.png in Resources */,
				5AACD5F314F77F64008FB005 /* error.png in Resources */,
			);
			runOnlyForDeploymentPostprocessing = 0;
		};
/* End PBXResourcesBuildPhase section */

/* Begin PBXShellScriptBuildPhase section */
		5A1FBB4714D7673E00F46CEB /* ShellScript */ = {
			isa = PBXShellScriptBuildPhase;
			buildActionMask = 2147483647;
			files = (
			);
			inputPaths = (
			);
			outputPaths = (
			);
			runOnlyForDeploymentPostprocessing = 0;
			shellPath = /bin/sh;
			shellScript = "# Run the unit tests in this test bundle.\n\"${SYSTEM_DEVELOPER_DIR}/Tools/RunUnitTests\"\n";
		};
/* End PBXShellScriptBuildPhase section */

/* Begin PBXSourcesBuildPhase section */
		5A1FBB4414D7673E00F46CEB /* Sources */ = {
			isa = PBXSourcesBuildPhase;
			buildActionMask = 2147483647;
			files = (
				5A1FBB6214D768E400F46CEB /* ModelMapperSpec.m in Sources */,
				5A60C30114D8A10F00B9B7E0 /* EventSpecs.m in Sources */,
			);
			runOnlyForDeploymentPostprocessing = 0;
		};
		5A3A726C14C6949000ED25DE /* Sources */ = {
			isa = PBXSourcesBuildPhase;
			buildActionMask = 2147483647;
			files = (
				5A2E48B715106E1B003BEC1C /* UIImage+Alpha.m in Sources */,
				5A2E48B815106E1B003BEC1C /* UIImage+Resize.m in Sources */,
				5A2E48B915106E1B003BEC1C /* UIImage+RoundedCorner.m in Sources */,
				5ADD340914D7E58400952C03 /* ModelMapper.m in Sources */,
				5A3A728314C6949000ED25DE /* main.m in Sources */,
				5A3A728714C6949000ED25DE /* USTAppDelegate.m in Sources */,
				5A3A728D14C6949000ED25DE /* uSnap.xcdatamodeld in Sources */,
				5A3A729E14C6954300ED25DE /* CameraViewController.m in Sources */,
				5A3A72A114C6961300ED25DE /* SplashViewController.m in Sources */,
				5A3A72BC14C69C3C00ED25DE /* LocationHandler.m in Sources */,
				5A3A72BF14C69EA300ED25DE /* Picture.m in Sources */,
				5ABC018D14C96CA300292CA1 /* ASIAuthenticationDialog.m in Sources */,
				5ABC018E14C96CA300292CA1 /* ASIInputStream.m in Sources */,
				5ABC018F14C96CA300292CA1 /* ASIFormDataRequest.m in Sources */,
				5ABC019014C96CA300292CA1 /* ASIHTTPRequest.m in Sources */,
				5ABC019114C96CA300292CA1 /* ASINetworkQueue.m in Sources */,
				5ABC019214C96CA300292CA1 /* ASIDownloadCache.m in Sources */,
				5ABC019314C96CA300292CA1 /* ASIDataDecompressor.m in Sources */,
				5ABC019414C96CA300292CA1 /* ASIDataCompressor.m in Sources */,
				5ABC019614C96CA300292CA1 /* ASIS3Bucket.m in Sources */,
				5ABC019714C96CA300292CA1 /* ASIS3BucketRequest.m in Sources */,
				5ABC019814C96CA300292CA1 /* ASIS3ObjectRequest.m in Sources */,
				5ABC019914C96CA300292CA1 /* ASIS3ServiceRequest.m in Sources */,
				5ABC019A14C96CA300292CA1 /* ASIS3BucketObject.m in Sources */,
				5ABC019B14C96CA300292CA1 /* ASIS3Request.m in Sources */,
				5ABC019C14C96CA300292CA1 /* ASICloudFilesCDNRequest.m in Sources */,
				5ABC019D14C96CA300292CA1 /* ASICloudFilesContainer.m in Sources */,
				5ABC019E14C96CA300292CA1 /* ASICloudFilesContainerRequest.m in Sources */,
				5ABC019F14C96CA300292CA1 /* ASICloudFilesContainerXMLParserDelegate.m in Sources */,
				5ABC01A014C96CA300292CA1 /* ASICloudFilesObject.m in Sources */,
				5ABC01A114C96CA300292CA1 /* ASICloudFilesObjectRequest.m in Sources */,
				5ABC01A214C96CA300292CA1 /* ASICloudFilesRequest.m in Sources */,
				5ABC01B114C96CDC00292CA1 /* Reachability.m in Sources */,
				5A8971AC14C9789C00AAB2B4 /* TimelineViewController.m in Sources */,
				5A8971AF14C978F600AAB2B4 /* EventSettingsViewController.m in Sources */,
				5A8971B214C97A4400AAB2B4 /* SlideFromLeftSegue.m in Sources */,
				5AF77F0814CF4EF6000733E7 /* SlideFromRightSegue.m in Sources */,
				5AF77F6814CFF38E000733E7 /* FileUploadHandler.m in Sources */,
				5AF77F6B14CFF3A6000733E7 /* PictureUpload.m in Sources */,
				5AD0A2A014D15C9D0052B43F /* PhotoStreamCell.m in Sources */,
				5AC7B8C114D54C3300ECA754 /* CoolButton.m in Sources */,
				5ACB736A14D609270042828B /* MKMapView+ZoomLevel.m in Sources */,
				5ACB737114D60F760042828B /* Event.m in Sources */,
				5A88829914D620AB00373FF0 /* EventPinView.m in Sources */,
				5A88829C14D62EDC00373FF0 /* AddCodeViewController.m in Sources */,
				5A88829F14D640D000373FF0 /* YourDetailsViewController.m in Sources */,
				5A8882AE14D6904400373FF0 /* ServerRegistrationManager.m in Sources */,
				5A8882B614D693E700373FF0 /* KeychainItemWrapper.m in Sources */,
				5A8882BB14D69FED00373FF0 /* NSString+UrlEncoding.m in Sources */,
				5A3743C414D75CCB00C95976 /* NSObject+SBJson.m in Sources */,
				5A3743C514D75CCB00C95976 /* SBJsonParser.m in Sources */,
				5A3743C614D75CCB00C95976 /* SBJsonStreamParser.m in Sources */,
				5A3743C714D75CCB00C95976 /* SBJsonStreamParserAccumulator.m in Sources */,
				5A3743C814D75CCB00C95976 /* SBJsonStreamParserAdapter.m in Sources */,
				5A3743C914D75CCB00C95976 /* SBJsonStreamParserState.m in Sources */,
				5A3743CA14D75CCB00C95976 /* SBJsonStreamWriter.m in Sources */,
				5A3743CB14D75CCB00C95976 /* SBJsonStreamWriterAccumulator.m in Sources */,
				5A3743CC14D75CCB00C95976 /* SBJsonStreamWriterState.m in Sources */,
				5A3743CD14D75CCB00C95976 /* SBJsonTokeniser.m in Sources */,
				5A3743CE14D75CCB00C95976 /* SBJsonUTF8Stream.m in Sources */,
				5A3743CF14D75CCB00C95976 /* SBJsonWriter.m in Sources */,
				5ADD346514D7ECAA00952C03 /* NSDate-Utilities.m in Sources */,
				5ADD346614D7ECAA00952C03 /* TimeFormatters.m in Sources */,
				5A669E6114D9021400630FD6 /* UIImage+fixOrientation.m in Sources */,
				5A8001EF14F38F1000C8D04A /* PhotoProgressView.m in Sources */,
			);
			runOnlyForDeploymentPostprocessing = 0;
		};
/* End PBXSourcesBuildPhase section */

/* Begin PBXTargetDependency section */
		5A1FBB5B14D7676400F46CEB /* PBXTargetDependency */ = {
			isa = PBXTargetDependency;
			target = 5A3A726F14C6949000ED25DE /* uSnap.us */;
			targetProxy = 5A1FBB5A14D7676400F46CEB /* PBXContainerItemProxy */;
		};
/* End PBXTargetDependency section */

/* Begin PBXVariantGroup section */
		5A1FBB5014D7673E00F46CEB /* InfoPlist.strings */ = {
			isa = PBXVariantGroup;
			children = (
				5A1FBB5114D7673E00F46CEB /* en */,
			);
			name = InfoPlist.strings;
			sourceTree = "<group>";
		};
		5A3A727F14C6949000ED25DE /* InfoPlist.strings */ = {
			isa = PBXVariantGroup;
			children = (
				5A3A728014C6949000ED25DE /* en */,
			);
			name = InfoPlist.strings;
			sourceTree = "<group>";
		};
		5A3A728814C6949000ED25DE /* MainStoryboard.storyboard */ = {
			isa = PBXVariantGroup;
			children = (
				5A3A728914C6949000ED25DE /* en */,
			);
			name = MainStoryboard.storyboard;
			sourceTree = "<group>";
		};
/* End PBXVariantGroup section */

/* Begin XCBuildConfiguration section */
		5A1FBB5814D7673E00F46CEB /* Debug */ = {
			isa = XCBuildConfiguration;
			buildSettings = {
				BUNDLE_LOADER = "$(BUILT_PRODUCTS_DIR)/uSnap.us.app/uSnap.us";
				FRAMEWORK_SEARCH_PATHS = (
					"$(SDKROOT)/Developer/Library/Frameworks",
					"$(DEVELOPER_LIBRARY_DIR)/Frameworks",
				);
				GCC_PRECOMPILE_PREFIX_HEADER = YES;
				GCC_PREFIX_HEADER = "uSnap.us-Tests/uSnap.us-Tests-Prefix.pch";
				"HEADER_SEARCH_PATHS[arch=*]" = "$(SRCROOT)/uSnap.us-Tests/libraries/**";
				INFOPLIST_FILE = "uSnap.us-Tests/uSnap.us-Tests-Info.plist";
				LIBRARY_SEARCH_PATHS = (
					"$(inherited)",
					"\"$(SRCROOT)/uSnap.us-Tests/libraries\"",
				);
				OTHER_LDFLAGS = "-all_load";
				PRODUCT_NAME = "$(TARGET_NAME)";
				TEST_HOST = "$(BUNDLE_LOADER)";
				USER_HEADER_SEARCH_PATHS = "${PROJECT_DIR}/Kiwi/Kiwi/**";
				WRAPPER_EXTENSION = octest;
			};
			name = Debug;
		};
		5A1FBB5914D7673E00F46CEB /* Release */ = {
			isa = XCBuildConfiguration;
			buildSettings = {
				BUNDLE_LOADER = "$(BUILT_PRODUCTS_DIR)/uSnap.us.app/uSnap.us";
				FRAMEWORK_SEARCH_PATHS = (
					"$(SDKROOT)/Developer/Library/Frameworks",
					"$(DEVELOPER_LIBRARY_DIR)/Frameworks",
				);
				GCC_PRECOMPILE_PREFIX_HEADER = YES;
				GCC_PREFIX_HEADER = "uSnap.us-Tests/uSnap.us-Tests-Prefix.pch";
				"HEADER_SEARCH_PATHS[arch=*]" = "$(SRCROOT)/uSnap.us-Tests/libraries/**";
				INFOPLIST_FILE = "uSnap.us-Tests/uSnap.us-Tests-Info.plist";
				LIBRARY_SEARCH_PATHS = (
					"$(inherited)",
					"\"$(SRCROOT)/uSnap.us-Tests/libraries\"",
				);
				OTHER_LDFLAGS = "-all_load";
				PRODUCT_NAME = "$(TARGET_NAME)";
				TEST_HOST = "$(BUNDLE_LOADER)";
				USER_HEADER_SEARCH_PATHS = "${PROJECT_DIR}/Kiwi/Kiwi/**";
				WRAPPER_EXTENSION = octest;
			};
			name = Release;
		};
		5A3A729414C6949000ED25DE /* Debug */ = {
			isa = XCBuildConfiguration;
			buildSettings = {
				ARCHS = "$(ARCHS_STANDARD_32_BIT)";
				CODE_SIGN_IDENTITY = "";
				"CODE_SIGN_IDENTITY[sdk=iphoneos*]" = "iPhone Developer";
				COPY_PHASE_STRIP = NO;
				GCC_C_LANGUAGE_STANDARD = gnu99;
				GCC_DYNAMIC_NO_PIC = NO;
				GCC_OPTIMIZATION_LEVEL = 0;
				GCC_PREPROCESSOR_DEFINITIONS = (
					"DEBUG=1",
					"$(inherited)",
				);
				GCC_SYMBOLS_PRIVATE_EXTERN = NO;
				GCC_VERSION = com.apple.compilers.llvm.clang.1_0;
				GCC_WARN_ABOUT_MISSING_PROTOTYPES = YES;
				GCC_WARN_ABOUT_RETURN_TYPE = YES;
				GCC_WARN_UNUSED_VARIABLE = YES;
				IPHONEOS_DEPLOYMENT_TARGET = 5.0;
				"PROVISIONING_PROFILE[sdk=iphoneos*]" = "";
				SDKROOT = iphoneos;
			};
			name = Debug;
		};
		5A3A729514C6949000ED25DE /* Release */ = {
			isa = XCBuildConfiguration;
			buildSettings = {
				ARCHS = "$(ARCHS_STANDARD_32_BIT)";
				CODE_SIGN_IDENTITY = "";
				"CODE_SIGN_IDENTITY[sdk=iphoneos*]" = "iPhone Developer";
				COPY_PHASE_STRIP = YES;
				GCC_C_LANGUAGE_STANDARD = gnu99;
				GCC_VERSION = com.apple.compilers.llvm.clang.1_0;
				GCC_WARN_ABOUT_MISSING_PROTOTYPES = YES;
				GCC_WARN_ABOUT_RETURN_TYPE = YES;
				GCC_WARN_UNUSED_VARIABLE = YES;
				IPHONEOS_DEPLOYMENT_TARGET = 5.0;
				OTHER_CFLAGS = "-DNS_BLOCK_ASSERTIONS=1";
				"PROVISIONING_PROFILE[sdk=iphoneos*]" = "";
				SDKROOT = iphoneos;
				VALIDATE_PRODUCT = YES;
			};
			name = Release;
		};
		5A3A729714C6949100ED25DE /* Debug */ = {
			isa = XCBuildConfiguration;
			buildSettings = {
				BUNDLE_LOADER = "";
				"CODE_SIGN_IDENTITY[sdk=iphoneos*]" = "iPhone Developer";
				GCC_PRECOMPILE_PREFIX_HEADER = YES;
				GCC_PREFIX_HEADER = "uSnap/uSnap.us-Prefix.pch";
				INFOPLIST_FILE = "uSnap/uSnap.us-Info.plist";
				IPHONEOS_DEPLOYMENT_TARGET = 4.0;
				LIBRARY_SEARCH_PATHS = (
					"$(inherited)",
					"\"$(SRCROOT)/uSnap\"",
				);
				OTHER_LDFLAGS = "-ObjC";
				PRODUCT_NAME = uSnap.us;
				"PROVISIONING_PROFILE[sdk=iphoneos*]" = "";
				SCAN_ALL_SOURCE_FILES_FOR_INCLUDES = YES;
				TEST_HOST = "";
				WRAPPER_EXTENSION = app;
			};
			name = Debug;
		};
		5A3A729814C6949100ED25DE /* Release */ = {
			isa = XCBuildConfiguration;
			buildSettings = {
				BUNDLE_LOADER = "";
				"CODE_SIGN_IDENTITY[sdk=iphoneos*]" = "iPhone Developer";
				COPY_PHASE_STRIP = NO;
				GCC_PRECOMPILE_PREFIX_HEADER = YES;
				GCC_PREFIX_HEADER = "uSnap/uSnap.us-Prefix.pch";
				INFOPLIST_FILE = "uSnap/uSnap.us-Info.plist";
				IPHONEOS_DEPLOYMENT_TARGET = 4.0;
				LIBRARY_SEARCH_PATHS = (
					"$(inherited)",
					"\"$(SRCROOT)/uSnap\"",
				);
				OTHER_LDFLAGS = "-ObjC";
				PRODUCT_NAME = uSnap.us;
				"PROVISIONING_PROFILE[sdk=iphoneos*]" = "";
				SCAN_ALL_SOURCE_FILES_FOR_INCLUDES = YES;
				TEST_HOST = "";
				WRAPPER_EXTENSION = app;
			};
			name = Release;
		};
/* End XCBuildConfiguration section */

/* Begin XCConfigurationList section */
		5A1FBB5714D7673E00F46CEB /* Build configuration list for PBXNativeTarget "uSnap.us-Tests" */ = {
			isa = XCConfigurationList;
			buildConfigurations = (
				5A1FBB5814D7673E00F46CEB /* Debug */,
				5A1FBB5914D7673E00F46CEB /* Release */,
			);
			defaultConfigurationIsVisible = 0;
			defaultConfigurationName = Release;
		};
		5A3A726A14C6949000ED25DE /* Build configuration list for PBXProject "uSnap.us" */ = {
			isa = XCConfigurationList;
			buildConfigurations = (
				5A3A729414C6949000ED25DE /* Debug */,
				5A3A729514C6949000ED25DE /* Release */,
			);
			defaultConfigurationIsVisible = 0;
			defaultConfigurationName = Release;
		};
		5A3A729614C6949100ED25DE /* Build configuration list for PBXNativeTarget "uSnap.us" */ = {
			isa = XCConfigurationList;
			buildConfigurations = (
				5A3A729714C6949100ED25DE /* Debug */,
				5A3A729814C6949100ED25DE /* Release */,
			);
			defaultConfigurationIsVisible = 0;
			defaultConfigurationName = Release;
		};
/* End XCConfigurationList section */

/* Begin XCVersionGroup section */
		5A3A728B14C6949000ED25DE /* uSnap.xcdatamodeld */ = {
			isa = XCVersionGroup;
			children = (
				5A3A728C14C6949000ED25DE /* uSnap.xcdatamodel */,
			);
			currentVersion = 5A3A728C14C6949000ED25DE /* uSnap.xcdatamodel */;
			path = uSnap.xcdatamodeld;
			sourceTree = "<group>";
			versionGroupType = wrapper.xcdatamodel;
		};
/* End XCVersionGroup section */
	};
	rootObject = 5A3A726714C6949000ED25DE /* Project object */;
}
