// !$*UTF8*$!
{
	archiveVersion = 1;
	classes = {
	};
	objectVersion = 46;
	objects = {

/* Begin PBXBuildFile section */
		5A3A727514C6949000ED25DE /* UIKit.framework in Frameworks */ = {isa = PBXBuildFile; fileRef = 5A3A727414C6949000ED25DE /* UIKit.framework */; };
		5A3A727714C6949000ED25DE /* Foundation.framework in Frameworks */ = {isa = PBXBuildFile; fileRef = 5A3A727614C6949000ED25DE /* Foundation.framework */; };
		5A3A727914C6949000ED25DE /* CoreGraphics.framework in Frameworks */ = {isa = PBXBuildFile; fileRef = 5A3A727814C6949000ED25DE /* CoreGraphics.framework */; };
		5A3A727B14C6949000ED25DE /* CoreData.framework in Frameworks */ = {isa = PBXBuildFile; fileRef = 5A3A727A14C6949000ED25DE /* CoreData.framework */; };
		5A3A728114C6949000ED25DE /* InfoPlist.strings in Resources */ = {isa = PBXBuildFile; fileRef = 5A3A727F14C6949000ED25DE /* InfoPlist.strings */; };
		5A3A728314C6949000ED25DE /* main.m in Sources */ = {isa = PBXBuildFile; fileRef = 5A3A728214C6949000ED25DE /* main.m */; };
		5A3A728714C6949000ED25DE /* USTAppDelegate.m in Sources */ = {isa = PBXBuildFile; fileRef = 5A3A728614C6949000ED25DE /* USTAppDelegate.m */; };
		5A3A728A14C6949000ED25DE /* MainStoryboard.storyboard in Resources */ = {isa = PBXBuildFile; fileRef = 5A3A728814C6949000ED25DE /* MainStoryboard.storyboard */; };
		5A3A728D14C6949000ED25DE /* uSnap.xcdatamodeld in Sources */ = {isa = PBXBuildFile; fileRef = 5A3A728B14C6949000ED25DE /* uSnap.xcdatamodeld */; };
		5A3A729E14C6954300ED25DE /* CameraViewController.m in Sources */ = {isa = PBXBuildFile; fileRef = 5A3A729D14C6954300ED25DE /* CameraViewController.m */; };
		5A3A72A114C6961300ED25DE /* SplashViewController.m in Sources */ = {isa = PBXBuildFile; fileRef = 5A3A72A014C6961300ED25DE /* SplashViewController.m */; };
		5A3A72A614C696EF00ED25DE /* iphone_retina_icon.png in Resources */ = {isa = PBXBuildFile; fileRef = 5A3A72A414C696EF00ED25DE /* iphone_retina_icon.png */; };
		5A3A72B814C69C0100ED25DE /* CoreLocation.framework in Frameworks */ = {isa = PBXBuildFile; fileRef = 5A3A72B714C69C0100ED25DE /* CoreLocation.framework */; };
		5A3A72BC14C69C3C00ED25DE /* LocationHandler.m in Sources */ = {isa = PBXBuildFile; fileRef = 5A3A72BB14C69C3C00ED25DE /* LocationHandler.m */; };
		5A3A72BF14C69EA300ED25DE /* Picture.m in Sources */ = {isa = PBXBuildFile; fileRef = 5A3A72BE14C69EA300ED25DE /* Picture.m */; };
		5A6EB3C114C8AFE3001A80E2 /* QuartzCore.framework in Frameworks */ = {isa = PBXBuildFile; fileRef = 5A6EB3C014C8AFE3001A80E2 /* QuartzCore.framework */; };
		5A6EB3C814C8B1C7001A80E2 /* UIImage+Alpha.m in Sources */ = {isa = PBXBuildFile; fileRef = 5A6EB3C314C8B1C7001A80E2 /* UIImage+Alpha.m */; };
		5A6EB3C914C8B1C7001A80E2 /* UIImage+Resize.m in Sources */ = {isa = PBXBuildFile; fileRef = 5A6EB3C514C8B1C7001A80E2 /* UIImage+Resize.m */; };
		5A6EB3CA14C8B1C7001A80E2 /* UIImage+RoundedCorner.m in Sources */ = {isa = PBXBuildFile; fileRef = 5A6EB3C714C8B1C7001A80E2 /* UIImage+RoundedCorner.m */; };
		5A7EC6A114C7A71A00B39893 /* AVFoundation.framework in Frameworks */ = {isa = PBXBuildFile; fileRef = 5A7EC6A014C7A71A00B39893 /* AVFoundation.framework */; };
		5A8971AC14C9789C00AAB2B4 /* TimelineViewController.m in Sources */ = {isa = PBXBuildFile; fileRef = 5A8971AB14C9789C00AAB2B4 /* TimelineViewController.m */; };
		5A8971AF14C978F600AAB2B4 /* EventSettingsViewController.m in Sources */ = {isa = PBXBuildFile; fileRef = 5A8971AE14C978F600AAB2B4 /* EventSettingsViewController.m */; };
		5A8971B214C97A4400AAB2B4 /* SlideFromLeftSegue.m in Sources */ = {isa = PBXBuildFile; fileRef = 5A8971B114C97A4400AAB2B4 /* SlideFromLeftSegue.m */; };
		5ABC018D14C96CA300292CA1 /* ASIAuthenticationDialog.m in Sources */ = {isa = PBXBuildFile; fileRef = 5ABC014614C96CA200292CA1 /* ASIAuthenticationDialog.m */; };
		5ABC018E14C96CA300292CA1 /* ASIInputStream.m in Sources */ = {isa = PBXBuildFile; fileRef = 5ABC014814C96CA200292CA1 /* ASIInputStream.m */; };
		5ABC018F14C96CA300292CA1 /* ASIFormDataRequest.m in Sources */ = {isa = PBXBuildFile; fileRef = 5ABC014A14C96CA200292CA1 /* ASIFormDataRequest.m */; };
		5ABC019014C96CA300292CA1 /* ASIHTTPRequest.m in Sources */ = {isa = PBXBuildFile; fileRef = 5ABC014C14C96CA200292CA1 /* ASIHTTPRequest.m */; };
		5ABC019114C96CA300292CA1 /* ASINetworkQueue.m in Sources */ = {isa = PBXBuildFile; fileRef = 5ABC014E14C96CA200292CA1 /* ASINetworkQueue.m */; };
		5ABC019214C96CA300292CA1 /* ASIDownloadCache.m in Sources */ = {isa = PBXBuildFile; fileRef = 5ABC015014C96CA200292CA1 /* ASIDownloadCache.m */; };
		5ABC019314C96CA300292CA1 /* ASIDataDecompressor.m in Sources */ = {isa = PBXBuildFile; fileRef = 5ABC015214C96CA200292CA1 /* ASIDataDecompressor.m */; };
		5ABC019414C96CA300292CA1 /* ASIDataCompressor.m in Sources */ = {isa = PBXBuildFile; fileRef = 5ABC015414C96CA200292CA1 /* ASIDataCompressor.m */; };
		5ABC019614C96CA300292CA1 /* ASIS3Bucket.m in Sources */ = {isa = PBXBuildFile; fileRef = 5ABC015C14C96CA200292CA1 /* ASIS3Bucket.m */; };
		5ABC019714C96CA300292CA1 /* ASIS3BucketRequest.m in Sources */ = {isa = PBXBuildFile; fileRef = 5ABC015E14C96CA200292CA1 /* ASIS3BucketRequest.m */; };
		5ABC019814C96CA300292CA1 /* ASIS3ObjectRequest.m in Sources */ = {isa = PBXBuildFile; fileRef = 5ABC016014C96CA200292CA1 /* ASIS3ObjectRequest.m */; };
		5ABC019914C96CA300292CA1 /* ASIS3ServiceRequest.m in Sources */ = {isa = PBXBuildFile; fileRef = 5ABC016214C96CA200292CA1 /* ASIS3ServiceRequest.m */; };
		5ABC019A14C96CA300292CA1 /* ASIS3BucketObject.m in Sources */ = {isa = PBXBuildFile; fileRef = 5ABC016414C96CA200292CA1 /* ASIS3BucketObject.m */; };
		5ABC019B14C96CA300292CA1 /* ASIS3Request.m in Sources */ = {isa = PBXBuildFile; fileRef = 5ABC016614C96CA200292CA1 /* ASIS3Request.m */; };
		5ABC019C14C96CA300292CA1 /* ASICloudFilesCDNRequest.m in Sources */ = {isa = PBXBuildFile; fileRef = 5ABC016814C96CA200292CA1 /* ASICloudFilesCDNRequest.m */; };
		5ABC019D14C96CA300292CA1 /* ASICloudFilesContainer.m in Sources */ = {isa = PBXBuildFile; fileRef = 5ABC016A14C96CA200292CA1 /* ASICloudFilesContainer.m */; };
		5ABC019E14C96CA300292CA1 /* ASICloudFilesContainerRequest.m in Sources */ = {isa = PBXBuildFile; fileRef = 5ABC016C14C96CA200292CA1 /* ASICloudFilesContainerRequest.m */; };
		5ABC019F14C96CA300292CA1 /* ASICloudFilesContainerXMLParserDelegate.m in Sources */ = {isa = PBXBuildFile; fileRef = 5ABC016E14C96CA200292CA1 /* ASICloudFilesContainerXMLParserDelegate.m */; };
		5ABC01A014C96CA300292CA1 /* ASICloudFilesObject.m in Sources */ = {isa = PBXBuildFile; fileRef = 5ABC017014C96CA200292CA1 /* ASICloudFilesObject.m */; };
		5ABC01A114C96CA300292CA1 /* ASICloudFilesObjectRequest.m in Sources */ = {isa = PBXBuildFile; fileRef = 5ABC017214C96CA200292CA1 /* ASICloudFilesObjectRequest.m */; };
		5ABC01A214C96CA300292CA1 /* ASICloudFilesRequest.m in Sources */ = {isa = PBXBuildFile; fileRef = 5ABC017414C96CA200292CA1 /* ASICloudFilesRequest.m */; };
		5ABC01B114C96CDC00292CA1 /* Reachability.m in Sources */ = {isa = PBXBuildFile; fileRef = 5ABC01B014C96CDC00292CA1 /* Reachability.m */; };
		5ABC01B314C96CEF00292CA1 /* libxml2.dylib in Frameworks */ = {isa = PBXBuildFile; fileRef = 5ABC01B214C96CEF00292CA1 /* libxml2.dylib */; };
		5ABC01B514C96D5400292CA1 /* CFNetwork.framework in Frameworks */ = {isa = PBXBuildFile; fileRef = 5ABC01B414C96D5400292CA1 /* CFNetwork.framework */; };
		5ABC01B714C96D5D00292CA1 /* SystemConfiguration.framework in Frameworks */ = {isa = PBXBuildFile; fileRef = 5ABC01B614C96D5D00292CA1 /* SystemConfiguration.framework */; };
		5ABC01B914C96D6700292CA1 /* MobileCoreServices.framework in Frameworks */ = {isa = PBXBuildFile; fileRef = 5ABC01B814C96D6700292CA1 /* MobileCoreServices.framework */; };
		5ABC01BB14C96D7100292CA1 /* libz.dylib in Frameworks */ = {isa = PBXBuildFile; fileRef = 5ABC01BA14C96D7100292CA1 /* libz.dylib */; };
		5AC7B8C114D54C3300ECA754 /* CoolButton.m in Sources */ = {isa = PBXBuildFile; fileRef = 5AC7B8C014D54C3300ECA754 /* CoolButton.m */; };
		5AC7B8C314D5565D00ECA754 /* stream-pen.png in Resources */ = {isa = PBXBuildFile; fileRef = 5AC7B8C214D5565D00ECA754 /* stream-pen.png */; };
		5AD0A28614D144280052B43F /* camera-back.png in Resources */ = {isa = PBXBuildFile; fileRef = 5AD0A27D14D144280052B43F /* camera-back.png */; };
		5AD0A28714D144280052B43F /* camera-cameraroll.png in Resources */ = {isa = PBXBuildFile; fileRef = 5AD0A27E14D144280052B43F /* camera-cameraroll.png */; };
		5AD0A28814D144280052B43F /* camera-flash.png in Resources */ = {isa = PBXBuildFile; fileRef = 5AD0A27F14D144280052B43F /* camera-flash.png */; };
		5AD0A28914D144280052B43F /* camera-location.png in Resources */ = {isa = PBXBuildFile; fileRef = 5AD0A28014D144280052B43F /* camera-location.png */; };
		5AD0A28A14D144280052B43F /* camera-rotate.png in Resources */ = {isa = PBXBuildFile; fileRef = 5AD0A28114D144280052B43F /* camera-rotate.png */; };
		5AD0A28B14D144280052B43F /* camera-shutter.png in Resources */ = {isa = PBXBuildFile; fileRef = 5AD0A28214D144280052B43F /* camera-shutter.png */; };
		5AD0A28C14D144280052B43F /* stream-bar.png in Resources */ = {isa = PBXBuildFile; fileRef = 5AD0A28314D144280052B43F /* stream-bar.png */; };
		5AD0A28D14D144280052B43F /* stream-camera.png in Resources */ = {isa = PBXBuildFile; fileRef = 5AD0A28414D144280052B43F /* stream-camera.png */; };
		5AD0A28E14D144280052B43F /* stream-location.png in Resources */ = {isa = PBXBuildFile; fileRef = 5AD0A28514D144280052B43F /* stream-location.png */; };
		5AD0A29D14D148D10052B43F /* Event.m in Sources */ = {isa = PBXBuildFile; fileRef = 5AD0A29C14D148D10052B43F /* Event.m */; };
		5AD0A2A014D15C9D0052B43F /* PhotoStreamCell.m in Sources */ = {isa = PBXBuildFile; fileRef = 5AD0A29F14D15C9D0052B43F /* PhotoStreamCell.m */; };
		5AD3AC1D14D2A8A000C2B8A9 /* stream-location-middle.png in Resources */ = {isa = PBXBuildFile; fileRef = 5AD3AC1C14D2A8A000C2B8A9 /* stream-location-middle.png */; };
		5AE87DE914C80A9C00E16CCD /* Bello-Script.ttf in Resources */ = {isa = PBXBuildFile; fileRef = 5AE87DE514C80A9C00E16CCD /* Bello-Script.ttf */; };
		5AE87DEA14C80A9C00E16CCD /* Bello-ScriptLigatures.ttf in Resources */ = {isa = PBXBuildFile; fileRef = 5AE87DE614C80A9C00E16CCD /* Bello-ScriptLigatures.ttf */; };
		5AE87DEB14C80A9C00E16CCD /* Bello-SmCp.ttf in Resources */ = {isa = PBXBuildFile; fileRef = 5AE87DE714C80A9C00E16CCD /* Bello-SmCp.ttf */; };
		5AE87DEC14C80A9C00E16CCD /* Bello-WordsBody.ttf in Resources */ = {isa = PBXBuildFile; fileRef = 5AE87DE814C80A9C00E16CCD /* Bello-WordsBody.ttf */; };
		5AE87DEE14C80AA400E16CCD /* iphone_icon.png in Resources */ = {isa = PBXBuildFile; fileRef = 5AE87DED14C80AA400E16CCD /* iphone_icon.png */; };
		5AE87E2A14C8133600E16CCD /* libsbjson-ios.a in Frameworks */ = {isa = PBXBuildFile; fileRef = 5AE87E0B14C8129600E16CCD /* libsbjson-ios.a */; };
		5AE87E9314C8174200E16CCD /* AssetsLibrary.framework in Frameworks */ = {isa = PBXBuildFile; fileRef = 5AE87E9214C8174200E16CCD /* AssetsLibrary.framework */; };
		5AE87E9514C818E300E16CCD /* CoreMedia.framework in Frameworks */ = {isa = PBXBuildFile; fileRef = 5AE87E9414C818E300E16CCD /* CoreMedia.framework */; };
		5AF77F0814CF4EF6000733E7 /* SlideFromRightSegue.m in Sources */ = {isa = PBXBuildFile; fileRef = 5AF77F0714CF4EF6000733E7 /* SlideFromRightSegue.m */; };
		5AF77F6814CFF38E000733E7 /* FileUploadHandler.m in Sources */ = {isa = PBXBuildFile; fileRef = 5AF77F6714CFF38E000733E7 /* FileUploadHandler.m */; };
		5AF77F6B14CFF3A6000733E7 /* PictureUpload.m in Sources */ = {isa = PBXBuildFile; fileRef = 5AF77F6A14CFF3A6000733E7 /* PictureUpload.m */; };
/* End PBXBuildFile section */

/* Begin PBXContainerItemProxy section */
		5AE87E0614C8129600E16CCD /* PBXContainerItemProxy */ = {
			isa = PBXContainerItemProxy;
			containerPortal = 5AE87DFC14C8129600E16CCD /* SBJson.xcodeproj */;
			proxyType = 2;
			remoteGlobalIDString = BC12323D1391D5CC00131607;
			remoteInfo = SBJson;
		};
		5AE87E0814C8129600E16CCD /* PBXContainerItemProxy */ = {
			isa = PBXContainerItemProxy;
			containerPortal = 5AE87DFC14C8129600E16CCD /* SBJson.xcodeproj */;
			proxyType = 2;
			remoteGlobalIDString = BC1232521391D5CC00131607;
			remoteInfo = SBJsonTests;
		};
		5AE87E0A14C8129600E16CCD /* PBXContainerItemProxy */ = {
			isa = PBXContainerItemProxy;
			containerPortal = 5AE87DFC14C8129600E16CCD /* SBJson.xcodeproj */;
			proxyType = 2;
			remoteGlobalIDString = BCC2626913920FC7003D9994;
			remoteInfo = "sbjson-ios";
		};
		5AE87E0C14C8129600E16CCD /* PBXContainerItemProxy */ = {
			isa = PBXContainerItemProxy;
			containerPortal = 5AE87DFC14C8129600E16CCD /* SBJson.xcodeproj */;
			proxyType = 2;
			remoteGlobalIDString = BCC2627313920FC7003D9994;
			remoteInfo = "sbjson-iosTests";
		};
		5AE87E2814C8132C00E16CCD /* PBXContainerItemProxy */ = {
			isa = PBXContainerItemProxy;
			containerPortal = 5AE87DFC14C8129600E16CCD /* SBJson.xcodeproj */;
			proxyType = 1;
			remoteGlobalIDString = BCC2626813920FC7003D9994;
			remoteInfo = "sbjson-ios";
		};
/* End PBXContainerItemProxy section */

/* Begin PBXFileReference section */
		5A3A727014C6949000ED25DE /* uSnap.us.app */ = {isa = PBXFileReference; explicitFileType = wrapper.application; includeInIndex = 0; path = uSnap.us.app; sourceTree = BUILT_PRODUCTS_DIR; };
		5A3A727414C6949000ED25DE /* UIKit.framework */ = {isa = PBXFileReference; lastKnownFileType = wrapper.framework; name = UIKit.framework; path = System/Library/Frameworks/UIKit.framework; sourceTree = SDKROOT; };
		5A3A727614C6949000ED25DE /* Foundation.framework */ = {isa = PBXFileReference; lastKnownFileType = wrapper.framework; name = Foundation.framework; path = System/Library/Frameworks/Foundation.framework; sourceTree = SDKROOT; };
		5A3A727814C6949000ED25DE /* CoreGraphics.framework */ = {isa = PBXFileReference; lastKnownFileType = wrapper.framework; name = CoreGraphics.framework; path = System/Library/Frameworks/CoreGraphics.framework; sourceTree = SDKROOT; };
		5A3A727A14C6949000ED25DE /* CoreData.framework */ = {isa = PBXFileReference; lastKnownFileType = wrapper.framework; name = CoreData.framework; path = System/Library/Frameworks/CoreData.framework; sourceTree = SDKROOT; };
		5A3A727E14C6949000ED25DE /* uSnap.us-Info.plist */ = {isa = PBXFileReference; lastKnownFileType = text.plist.xml; path = "uSnap.us-Info.plist"; sourceTree = "<group>"; };
		5A3A728014C6949000ED25DE /* en */ = {isa = PBXFileReference; lastKnownFileType = text.plist.strings; name = en; path = en.lproj/InfoPlist.strings; sourceTree = "<group>"; };
		5A3A728214C6949000ED25DE /* main.m */ = {isa = PBXFileReference; lastKnownFileType = sourcecode.c.objc; path = main.m; sourceTree = "<group>"; };
		5A3A728414C6949000ED25DE /* uSnap.us-Prefix.pch */ = {isa = PBXFileReference; lastKnownFileType = sourcecode.c.h; path = "uSnap.us-Prefix.pch"; sourceTree = "<group>"; };
		5A3A728514C6949000ED25DE /* USTAppDelegate.h */ = {isa = PBXFileReference; lastKnownFileType = sourcecode.c.h; path = USTAppDelegate.h; sourceTree = "<group>"; };
		5A3A728614C6949000ED25DE /* USTAppDelegate.m */ = {isa = PBXFileReference; lastKnownFileType = sourcecode.c.objc; path = USTAppDelegate.m; sourceTree = "<group>"; };
		5A3A728914C6949000ED25DE /* en */ = {isa = PBXFileReference; lastKnownFileType = file.storyboard; name = en; path = en.lproj/MainStoryboard.storyboard; sourceTree = "<group>"; };
		5A3A728C14C6949000ED25DE /* uSnap.xcdatamodel */ = {isa = PBXFileReference; lastKnownFileType = wrapper.xcdatamodel; path = uSnap.xcdatamodel; sourceTree = "<group>"; };
		5A3A729C14C6954300ED25DE /* CameraViewController.h */ = {isa = PBXFileReference; fileEncoding = 4; lastKnownFileType = sourcecode.c.h; name = CameraViewController.h; path = Controllers/CameraViewController.h; sourceTree = "<group>"; };
		5A3A729D14C6954300ED25DE /* CameraViewController.m */ = {isa = PBXFileReference; fileEncoding = 4; lastKnownFileType = sourcecode.c.objc; name = CameraViewController.m; path = Controllers/CameraViewController.m; sourceTree = "<group>"; };
		5A3A729F14C6961300ED25DE /* SplashViewController.h */ = {isa = PBXFileReference; fileEncoding = 4; lastKnownFileType = sourcecode.c.h; name = SplashViewController.h; path = Controllers/SplashViewController.h; sourceTree = "<group>"; };
		5A3A72A014C6961300ED25DE /* SplashViewController.m */ = {isa = PBXFileReference; fileEncoding = 4; lastKnownFileType = sourcecode.c.objc; name = SplashViewController.m; path = Controllers/SplashViewController.m; sourceTree = "<group>"; };
		5A3A72A414C696EF00ED25DE /* iphone_retina_icon.png */ = {isa = PBXFileReference; lastKnownFileType = image.png; name = iphone_retina_icon.png; path = uSnap/iphone_retina_icon.png; sourceTree = "<group>"; };
		5A3A72B714C69C0100ED25DE /* CoreLocation.framework */ = {isa = PBXFileReference; lastKnownFileType = wrapper.framework; name = CoreLocation.framework; path = System/Library/Frameworks/CoreLocation.framework; sourceTree = SDKROOT; };
		5A3A72BA14C69C3C00ED25DE /* LocationHandler.h */ = {isa = PBXFileReference; fileEncoding = 4; lastKnownFileType = sourcecode.c.h; name = LocationHandler.h; path = Classes/LocationHandler.h; sourceTree = "<group>"; };
		5A3A72BB14C69C3C00ED25DE /* LocationHandler.m */ = {isa = PBXFileReference; fileEncoding = 4; lastKnownFileType = sourcecode.c.objc; name = LocationHandler.m; path = Classes/LocationHandler.m; sourceTree = "<group>"; };
		5A3A72BD14C69EA300ED25DE /* Picture.h */ = {isa = PBXFileReference; fileEncoding = 4; lastKnownFileType = sourcecode.c.h; name = Picture.h; path = Model/Picture.h; sourceTree = "<group>"; };
		5A3A72BE14C69EA300ED25DE /* Picture.m */ = {isa = PBXFileReference; fileEncoding = 4; lastKnownFileType = sourcecode.c.objc; name = Picture.m; path = Model/Picture.m; sourceTree = "<group>"; };
		5A6EB3C014C8AFE3001A80E2 /* QuartzCore.framework */ = {isa = PBXFileReference; lastKnownFileType = wrapper.framework; name = QuartzCore.framework; path = System/Library/Frameworks/QuartzCore.framework; sourceTree = SDKROOT; };
		5A6EB3C214C8B1C7001A80E2 /* UIImage+Alpha.h */ = {isa = PBXFileReference; fileEncoding = 4; lastKnownFileType = sourcecode.c.h; name = "UIImage+Alpha.h"; path = "Classes/UIImage+Alpha.h"; sourceTree = "<group>"; };
		5A6EB3C314C8B1C7001A80E2 /* UIImage+Alpha.m */ = {isa = PBXFileReference; fileEncoding = 4; lastKnownFileType = sourcecode.c.objc; name = "UIImage+Alpha.m"; path = "Classes/UIImage+Alpha.m"; sourceTree = "<group>"; };
		5A6EB3C414C8B1C7001A80E2 /* UIImage+Resize.h */ = {isa = PBXFileReference; fileEncoding = 4; lastKnownFileType = sourcecode.c.h; name = "UIImage+Resize.h"; path = "Classes/UIImage+Resize.h"; sourceTree = "<group>"; };
		5A6EB3C514C8B1C7001A80E2 /* UIImage+Resize.m */ = {isa = PBXFileReference; fileEncoding = 4; lastKnownFileType = sourcecode.c.objc; name = "UIImage+Resize.m"; path = "Classes/UIImage+Resize.m"; sourceTree = "<group>"; };
		5A6EB3C614C8B1C7001A80E2 /* UIImage+RoundedCorner.h */ = {isa = PBXFileReference; fileEncoding = 4; lastKnownFileType = sourcecode.c.h; name = "UIImage+RoundedCorner.h"; path = "Classes/UIImage+RoundedCorner.h"; sourceTree = "<group>"; };
		5A6EB3C714C8B1C7001A80E2 /* UIImage+RoundedCorner.m */ = {isa = PBXFileReference; fileEncoding = 4; lastKnownFileType = sourcecode.c.objc; name = "UIImage+RoundedCorner.m"; path = "Classes/UIImage+RoundedCorner.m"; sourceTree = "<group>"; };
		5A7EC6A014C7A71A00B39893 /* AVFoundation.framework */ = {isa = PBXFileReference; lastKnownFileType = wrapper.framework; name = AVFoundation.framework; path = System/Library/Frameworks/AVFoundation.framework; sourceTree = SDKROOT; };
		5A8971AA14C9789C00AAB2B4 /* TimelineViewController.h */ = {isa = PBXFileReference; fileEncoding = 4; lastKnownFileType = sourcecode.c.h; name = TimelineViewController.h; path = Controllers/TimelineViewController.h; sourceTree = "<group>"; };
		5A8971AB14C9789C00AAB2B4 /* TimelineViewController.m */ = {isa = PBXFileReference; fileEncoding = 4; lastKnownFileType = sourcecode.c.objc; name = TimelineViewController.m; path = Controllers/TimelineViewController.m; sourceTree = "<group>"; };
		5A8971AD14C978F600AAB2B4 /* EventSettingsViewController.h */ = {isa = PBXFileReference; fileEncoding = 4; lastKnownFileType = sourcecode.c.h; name = EventSettingsViewController.h; path = Controllers/EventSettingsViewController.h; sourceTree = "<group>"; };
		5A8971AE14C978F600AAB2B4 /* EventSettingsViewController.m */ = {isa = PBXFileReference; fileEncoding = 4; lastKnownFileType = sourcecode.c.objc; name = EventSettingsViewController.m; path = Controllers/EventSettingsViewController.m; sourceTree = "<group>"; };
		5A8971B014C97A4400AAB2B4 /* SlideFromLeftSegue.h */ = {isa = PBXFileReference; fileEncoding = 4; lastKnownFileType = sourcecode.c.h; name = SlideFromLeftSegue.h; path = Segues/SlideFromLeftSegue.h; sourceTree = "<group>"; };
		5A8971B114C97A4400AAB2B4 /* SlideFromLeftSegue.m */ = {isa = PBXFileReference; fileEncoding = 4; lastKnownFileType = sourcecode.c.objc; name = SlideFromLeftSegue.m; path = Segues/SlideFromLeftSegue.m; sourceTree = "<group>"; };
		5ABC014114C96CA200292CA1 /* ASIHTTPRequestConfig.h */ = {isa = PBXFileReference; fileEncoding = 4; lastKnownFileType = sourcecode.c.h; name = ASIHTTPRequestConfig.h; path = "../pokeb-asi-http-request-4f95498/Classes/ASIHTTPRequestConfig.h"; sourceTree = "<group>"; };
		5ABC014214C96CA200292CA1 /* ASICacheDelegate.h */ = {isa = PBXFileReference; fileEncoding = 4; lastKnownFileType = sourcecode.c.h; name = ASICacheDelegate.h; path = "../pokeb-asi-http-request-4f95498/Classes/ASICacheDelegate.h"; sourceTree = "<group>"; };
		5ABC014314C96CA200292CA1 /* ASIHTTPRequestDelegate.h */ = {isa = PBXFileReference; fileEncoding = 4; lastKnownFileType = sourcecode.c.h; name = ASIHTTPRequestDelegate.h; path = "../pokeb-asi-http-request-4f95498/Classes/ASIHTTPRequestDelegate.h"; sourceTree = "<group>"; };
		5ABC014414C96CA200292CA1 /* ASIProgressDelegate.h */ = {isa = PBXFileReference; fileEncoding = 4; lastKnownFileType = sourcecode.c.h; name = ASIProgressDelegate.h; path = "../pokeb-asi-http-request-4f95498/Classes/ASIProgressDelegate.h"; sourceTree = "<group>"; };
		5ABC014514C96CA200292CA1 /* ASIAuthenticationDialog.h */ = {isa = PBXFileReference; fileEncoding = 4; lastKnownFileType = sourcecode.c.h; name = ASIAuthenticationDialog.h; path = "../pokeb-asi-http-request-4f95498/Classes/ASIAuthenticationDialog.h"; sourceTree = "<group>"; };
		5ABC014614C96CA200292CA1 /* ASIAuthenticationDialog.m */ = {isa = PBXFileReference; fileEncoding = 4; lastKnownFileType = sourcecode.c.objc; name = ASIAuthenticationDialog.m; path = "../pokeb-asi-http-request-4f95498/Classes/ASIAuthenticationDialog.m"; sourceTree = "<group>"; };
		5ABC014714C96CA200292CA1 /* ASIInputStream.h */ = {isa = PBXFileReference; fileEncoding = 4; lastKnownFileType = sourcecode.c.h; name = ASIInputStream.h; path = "../pokeb-asi-http-request-4f95498/Classes/ASIInputStream.h"; sourceTree = "<group>"; };
		5ABC014814C96CA200292CA1 /* ASIInputStream.m */ = {isa = PBXFileReference; fileEncoding = 4; lastKnownFileType = sourcecode.c.objc; name = ASIInputStream.m; path = "../pokeb-asi-http-request-4f95498/Classes/ASIInputStream.m"; sourceTree = "<group>"; };
		5ABC014914C96CA200292CA1 /* ASIFormDataRequest.h */ = {isa = PBXFileReference; fileEncoding = 4; lastKnownFileType = sourcecode.c.h; name = ASIFormDataRequest.h; path = "../pokeb-asi-http-request-4f95498/Classes/ASIFormDataRequest.h"; sourceTree = "<group>"; };
		5ABC014A14C96CA200292CA1 /* ASIFormDataRequest.m */ = {isa = PBXFileReference; fileEncoding = 4; lastKnownFileType = sourcecode.c.objc; name = ASIFormDataRequest.m; path = "../pokeb-asi-http-request-4f95498/Classes/ASIFormDataRequest.m"; sourceTree = "<group>"; };
		5ABC014B14C96CA200292CA1 /* ASIHTTPRequest.h */ = {isa = PBXFileReference; fileEncoding = 4; lastKnownFileType = sourcecode.c.h; name = ASIHTTPRequest.h; path = "../pokeb-asi-http-request-4f95498/Classes/ASIHTTPRequest.h"; sourceTree = "<group>"; };
		5ABC014C14C96CA200292CA1 /* ASIHTTPRequest.m */ = {isa = PBXFileReference; fileEncoding = 4; lastKnownFileType = sourcecode.c.objc; name = ASIHTTPRequest.m; path = "../pokeb-asi-http-request-4f95498/Classes/ASIHTTPRequest.m"; sourceTree = "<group>"; };
		5ABC014D14C96CA200292CA1 /* ASINetworkQueue.h */ = {isa = PBXFileReference; fileEncoding = 4; lastKnownFileType = sourcecode.c.h; name = ASINetworkQueue.h; path = "../pokeb-asi-http-request-4f95498/Classes/ASINetworkQueue.h"; sourceTree = "<group>"; };
		5ABC014E14C96CA200292CA1 /* ASINetworkQueue.m */ = {isa = PBXFileReference; fileEncoding = 4; lastKnownFileType = sourcecode.c.objc; name = ASINetworkQueue.m; path = "../pokeb-asi-http-request-4f95498/Classes/ASINetworkQueue.m"; sourceTree = "<group>"; };
		5ABC014F14C96CA200292CA1 /* ASIDownloadCache.h */ = {isa = PBXFileReference; fileEncoding = 4; lastKnownFileType = sourcecode.c.h; name = ASIDownloadCache.h; path = "../pokeb-asi-http-request-4f95498/Classes/ASIDownloadCache.h"; sourceTree = "<group>"; };
		5ABC015014C96CA200292CA1 /* ASIDownloadCache.m */ = {isa = PBXFileReference; fileEncoding = 4; lastKnownFileType = sourcecode.c.objc; name = ASIDownloadCache.m; path = "../pokeb-asi-http-request-4f95498/Classes/ASIDownloadCache.m"; sourceTree = "<group>"; };
		5ABC015114C96CA200292CA1 /* ASIDataDecompressor.h */ = {isa = PBXFileReference; fileEncoding = 4; lastKnownFileType = sourcecode.c.h; name = ASIDataDecompressor.h; path = "../pokeb-asi-http-request-4f95498/Classes/ASIDataDecompressor.h"; sourceTree = "<group>"; };
		5ABC015214C96CA200292CA1 /* ASIDataDecompressor.m */ = {isa = PBXFileReference; fileEncoding = 4; lastKnownFileType = sourcecode.c.objc; name = ASIDataDecompressor.m; path = "../pokeb-asi-http-request-4f95498/Classes/ASIDataDecompressor.m"; sourceTree = "<group>"; };
		5ABC015314C96CA200292CA1 /* ASIDataCompressor.h */ = {isa = PBXFileReference; fileEncoding = 4; lastKnownFileType = sourcecode.c.h; name = ASIDataCompressor.h; path = "../pokeb-asi-http-request-4f95498/Classes/ASIDataCompressor.h"; sourceTree = "<group>"; };
		5ABC015414C96CA200292CA1 /* ASIDataCompressor.m */ = {isa = PBXFileReference; fileEncoding = 4; lastKnownFileType = sourcecode.c.objc; name = ASIDataCompressor.m; path = "../pokeb-asi-http-request-4f95498/Classes/ASIDataCompressor.m"; sourceTree = "<group>"; };
		5ABC015B14C96CA200292CA1 /* ASIS3Bucket.h */ = {isa = PBXFileReference; fileEncoding = 4; lastKnownFileType = sourcecode.c.h; path = ASIS3Bucket.h; sourceTree = "<group>"; };
		5ABC015C14C96CA200292CA1 /* ASIS3Bucket.m */ = {isa = PBXFileReference; fileEncoding = 4; lastKnownFileType = sourcecode.c.objc; path = ASIS3Bucket.m; sourceTree = "<group>"; };
		5ABC015D14C96CA200292CA1 /* ASIS3BucketRequest.h */ = {isa = PBXFileReference; fileEncoding = 4; lastKnownFileType = sourcecode.c.h; path = ASIS3BucketRequest.h; sourceTree = "<group>"; };
		5ABC015E14C96CA200292CA1 /* ASIS3BucketRequest.m */ = {isa = PBXFileReference; fileEncoding = 4; lastKnownFileType = sourcecode.c.objc; path = ASIS3BucketRequest.m; sourceTree = "<group>"; };
		5ABC015F14C96CA200292CA1 /* ASIS3ObjectRequest.h */ = {isa = PBXFileReference; fileEncoding = 4; lastKnownFileType = sourcecode.c.h; path = ASIS3ObjectRequest.h; sourceTree = "<group>"; };
		5ABC016014C96CA200292CA1 /* ASIS3ObjectRequest.m */ = {isa = PBXFileReference; fileEncoding = 4; lastKnownFileType = sourcecode.c.objc; path = ASIS3ObjectRequest.m; sourceTree = "<group>"; };
		5ABC016114C96CA200292CA1 /* ASIS3ServiceRequest.h */ = {isa = PBXFileReference; fileEncoding = 4; lastKnownFileType = sourcecode.c.h; path = ASIS3ServiceRequest.h; sourceTree = "<group>"; };
		5ABC016214C96CA200292CA1 /* ASIS3ServiceRequest.m */ = {isa = PBXFileReference; fileEncoding = 4; lastKnownFileType = sourcecode.c.objc; path = ASIS3ServiceRequest.m; sourceTree = "<group>"; };
		5ABC016314C96CA200292CA1 /* ASIS3BucketObject.h */ = {isa = PBXFileReference; fileEncoding = 4; lastKnownFileType = sourcecode.c.h; path = ASIS3BucketObject.h; sourceTree = "<group>"; };
		5ABC016414C96CA200292CA1 /* ASIS3BucketObject.m */ = {isa = PBXFileReference; fileEncoding = 4; lastKnownFileType = sourcecode.c.objc; path = ASIS3BucketObject.m; sourceTree = "<group>"; };
		5ABC016514C96CA200292CA1 /* ASIS3Request.h */ = {isa = PBXFileReference; fileEncoding = 4; lastKnownFileType = sourcecode.c.h; path = ASIS3Request.h; sourceTree = "<group>"; };
		5ABC016614C96CA200292CA1 /* ASIS3Request.m */ = {isa = PBXFileReference; fileEncoding = 4; lastKnownFileType = sourcecode.c.objc; path = ASIS3Request.m; sourceTree = "<group>"; };
		5ABC016714C96CA200292CA1 /* ASICloudFilesCDNRequest.h */ = {isa = PBXFileReference; fileEncoding = 4; lastKnownFileType = sourcecode.c.h; path = ASICloudFilesCDNRequest.h; sourceTree = "<group>"; };
		5ABC016814C96CA200292CA1 /* ASICloudFilesCDNRequest.m */ = {isa = PBXFileReference; fileEncoding = 4; lastKnownFileType = sourcecode.c.objc; path = ASICloudFilesCDNRequest.m; sourceTree = "<group>"; };
		5ABC016914C96CA200292CA1 /* ASICloudFilesContainer.h */ = {isa = PBXFileReference; fileEncoding = 4; lastKnownFileType = sourcecode.c.h; path = ASICloudFilesContainer.h; sourceTree = "<group>"; };
		5ABC016A14C96CA200292CA1 /* ASICloudFilesContainer.m */ = {isa = PBXFileReference; fileEncoding = 4; lastKnownFileType = sourcecode.c.objc; path = ASICloudFilesContainer.m; sourceTree = "<group>"; };
		5ABC016B14C96CA200292CA1 /* ASICloudFilesContainerRequest.h */ = {isa = PBXFileReference; fileEncoding = 4; lastKnownFileType = sourcecode.c.h; path = ASICloudFilesContainerRequest.h; sourceTree = "<group>"; };
		5ABC016C14C96CA200292CA1 /* ASICloudFilesContainerRequest.m */ = {isa = PBXFileReference; fileEncoding = 4; lastKnownFileType = sourcecode.c.objc; path = ASICloudFilesContainerRequest.m; sourceTree = "<group>"; };
		5ABC016D14C96CA200292CA1 /* ASICloudFilesContainerXMLParserDelegate.h */ = {isa = PBXFileReference; fileEncoding = 4; lastKnownFileType = sourcecode.c.h; path = ASICloudFilesContainerXMLParserDelegate.h; sourceTree = "<group>"; };
		5ABC016E14C96CA200292CA1 /* ASICloudFilesContainerXMLParserDelegate.m */ = {isa = PBXFileReference; fileEncoding = 4; lastKnownFileType = sourcecode.c.objc; path = ASICloudFilesContainerXMLParserDelegate.m; sourceTree = "<group>"; };
		5ABC016F14C96CA200292CA1 /* ASICloudFilesObject.h */ = {isa = PBXFileReference; fileEncoding = 4; lastKnownFileType = sourcecode.c.h; path = ASICloudFilesObject.h; sourceTree = "<group>"; };
		5ABC017014C96CA200292CA1 /* ASICloudFilesObject.m */ = {isa = PBXFileReference; fileEncoding = 4; lastKnownFileType = sourcecode.c.objc; path = ASICloudFilesObject.m; sourceTree = "<group>"; };
		5ABC017114C96CA200292CA1 /* ASICloudFilesObjectRequest.h */ = {isa = PBXFileReference; fileEncoding = 4; lastKnownFileType = sourcecode.c.h; path = ASICloudFilesObjectRequest.h; sourceTree = "<group>"; };
		5ABC017214C96CA200292CA1 /* ASICloudFilesObjectRequest.m */ = {isa = PBXFileReference; fileEncoding = 4; lastKnownFileType = sourcecode.c.objc; path = ASICloudFilesObjectRequest.m; sourceTree = "<group>"; };
		5ABC017314C96CA200292CA1 /* ASICloudFilesRequest.h */ = {isa = PBXFileReference; fileEncoding = 4; lastKnownFileType = sourcecode.c.h; path = ASICloudFilesRequest.h; sourceTree = "<group>"; };
		5ABC017414C96CA200292CA1 /* ASICloudFilesRequest.m */ = {isa = PBXFileReference; fileEncoding = 4; lastKnownFileType = sourcecode.c.objc; path = ASICloudFilesRequest.m; sourceTree = "<group>"; };
		5ABC01AF14C96CDC00292CA1 /* Reachability.h */ = {isa = PBXFileReference; fileEncoding = 4; lastKnownFileType = sourcecode.c.h; path = Reachability.h; sourceTree = "<group>"; };
		5ABC01B014C96CDC00292CA1 /* Reachability.m */ = {isa = PBXFileReference; fileEncoding = 4; lastKnownFileType = sourcecode.c.objc; path = Reachability.m; sourceTree = "<group>"; };
		5ABC01B214C96CEF00292CA1 /* libxml2.dylib */ = {isa = PBXFileReference; lastKnownFileType = "compiled.mach-o.dylib"; name = libxml2.dylib; path = usr/lib/libxml2.dylib; sourceTree = SDKROOT; };
		5ABC01B414C96D5400292CA1 /* CFNetwork.framework */ = {isa = PBXFileReference; lastKnownFileType = wrapper.framework; name = CFNetwork.framework; path = System/Library/Frameworks/CFNetwork.framework; sourceTree = SDKROOT; };
		5ABC01B614C96D5D00292CA1 /* SystemConfiguration.framework */ = {isa = PBXFileReference; lastKnownFileType = wrapper.framework; name = SystemConfiguration.framework; path = System/Library/Frameworks/SystemConfiguration.framework; sourceTree = SDKROOT; };
		5ABC01B814C96D6700292CA1 /* MobileCoreServices.framework */ = {isa = PBXFileReference; lastKnownFileType = wrapper.framework; name = MobileCoreServices.framework; path = System/Library/Frameworks/MobileCoreServices.framework; sourceTree = SDKROOT; };
		5ABC01BA14C96D7100292CA1 /* libz.dylib */ = {isa = PBXFileReference; lastKnownFileType = "compiled.mach-o.dylib"; name = libz.dylib; path = usr/lib/libz.dylib; sourceTree = SDKROOT; };
		5AC7B8BF14D54C3300ECA754 /* CoolButton.h */ = {isa = PBXFileReference; fileEncoding = 4; lastKnownFileType = sourcecode.c.h; name = CoolButton.h; path = Classes/CoolButton.h; sourceTree = "<group>"; };
		5AC7B8C014D54C3300ECA754 /* CoolButton.m */ = {isa = PBXFileReference; fileEncoding = 4; lastKnownFileType = sourcecode.c.objc; name = CoolButton.m; path = Classes/CoolButton.m; sourceTree = "<group>"; };
		5AC7B8C214D5565D00ECA754 /* stream-pen.png */ = {isa = PBXFileReference; lastKnownFileType = image.png; name = "stream-pen.png"; path = "Resources/stream-pen.png"; sourceTree = "<group>"; };
		5AD0A27D14D144280052B43F /* camera-back.png */ = {isa = PBXFileReference; lastKnownFileType = image.png; path = "camera-back.png"; sourceTree = "<group>"; };
		5AD0A27E14D144280052B43F /* camera-cameraroll.png */ = {isa = PBXFileReference; lastKnownFileType = image.png; path = "camera-cameraroll.png"; sourceTree = "<group>"; };
		5AD0A27F14D144280052B43F /* camera-flash.png */ = {isa = PBXFileReference; lastKnownFileType = image.png; path = "camera-flash.png"; sourceTree = "<group>"; };
		5AD0A28014D144280052B43F /* camera-location.png */ = {isa = PBXFileReference; lastKnownFileType = image.png; path = "camera-location.png"; sourceTree = "<group>"; };
		5AD0A28114D144280052B43F /* camera-rotate.png */ = {isa = PBXFileReference; lastKnownFileType = image.png; path = "camera-rotate.png"; sourceTree = "<group>"; };
		5AD0A28214D144280052B43F /* camera-shutter.png */ = {isa = PBXFileReference; lastKnownFileType = image.png; path = "camera-shutter.png"; sourceTree = "<group>"; };
		5AD0A28314D144280052B43F /* stream-bar.png */ = {isa = PBXFileReference; lastKnownFileType = image.png; path = "stream-bar.png"; sourceTree = "<group>"; };
		5AD0A28414D144280052B43F /* stream-camera.png */ = {isa = PBXFileReference; lastKnownFileType = image.png; path = "stream-camera.png"; sourceTree = "<group>"; };
		5AD0A28514D144280052B43F /* stream-location.png */ = {isa = PBXFileReference; lastKnownFileType = image.png; path = "stream-location.png"; sourceTree = "<group>"; };
		5AD0A29B14D148D10052B43F /* Event.h */ = {isa = PBXFileReference; fileEncoding = 4; lastKnownFileType = sourcecode.c.h; name = Event.h; path = Model/Event.h; sourceTree = "<group>"; };
		5AD0A29C14D148D10052B43F /* Event.m */ = {isa = PBXFileReference; fileEncoding = 4; lastKnownFileType = sourcecode.c.objc; name = Event.m; path = Model/Event.m; sourceTree = "<group>"; };
		5AD0A29E14D15C9D0052B43F /* PhotoStreamCell.h */ = {isa = PBXFileReference; fileEncoding = 4; lastKnownFileType = sourcecode.c.h; name = PhotoStreamCell.h; path = Classes/PhotoStreamCell.h; sourceTree = "<group>"; };
		5AD0A29F14D15C9D0052B43F /* PhotoStreamCell.m */ = {isa = PBXFileReference; fileEncoding = 4; lastKnownFileType = sourcecode.c.objc; name = PhotoStreamCell.m; path = Classes/PhotoStreamCell.m; sourceTree = "<group>"; };
		5AD1B29A14D096C900AC08F2 /* constants.h */ = {isa = PBXFileReference; fileEncoding = 4; lastKnownFileType = sourcecode.c.h; path = constants.h; sourceTree = "<group>"; };
		5AD3AC1C14D2A8A000C2B8A9 /* stream-location-middle.png */ = {isa = PBXFileReference; lastKnownFileType = image.png; name = "stream-location-middle.png"; path = "Resources/stream-location-middle.png"; sourceTree = "<group>"; };
		5AE87DE514C80A9C00E16CCD /* Bello-Script.ttf */ = {isa = PBXFileReference; lastKnownFileType = file; name = "Bello-Script.ttf"; path = "Resources/Fonts/Bello-Script.ttf"; sourceTree = "<group>"; };
		5AE87DE614C80A9C00E16CCD /* Bello-ScriptLigatures.ttf */ = {isa = PBXFileReference; lastKnownFileType = file; name = "Bello-ScriptLigatures.ttf"; path = "Resources/Fonts/Bello-ScriptLigatures.ttf"; sourceTree = "<group>"; };
		5AE87DE714C80A9C00E16CCD /* Bello-SmCp.ttf */ = {isa = PBXFileReference; lastKnownFileType = file; name = "Bello-SmCp.ttf"; path = "Resources/Fonts/Bello-SmCp.ttf"; sourceTree = "<group>"; };
		5AE87DE814C80A9C00E16CCD /* Bello-WordsBody.ttf */ = {isa = PBXFileReference; lastKnownFileType = file; name = "Bello-WordsBody.ttf"; path = "Resources/Fonts/Bello-WordsBody.ttf"; sourceTree = "<group>"; };
		5AE87DED14C80AA400E16CCD /* iphone_icon.png */ = {isa = PBXFileReference; lastKnownFileType = image.png; name = iphone_icon.png; path = uSnap/iphone_icon.png; sourceTree = "<group>"; };
		5AE87DFC14C8129600E16CCD /* SBJson.xcodeproj */ = {isa = PBXFileReference; lastKnownFileType = "wrapper.pb-project"; name = SBJson.xcodeproj; path = "json-framework/SBJson.xcodeproj"; sourceTree = "<group>"; };
		5AE87E9214C8174200E16CCD /* AssetsLibrary.framework */ = {isa = PBXFileReference; lastKnownFileType = wrapper.framework; name = AssetsLibrary.framework; path = System/Library/Frameworks/AssetsLibrary.framework; sourceTree = SDKROOT; };
		5AE87E9414C818E300E16CCD /* CoreMedia.framework */ = {isa = PBXFileReference; lastKnownFileType = wrapper.framework; name = CoreMedia.framework; path = System/Library/Frameworks/CoreMedia.framework; sourceTree = SDKROOT; };
		5AF77F0614CF4EF6000733E7 /* SlideFromRightSegue.h */ = {isa = PBXFileReference; fileEncoding = 4; lastKnownFileType = sourcecode.c.h; name = SlideFromRightSegue.h; path = Segues/SlideFromRightSegue.h; sourceTree = "<group>"; };
		5AF77F0714CF4EF6000733E7 /* SlideFromRightSegue.m */ = {isa = PBXFileReference; fileEncoding = 4; lastKnownFileType = sourcecode.c.objc; name = SlideFromRightSegue.m; path = Segues/SlideFromRightSegue.m; sourceTree = "<group>"; };
		5AF77F6614CFF38E000733E7 /* FileUploadHandler.h */ = {isa = PBXFileReference; fileEncoding = 4; lastKnownFileType = sourcecode.c.h; name = FileUploadHandler.h; path = Classes/FileUploadHandler.h; sourceTree = "<group>"; };
		5AF77F6714CFF38E000733E7 /* FileUploadHandler.m */ = {isa = PBXFileReference; fileEncoding = 4; lastKnownFileType = sourcecode.c.objc; name = FileUploadHandler.m; path = Classes/FileUploadHandler.m; sourceTree = "<group>"; };
		5AF77F6914CFF3A6000733E7 /* PictureUpload.h */ = {isa = PBXFileReference; fileEncoding = 4; lastKnownFileType = sourcecode.c.h; name = PictureUpload.h; path = Classes/PictureUpload.h; sourceTree = "<group>"; };
		5AF77F6A14CFF3A6000733E7 /* PictureUpload.m */ = {isa = PBXFileReference; fileEncoding = 4; lastKnownFileType = sourcecode.c.objc; name = PictureUpload.m; path = Classes/PictureUpload.m; sourceTree = "<group>"; };
/* End PBXFileReference section */

/* Begin PBXFrameworksBuildPhase section */
		5A3A726D14C6949000ED25DE /* Frameworks */ = {
			isa = PBXFrameworksBuildPhase;
			buildActionMask = 2147483647;
			files = (
				5ABC01BB14C96D7100292CA1 /* libz.dylib in Frameworks */,
				5ABC01B914C96D6700292CA1 /* MobileCoreServices.framework in Frameworks */,
				5ABC01B714C96D5D00292CA1 /* SystemConfiguration.framework in Frameworks */,
				5ABC01B514C96D5400292CA1 /* CFNetwork.framework in Frameworks */,
				5ABC01B314C96CEF00292CA1 /* libxml2.dylib in Frameworks */,
				5A6EB3C114C8AFE3001A80E2 /* QuartzCore.framework in Frameworks */,
				5AE87E9514C818E300E16CCD /* CoreMedia.framework in Frameworks */,
				5AE87E9314C8174200E16CCD /* AssetsLibrary.framework in Frameworks */,
				5AE87E2A14C8133600E16CCD /* libsbjson-ios.a in Frameworks */,
				5A7EC6A114C7A71A00B39893 /* AVFoundation.framework in Frameworks */,
				5A3A72B814C69C0100ED25DE /* CoreLocation.framework in Frameworks */,
				5A3A727514C6949000ED25DE /* UIKit.framework in Frameworks */,
				5A3A727714C6949000ED25DE /* Foundation.framework in Frameworks */,
				5A3A727914C6949000ED25DE /* CoreGraphics.framework in Frameworks */,
				5A3A727B14C6949000ED25DE /* CoreData.framework in Frameworks */,
			);
			runOnlyForDeploymentPostprocessing = 0;
		};
/* End PBXFrameworksBuildPhase section */

/* Begin PBXGroup section */
		5A3A726514C6949000ED25DE = {
			isa = PBXGroup;
			children = (
				5AE87DFC14C8129600E16CCD /* SBJson.xcodeproj */,
				5AE87DED14C80AA400E16CCD /* iphone_icon.png */,
				5A3A72A414C696EF00ED25DE /* iphone_retina_icon.png */,
				5A3A727C14C6949000ED25DE /* uSnap */,
				5A3A727314C6949000ED25DE /* Frameworks */,
				5A3A727114C6949000ED25DE /* Products */,
			);
			sourceTree = "<group>";
		};
		5A3A727114C6949000ED25DE /* Products */ = {
			isa = PBXGroup;
			children = (
				5A3A727014C6949000ED25DE /* uSnap.us.app */,
			);
			name = Products;
			sourceTree = "<group>";
		};
		5A3A727314C6949000ED25DE /* Frameworks */ = {
			isa = PBXGroup;
			children = (
				5ABC01BA14C96D7100292CA1 /* libz.dylib */,
				5ABC01B814C96D6700292CA1 /* MobileCoreServices.framework */,
				5ABC01B614C96D5D00292CA1 /* SystemConfiguration.framework */,
				5ABC01B414C96D5400292CA1 /* CFNetwork.framework */,
				5ABC01B214C96CEF00292CA1 /* libxml2.dylib */,
				5A6EB3C014C8AFE3001A80E2 /* QuartzCore.framework */,
				5AE87E9414C818E300E16CCD /* CoreMedia.framework */,
				5AE87E9214C8174200E16CCD /* AssetsLibrary.framework */,
				5A7EC6A014C7A71A00B39893 /* AVFoundation.framework */,
				5A3A72B714C69C0100ED25DE /* CoreLocation.framework */,
				5A3A727414C6949000ED25DE /* UIKit.framework */,
				5A3A727614C6949000ED25DE /* Foundation.framework */,
				5A3A727814C6949000ED25DE /* CoreGraphics.framework */,
				5A3A727A14C6949000ED25DE /* CoreData.framework */,
			);
			name = Frameworks;
			sourceTree = "<group>";
		};
		5A3A727C14C6949000ED25DE /* uSnap */ = {
			isa = PBXGroup;
			children = (
				5A3A72B914C69C2000ED25DE /* Classes */,
				5A3A72AD14C6998F00ED25DE /* Resources */,
				5A3A729B14C694B600ED25DE /* Models */,
				5A3A729A14C694AE00ED25DE /* Views */,
				5A3A728514C6949000ED25DE /* USTAppDelegate.h */,
				5A3A728614C6949000ED25DE /* USTAppDelegate.m */,
				5A3A729914C6949800ED25DE /* Controllers */,
				5A3A727D14C6949000ED25DE /* Supporting Files */,
				5A8971B314C97A4B00AAB2B4 /* Segues */,
			);
			path = uSnap;
			sourceTree = "<group>";
		};
		5A3A727D14C6949000ED25DE /* Supporting Files */ = {
			isa = PBXGroup;
			children = (
				5A3A727E14C6949000ED25DE /* uSnap.us-Info.plist */,
				5A3A727F14C6949000ED25DE /* InfoPlist.strings */,
				5A3A728214C6949000ED25DE /* main.m */,
				5A3A728414C6949000ED25DE /* uSnap.us-Prefix.pch */,
			);
			name = "Supporting Files";
			sourceTree = "<group>";
		};
		5A3A729914C6949800ED25DE /* Controllers */ = {
			isa = PBXGroup;
			children = (
				5A3A729C14C6954300ED25DE /* CameraViewController.h */,
				5A3A729D14C6954300ED25DE /* CameraViewController.m */,
				5A3A729F14C6961300ED25DE /* SplashViewController.h */,
				5A3A72A014C6961300ED25DE /* SplashViewController.m */,
				5A8971AA14C9789C00AAB2B4 /* TimelineViewController.h */,
				5A8971AB14C9789C00AAB2B4 /* TimelineViewController.m */,
				5A8971AD14C978F600AAB2B4 /* EventSettingsViewController.h */,
				5A8971AE14C978F600AAB2B4 /* EventSettingsViewController.m */,
			);
			name = Controllers;
			sourceTree = "<group>";
		};
		5A3A729A14C694AE00ED25DE /* Views */ = {
			isa = PBXGroup;
			children = (
				5A3A728814C6949000ED25DE /* MainStoryboard.storyboard */,
			);
			name = Views;
			sourceTree = "<group>";
		};
		5A3A729B14C694B600ED25DE /* Models */ = {
			isa = PBXGroup;
			children = (
				5AD0A29B14D148D10052B43F /* Event.h */,
				5AD0A29C14D148D10052B43F /* Event.m */,
				5A3A728B14C6949000ED25DE /* uSnap.xcdatamodeld */,
				5A3A72BD14C69EA300ED25DE /* Picture.h */,
				5A3A72BE14C69EA300ED25DE /* Picture.m */,
			);
			name = Models;
			sourceTree = "<group>";
		};
		5A3A72AD14C6998F00ED25DE /* Resources */ = {
			isa = PBXGroup;
			children = (
				5AF77F4914CFD98E000733E7 /* Images */,
				5A3A72AE14C6999B00ED25DE /* Fonts */,
			);
			name = Resources;
			sourceTree = "<group>";
		};
		5A3A72AE14C6999B00ED25DE /* Fonts */ = {
			isa = PBXGroup;
			children = (
				5AE87DE514C80A9C00E16CCD /* Bello-Script.ttf */,
				5AE87DE614C80A9C00E16CCD /* Bello-ScriptLigatures.ttf */,
				5AE87DE714C80A9C00E16CCD /* Bello-SmCp.ttf */,
				5AE87DE814C80A9C00E16CCD /* Bello-WordsBody.ttf */,
			);
			name = Fonts;
			sourceTree = "<group>";
		};
		5A3A72B914C69C2000ED25DE /* Classes */ = {
			isa = PBXGroup;
			children = (
				5AD0A29E14D15C9D0052B43F /* PhotoStreamCell.h */,
				5AD0A29F14D15C9D0052B43F /* PhotoStreamCell.m */,
				5AD1B29A14D096C900AC08F2 /* constants.h */,
				5ABC014014C96C8E00292CA1 /* ASIHttpRequest */,
				5A6EB3C214C8B1C7001A80E2 /* UIImage+Alpha.h */,
				5A6EB3C314C8B1C7001A80E2 /* UIImage+Alpha.m */,
				5A6EB3C414C8B1C7001A80E2 /* UIImage+Resize.h */,
				5A6EB3C514C8B1C7001A80E2 /* UIImage+Resize.m */,
				5A6EB3C614C8B1C7001A80E2 /* UIImage+RoundedCorner.h */,
				5A6EB3C714C8B1C7001A80E2 /* UIImage+RoundedCorner.m */,
				5A3A72BA14C69C3C00ED25DE /* LocationHandler.h */,
				5A3A72BB14C69C3C00ED25DE /* LocationHandler.m */,
				5AF77F6614CFF38E000733E7 /* FileUploadHandler.h */,
				5AF77F6714CFF38E000733E7 /* FileUploadHandler.m */,
				5AF77F6914CFF3A6000733E7 /* PictureUpload.h */,
				5AF77F6A14CFF3A6000733E7 /* PictureUpload.m */,
				5AC7B8BF14D54C3300ECA754 /* CoolButton.h */,
				5AC7B8C014D54C3300ECA754 /* CoolButton.m */,
			);
			name = Classes;
			sourceTree = "<group>";
		};
		5A8971B314C97A4B00AAB2B4 /* Segues */ = {
			isa = PBXGroup;
			children = (
				5A8971B014C97A4400AAB2B4 /* SlideFromLeftSegue.h */,
				5A8971B114C97A4400AAB2B4 /* SlideFromLeftSegue.m */,
				5AF77F0614CF4EF6000733E7 /* SlideFromRightSegue.h */,
				5AF77F0714CF4EF6000733E7 /* SlideFromRightSegue.m */,
			);
			name = Segues;
			sourceTree = "<group>";
		};
		5ABC014014C96C8E00292CA1 /* ASIHttpRequest */ = {
			isa = PBXGroup;
			children = (
				5ABC01AF14C96CDC00292CA1 /* Reachability.h */,
				5ABC01B014C96CDC00292CA1 /* Reachability.m */,
				5ABC014114C96CA200292CA1 /* ASIHTTPRequestConfig.h */,
				5ABC014214C96CA200292CA1 /* ASICacheDelegate.h */,
				5ABC014314C96CA200292CA1 /* ASIHTTPRequestDelegate.h */,
				5ABC014414C96CA200292CA1 /* ASIProgressDelegate.h */,
				5ABC014514C96CA200292CA1 /* ASIAuthenticationDialog.h */,
				5ABC014614C96CA200292CA1 /* ASIAuthenticationDialog.m */,
				5ABC014714C96CA200292CA1 /* ASIInputStream.h */,
				5ABC014814C96CA200292CA1 /* ASIInputStream.m */,
				5ABC014914C96CA200292CA1 /* ASIFormDataRequest.h */,
				5ABC014A14C96CA200292CA1 /* ASIFormDataRequest.m */,
				5ABC014B14C96CA200292CA1 /* ASIHTTPRequest.h */,
				5ABC014C14C96CA200292CA1 /* ASIHTTPRequest.m */,
				5ABC014D14C96CA200292CA1 /* ASINetworkQueue.h */,
				5ABC014E14C96CA200292CA1 /* ASINetworkQueue.m */,
				5ABC014F14C96CA200292CA1 /* ASIDownloadCache.h */,
				5ABC015014C96CA200292CA1 /* ASIDownloadCache.m */,
				5ABC015114C96CA200292CA1 /* ASIDataDecompressor.h */,
				5ABC015214C96CA200292CA1 /* ASIDataDecompressor.m */,
				5ABC015314C96CA200292CA1 /* ASIDataCompressor.h */,
				5ABC015414C96CA200292CA1 /* ASIDataCompressor.m */,
				5ABC015614C96CA200292CA1 /* S3 */,
				5ABC015714C96CA200292CA1 /* CloudFiles */,
			);
			name = ASIHttpRequest;
			sourceTree = "<group>";
		};
		5ABC015614C96CA200292CA1 /* S3 */ = {
			isa = PBXGroup;
			children = (
				5ABC015B14C96CA200292CA1 /* ASIS3Bucket.h */,
				5ABC015C14C96CA200292CA1 /* ASIS3Bucket.m */,
				5ABC015D14C96CA200292CA1 /* ASIS3BucketRequest.h */,
				5ABC015E14C96CA200292CA1 /* ASIS3BucketRequest.m */,
				5ABC015F14C96CA200292CA1 /* ASIS3ObjectRequest.h */,
				5ABC016014C96CA200292CA1 /* ASIS3ObjectRequest.m */,
				5ABC016114C96CA200292CA1 /* ASIS3ServiceRequest.h */,
				5ABC016214C96CA200292CA1 /* ASIS3ServiceRequest.m */,
				5ABC016314C96CA200292CA1 /* ASIS3BucketObject.h */,
				5ABC016414C96CA200292CA1 /* ASIS3BucketObject.m */,
				5ABC016514C96CA200292CA1 /* ASIS3Request.h */,
				5ABC016614C96CA200292CA1 /* ASIS3Request.m */,
			);
			name = S3;
			path = "../pokeb-asi-http-request-4f95498/Classes/S3";
			sourceTree = "<group>";
		};
		5ABC015714C96CA200292CA1 /* CloudFiles */ = {
			isa = PBXGroup;
			children = (
				5ABC016714C96CA200292CA1 /* ASICloudFilesCDNRequest.h */,
				5ABC016814C96CA200292CA1 /* ASICloudFilesCDNRequest.m */,
				5ABC016914C96CA200292CA1 /* ASICloudFilesContainer.h */,
				5ABC016A14C96CA200292CA1 /* ASICloudFilesContainer.m */,
				5ABC016B14C96CA200292CA1 /* ASICloudFilesContainerRequest.h */,
				5ABC016C14C96CA200292CA1 /* ASICloudFilesContainerRequest.m */,
				5ABC016D14C96CA200292CA1 /* ASICloudFilesContainerXMLParserDelegate.h */,
				5ABC016E14C96CA200292CA1 /* ASICloudFilesContainerXMLParserDelegate.m */,
				5ABC016F14C96CA200292CA1 /* ASICloudFilesObject.h */,
				5ABC017014C96CA200292CA1 /* ASICloudFilesObject.m */,
				5ABC017114C96CA200292CA1 /* ASICloudFilesObjectRequest.h */,
				5ABC017214C96CA200292CA1 /* ASICloudFilesObjectRequest.m */,
				5ABC017314C96CA200292CA1 /* ASICloudFilesRequest.h */,
				5ABC017414C96CA200292CA1 /* ASICloudFilesRequest.m */,
			);
			name = CloudFiles;
			path = "../pokeb-asi-http-request-4f95498/Classes/CloudFiles";
			sourceTree = "<group>";
		};
		5AE87DFD14C8129600E16CCD /* Products */ = {
			isa = PBXGroup;
			children = (
				5AE87E0714C8129600E16CCD /* SBJson.framework */,
				5AE87E0914C8129600E16CCD /* SBJsonTests.octest */,
				5AE87E0B14C8129600E16CCD /* libsbjson-ios.a */,
				5AE87E0D14C8129600E16CCD /* sbjson-iosTests.octest */,
			);
			name = Products;
			sourceTree = "<group>";
		};
		5AF77F4914CFD98E000733E7 /* Images */ = {
			isa = PBXGroup;
			children = (
				5AC7B8C214D5565D00ECA754 /* stream-pen.png */,
				5AD3AC1C14D2A8A000C2B8A9 /* stream-location-middle.png */,
				5AD0A27D14D144280052B43F /* camera-back.png */,
				5AD0A27E14D144280052B43F /* camera-cameraroll.png */,
				5AD0A27F14D144280052B43F /* camera-flash.png */,
				5AD0A28014D144280052B43F /* camera-location.png */,
				5AD0A28114D144280052B43F /* camera-rotate.png */,
				5AD0A28214D144280052B43F /* camera-shutter.png */,
				5AD0A28314D144280052B43F /* stream-bar.png */,
				5AD0A28414D144280052B43F /* stream-camera.png */,
				5AD0A28514D144280052B43F /* stream-location.png */,
			);
			name = Images;
			sourceTree = "<group>";
		};
/* End PBXGroup section */

/* Begin PBXNativeTarget section */
		5A3A726F14C6949000ED25DE /* uSnap.us */ = {
			isa = PBXNativeTarget;
			buildConfigurationList = 5A3A729614C6949100ED25DE /* Build configuration list for PBXNativeTarget "uSnap.us" */;
			buildPhases = (
				5A3A726C14C6949000ED25DE /* Sources */,
				5A3A726D14C6949000ED25DE /* Frameworks */,
				5A3A726E14C6949000ED25DE /* Resources */,
			);
			buildRules = (
			);
			dependencies = (
				5AE87E2914C8132C00E16CCD /* PBXTargetDependency */,
			);
			name = uSnap.us;
			productName = uSnap;
			productReference = 5A3A727014C6949000ED25DE /* uSnap.us.app */;
			productType = "com.apple.product-type.application";
		};
/* End PBXNativeTarget section */

/* Begin PBXProject section */
		5A3A726714C6949000ED25DE /* Project object */ = {
			isa = PBXProject;
			attributes = {
				LastUpgradeCheck = 0420;
				ORGANIZATIONNAME = "uSnap.us Limited";
			};
			buildConfigurationList = 5A3A726A14C6949000ED25DE /* Build configuration list for PBXProject "uSnap.us" */;
			compatibilityVersion = "Xcode 3.2";
			developmentRegion = English;
			hasScannedForEncodings = 0;
			knownRegions = (
				en,
			);
			mainGroup = 5A3A726514C6949000ED25DE;
			productRefGroup = 5A3A727114C6949000ED25DE /* Products */;
			projectDirPath = "";
			projectReferences = (
				{
					ProductGroup = 5AE87DFD14C8129600E16CCD /* Products */;
					ProjectRef = 5AE87DFC14C8129600E16CCD /* SBJson.xcodeproj */;
				},
			);
			projectRoot = "";
			targets = (
				5A3A726F14C6949000ED25DE /* uSnap.us */,
			);
		};
/* End PBXProject section */

/* Begin PBXReferenceProxy section */
		5AE87E0714C8129600E16CCD /* SBJson.framework */ = {
			isa = PBXReferenceProxy;
			fileType = wrapper.framework;
			path = SBJson.framework;
			remoteRef = 5AE87E0614C8129600E16CCD /* PBXContainerItemProxy */;
			sourceTree = BUILT_PRODUCTS_DIR;
		};
		5AE87E0914C8129600E16CCD /* SBJsonTests.octest */ = {
			isa = PBXReferenceProxy;
			fileType = wrapper.cfbundle;
			path = SBJsonTests.octest;
			remoteRef = 5AE87E0814C8129600E16CCD /* PBXContainerItemProxy */;
			sourceTree = BUILT_PRODUCTS_DIR;
		};
		5AE87E0B14C8129600E16CCD /* libsbjson-ios.a */ = {
			isa = PBXReferenceProxy;
			fileType = archive.ar;
			path = "libsbjson-ios.a";
			remoteRef = 5AE87E0A14C8129600E16CCD /* PBXContainerItemProxy */;
			sourceTree = BUILT_PRODUCTS_DIR;
		};
		5AE87E0D14C8129600E16CCD /* sbjson-iosTests.octest */ = {
			isa = PBXReferenceProxy;
			fileType = wrapper.cfbundle;
			path = "sbjson-iosTests.octest";
			remoteRef = 5AE87E0C14C8129600E16CCD /* PBXContainerItemProxy */;
			sourceTree = BUILT_PRODUCTS_DIR;
		};
/* End PBXReferenceProxy section */

/* Begin PBXResourcesBuildPhase section */
		5A3A726E14C6949000ED25DE /* Resources */ = {
			isa = PBXResourcesBuildPhase;
			buildActionMask = 2147483647;
			files = (
				5A3A728114C6949000ED25DE /* InfoPlist.strings in Resources */,
				5A3A728A14C6949000ED25DE /* MainStoryboard.storyboard in Resources */,
				5A3A72A614C696EF00ED25DE /* iphone_retina_icon.png in Resources */,
				5AE87DE914C80A9C00E16CCD /* Bello-Script.ttf in Resources */,
				5AE87DEA14C80A9C00E16CCD /* Bello-ScriptLigatures.ttf in Resources */,
				5AE87DEB14C80A9C00E16CCD /* Bello-SmCp.ttf in Resources */,
				5AE87DEC14C80A9C00E16CCD /* Bello-WordsBody.ttf in Resources */,
				5AE87DEE14C80AA400E16CCD /* iphone_icon.png in Resources */,
				5AD0A28614D144280052B43F /* camera-back.png in Resources */,
				5AD0A28714D144280052B43F /* camera-cameraroll.png in Resources */,
				5AD0A28814D144280052B43F /* camera-flash.png in Resources */,
				5AD0A28914D144280052B43F /* camera-location.png in Resources */,
				5AD0A28A14D144280052B43F /* camera-rotate.png in Resources */,
				5AD0A28B14D144280052B43F /* camera-shutter.png in Resources */,
				5AD0A28C14D144280052B43F /* stream-bar.png in Resources */,
				5AD0A28D14D144280052B43F /* stream-camera.png in Resources */,
				5AD0A28E14D144280052B43F /* stream-location.png in Resources */,
				5AD3AC1D14D2A8A000C2B8A9 /* stream-location-middle.png in Resources */,
				5AC7B8C314D5565D00ECA754 /* stream-pen.png in Resources */,
			);
			runOnlyForDeploymentPostprocessing = 0;
		};
/* End PBXResourcesBuildPhase section */

/* Begin PBXSourcesBuildPhase section */
		5A3A726C14C6949000ED25DE /* Sources */ = {
			isa = PBXSourcesBuildPhase;
			buildActionMask = 2147483647;
			files = (
				5A3A728314C6949000ED25DE /* main.m in Sources */,
				5A3A728714C6949000ED25DE /* USTAppDelegate.m in Sources */,
				5A3A728D14C6949000ED25DE /* uSnap.xcdatamodeld in Sources */,
				5A3A729E14C6954300ED25DE /* CameraViewController.m in Sources */,
				5A3A72A114C6961300ED25DE /* SplashViewController.m in Sources */,
				5A3A72BC14C69C3C00ED25DE /* LocationHandler.m in Sources */,
				5A3A72BF14C69EA300ED25DE /* Picture.m in Sources */,
				5A6EB3C814C8B1C7001A80E2 /* UIImage+Alpha.m in Sources */,
				5A6EB3C914C8B1C7001A80E2 /* UIImage+Resize.m in Sources */,
				5A6EB3CA14C8B1C7001A80E2 /* UIImage+RoundedCorner.m in Sources */,
				5ABC018D14C96CA300292CA1 /* ASIAuthenticationDialog.m in Sources */,
				5ABC018E14C96CA300292CA1 /* ASIInputStream.m in Sources */,
				5ABC018F14C96CA300292CA1 /* ASIFormDataRequest.m in Sources */,
				5ABC019014C96CA300292CA1 /* ASIHTTPRequest.m in Sources */,
				5ABC019114C96CA300292CA1 /* ASINetworkQueue.m in Sources */,
				5ABC019214C96CA300292CA1 /* ASIDownloadCache.m in Sources */,
				5ABC019314C96CA300292CA1 /* ASIDataDecompressor.m in Sources */,
				5ABC019414C96CA300292CA1 /* ASIDataCompressor.m in Sources */,
				5ABC019614C96CA300292CA1 /* ASIS3Bucket.m in Sources */,
				5ABC019714C96CA300292CA1 /* ASIS3BucketRequest.m in Sources */,
				5ABC019814C96CA300292CA1 /* ASIS3ObjectRequest.m in Sources */,
				5ABC019914C96CA300292CA1 /* ASIS3ServiceRequest.m in Sources */,
				5ABC019A14C96CA300292CA1 /* ASIS3BucketObject.m in Sources */,
				5ABC019B14C96CA300292CA1 /* ASIS3Request.m in Sources */,
				5ABC019C14C96CA300292CA1 /* ASICloudFilesCDNRequest.m in Sources */,
				5ABC019D14C96CA300292CA1 /* ASICloudFilesContainer.m in Sources */,
				5ABC019E14C96CA300292CA1 /* ASICloudFilesContainerRequest.m in Sources */,
				5ABC019F14C96CA300292CA1 /* ASICloudFilesContainerXMLParserDelegate.m in Sources */,
				5ABC01A014C96CA300292CA1 /* ASICloudFilesObject.m in Sources */,
				5ABC01A114C96CA300292CA1 /* ASICloudFilesObjectRequest.m in Sources */,
				5ABC01A214C96CA300292CA1 /* ASICloudFilesRequest.m in Sources */,
				5ABC01B114C96CDC00292CA1 /* Reachability.m in Sources */,
				5A8971AC14C9789C00AAB2B4 /* TimelineViewController.m in Sources */,
				5A8971AF14C978F600AAB2B4 /* EventSettingsViewController.m in Sources */,
				5A8971B214C97A4400AAB2B4 /* SlideFromLeftSegue.m in Sources */,
				5AF77F0814CF4EF6000733E7 /* SlideFromRightSegue.m in Sources */,
				5AF77F6814CFF38E000733E7 /* FileUploadHandler.m in Sources */,
				5AF77F6B14CFF3A6000733E7 /* PictureUpload.m in Sources */,
				5AD0A29D14D148D10052B43F /* Event.m in Sources */,
				5AD0A2A014D15C9D0052B43F /* PhotoStreamCell.m in Sources */,
				5AC7B8C114D54C3300ECA754 /* CoolButton.m in Sources */,
			);
			runOnlyForDeploymentPostprocessing = 0;
		};
/* End PBXSourcesBuildPhase section */

/* Begin PBXTargetDependency section */
		5AE87E2914C8132C00E16CCD /* PBXTargetDependency */ = {
			isa = PBXTargetDependency;
			name = "sbjson-ios";
			targetProxy = 5AE87E2814C8132C00E16CCD /* PBXContainerItemProxy */;
		};
/* End PBXTargetDependency section */

/* Begin PBXVariantGroup section */
		5A3A727F14C6949000ED25DE /* InfoPlist.strings */ = {
			isa = PBXVariantGroup;
			children = (
				5A3A728014C6949000ED25DE /* en */,
			);
			name = InfoPlist.strings;
			sourceTree = "<group>";
		};
		5A3A728814C6949000ED25DE /* MainStoryboard.storyboard */ = {
			isa = PBXVariantGroup;
			children = (
				5A3A728914C6949000ED25DE /* en */,
			);
			name = MainStoryboard.storyboard;
			sourceTree = "<group>";
		};
/* End PBXVariantGroup section */

/* Begin XCBuildConfiguration section */
		5A3A729414C6949000ED25DE /* Debug */ = {
			isa = XCBuildConfiguration;
			buildSettings = {
				ALWAYS_SEARCH_USER_PATHS = NO;
				ARCHS = "$(ARCHS_STANDARD_32_BIT)";
				"CODE_SIGN_IDENTITY[sdk=iphoneos*]" = "iPhone Developer";
				COPY_PHASE_STRIP = NO;
				GCC_C_LANGUAGE_STANDARD = gnu99;
				GCC_DYNAMIC_NO_PIC = NO;
				GCC_OPTIMIZATION_LEVEL = 0;
				GCC_PREPROCESSOR_DEFINITIONS = (
					"DEBUG=1",
					"$(inherited)",
				);
				GCC_SYMBOLS_PRIVATE_EXTERN = NO;
				GCC_VERSION = com.apple.compilers.llvm.clang.1_0;
				GCC_WARN_ABOUT_MISSING_PROTOTYPES = YES;
				GCC_WARN_ABOUT_RETURN_TYPE = YES;
				GCC_WARN_UNUSED_VARIABLE = YES;
				IPHONEOS_DEPLOYMENT_TARGET = 5.0;
				SDKROOT = iphoneos;
			};
			name = Debug;
		};
		5A3A729514C6949000ED25DE /* Release */ = {
			isa = XCBuildConfiguration;
			buildSettings = {
				ALWAYS_SEARCH_USER_PATHS = NO;
				ARCHS = "$(ARCHS_STANDARD_32_BIT)";
				"CODE_SIGN_IDENTITY[sdk=iphoneos*]" = "iPhone Developer";
				COPY_PHASE_STRIP = YES;
				GCC_C_LANGUAGE_STANDARD = gnu99;
				GCC_VERSION = com.apple.compilers.llvm.clang.1_0;
				GCC_WARN_ABOUT_MISSING_PROTOTYPES = YES;
				GCC_WARN_ABOUT_RETURN_TYPE = YES;
				GCC_WARN_UNUSED_VARIABLE = YES;
				IPHONEOS_DEPLOYMENT_TARGET = 5.0;
				OTHER_CFLAGS = "-DNS_BLOCK_ASSERTIONS=1";
				SDKROOT = iphoneos;
				VALIDATE_PRODUCT = YES;
			};
			name = Release;
		};
		5A3A729714C6949100ED25DE /* Debug */ = {
			isa = XCBuildConfiguration;
			buildSettings = {
				GCC_PRECOMPILE_PREFIX_HEADER = YES;
				GCC_PREFIX_HEADER = "uSnap/uSnap.us-Prefix.pch";
				INFOPLIST_FILE = "uSnap/uSnap.us-Info.plist";
				OTHER_LDFLAGS = "-ObjC";
				PRODUCT_NAME = uSnap.us;
				WRAPPER_EXTENSION = app;
			};
			name = Debug;
		};
		5A3A729814C6949100ED25DE /* Release */ = {
			isa = XCBuildConfiguration;
			buildSettings = {
				GCC_PRECOMPILE_PREFIX_HEADER = YES;
				GCC_PREFIX_HEADER = "uSnap/uSnap.us-Prefix.pch";
				INFOPLIST_FILE = "uSnap/uSnap.us-Info.plist";
				OTHER_LDFLAGS = "-ObjC";
				PRODUCT_NAME = uSnap.us;
				WRAPPER_EXTENSION = app;
			};
			name = Release;
		};
/* End XCBuildConfiguration section */

/* Begin XCConfigurationList section */
		5A3A726A14C6949000ED25DE /* Build configuration list for PBXProject "uSnap.us" */ = {
			isa = XCConfigurationList;
			buildConfigurations = (
				5A3A729414C6949000ED25DE /* Debug */,
				5A3A729514C6949000ED25DE /* Release */,
			);
			defaultConfigurationIsVisible = 0;
			defaultConfigurationName = Release;
		};
		5A3A729614C6949100ED25DE /* Build configuration list for PBXNativeTarget "uSnap.us" */ = {
			isa = XCConfigurationList;
			buildConfigurations = (
				5A3A729714C6949100ED25DE /* Debug */,
				5A3A729814C6949100ED25DE /* Release */,
			);
			defaultConfigurationIsVisible = 0;
			defaultConfigurationName = Release;
		};
/* End XCConfigurationList section */

/* Begin XCVersionGroup section */
		5A3A728B14C6949000ED25DE /* uSnap.xcdatamodeld */ = {
			isa = XCVersionGroup;
			children = (
				5A3A728C14C6949000ED25DE /* uSnap.xcdatamodel */,
			);
			currentVersion = 5A3A728C14C6949000ED25DE /* uSnap.xcdatamodel */;
			path = uSnap.xcdatamodeld;
			sourceTree = "<group>";
			versionGroupType = wrapper.xcdatamodel;
		};
/* End XCVersionGroup section */
	};
	rootObject = 5A3A726714C6949000ED25DE /* Project object */;
}
